// !$*UTF8*$!
{
	archiveVersion = 1;
	classes = {
	};
	objectVersion = 56;
	objects = {

/* Begin PBXBuildFile section */
		1071C4671A4E39876A1F52B8 /* Pods_AnimalGestioneProject_AnimalGestioneProjectUITests.framework in Frameworks */ = {isa = PBXBuildFile; fileRef = 770E7537FA11EE6CDB7FB7A2 /* Pods_AnimalGestioneProject_AnimalGestioneProjectUITests.framework */; };
		28FE96182DD33AC400ECAE5B /* EnhancedContentView.swift in Sources */ = {isa = PBXBuildFile; fileRef = 28FE96002DD33AC400ECAE5B /* EnhancedContentView.swift */; };
		28FE96192DD33AC400ECAE5B /* NotificationManager.swift in Sources */ = {isa = PBXBuildFile; fileRef = 28FE95DF2DD33AC400ECAE5B /* NotificationManager.swift */; };
		28FE961A2DD33AC400ECAE5B /* AnimalGestione.xcdatamodeld in Sources */ = {isa = PBXBuildFile; fileRef = 28FE95C52DD33AC400ECAE5B /* AnimalGestione.xcdatamodeld */; };
		28FE961B2DD33AC400ECAE5B /* SupportURLView.swift in Sources */ = {isa = PBXBuildFile; fileRef = 28FE96122DD33AC400ECAE5B /* SupportURLView.swift */; };
		28FE961C2DD33AC400ECAE5B /* AppIconGenerator.swift in Sources */ = {isa = PBXBuildFile; fileRef = 28FE95BF2DD33AC400ECAE5B /* AppIconGenerator.swift */; };
		28FE961D2DD33AC400ECAE5B /* PrivacyPolicyURLView.swift in Sources */ = {isa = PBXBuildFile; fileRef = 28FE960C2DD33AC400ECAE5B /* PrivacyPolicyURLView.swift */; };
		28FE961E2DD33AC400ECAE5B /* AddAnimalView.swift in Sources */ = {isa = PBXBuildFile; fileRef = 28FE95F82DD33AC400ECAE5B /* AddAnimalView.swift */; };
		28FE961F2DD33AC400ECAE5B /* HealthChartView.swift in Sources */ = {isa = PBXBuildFile; fileRef = 28FE96032DD33AC400ECAE5B /* HealthChartView.swift */; };
		28FE96202DD33AC400ECAE5B /* GroomingRecordView.swift in Sources */ = {isa = PBXBuildFile; fileRef = 28FE96022DD33AC400ECAE5B /* GroomingRecordView.swift */; };
		28FE96212DD33AC400ECAE5B /* URLProvider.swift in Sources */ = {isa = PBXBuildFile; fileRef = 28FE95C32DD33AC400ECAE5B /* URLProvider.swift */; };
		28FE96222DD33AC400ECAE5B /* RewardedFeatureView.swift in Sources */ = {isa = PBXBuildFile; fileRef = 28FE95F02DD33AC400ECAE5B /* RewardedFeatureView.swift */; };
		28FE96232DD33AC400ECAE5B /* AnimalModel+CoreData.swift in Sources */ = {isa = PBXBuildFile; fileRef = 28FE95D72DD33AC400ECAE5B /* AnimalModel+CoreData.swift */; };
		28FE96242DD33AC400ECAE5B /* PremiumSubscriptionView.swift in Sources */ = {isa = PBXBuildFile; fileRef = 28FE960A2DD33AC400ECAE5B /* PremiumSubscriptionView.swift */; };
		28FE96252DD33AC400ECAE5B /* VaccineRecordView.swift in Sources */ = {isa = PBXBuildFile; fileRef = 28FE96142DD33AC400ECAE5B /* VaccineRecordView.swift */; };
		28FE96262DD33AC400ECAE5B /* IntegratedSupportView.swift in Sources */ = {isa = PBXBuildFile; fileRef = 28FE96072DD33AC400ECAE5B /* IntegratedSupportView.swift */; };
		28FE96272DD33AC400ECAE5B /* EnhancedCalendarView.swift in Sources */ = {isa = PBXBuildFile; fileRef = 28FE95FF2DD33AC400ECAE5B /* EnhancedCalendarView.swift */; };
		28FE96282DD33AC400ECAE5B /* ImagePicker.swift in Sources */ = {isa = PBXBuildFile; fileRef = 28FE96052DD33AC400ECAE5B /* ImagePicker.swift */; };
		28FE96292DD33AC400ECAE5B /* CSVDataExportManager.swift in Sources */ = {isa = PBXBuildFile; fileRef = 28FE95CA2DD33AC400ECAE5B /* CSVDataExportManager.swift */; };
		28FE962A2DD33AC400ECAE5B /* InlinePrivacyViews.swift in Sources */ = {isa = PBXBuildFile; fileRef = 28FE96062DD33AC400ECAE5B /* InlinePrivacyViews.swift */; };
		28FE962B2DD33AC400ECAE5B /* EditAnimalView.swift in Sources */ = {isa = PBXBuildFile; fileRef = 28FE95FC2DD33AC400ECAE5B /* EditAnimalView.swift */; };
		28FE962C2DD33AC400ECAE5B /* EnhancedAnimalListView.swift in Sources */ = {isa = PBXBuildFile; fileRef = 28FE95FE2DD33AC400ECAE5B /* EnhancedAnimalListView.swift */; };
		28FE962D2DD33AC400ECAE5B /* EmbeddedPrivacyPolicyView.swift in Sources */ = {isa = PBXBuildFile; fileRef = 28FE95FD2DD33AC400ECAE5B /* EmbeddedPrivacyPolicyView.swift */; };
		28FE962E2DD33AC400ECAE5B /* PremiumHealthCheckView.swift in Sources */ = {isa = PBXBuildFile; fileRef = 28FE96092DD33AC400ECAE5B /* PremiumHealthCheckView.swift */; };
		28FE962F2DD33AC400ECAE5B /* SimplePrivacyConsent.swift in Sources */ = {isa = PBXBuildFile; fileRef = 28FE96102DD33AC400ECAE5B /* SimplePrivacyConsent.swift */; };
		28FE96302DD33AC400ECAE5B /* AdManager.swift in Sources */ = {isa = PBXBuildFile; fileRef = 28FE95EB2DD33AC400ECAE5B /* AdManager.swift */; };
		28FE96312DD33AC400ECAE5B /* BannerAdView.swift in Sources */ = {isa = PBXBuildFile; fileRef = 28FE95EC2DD33AC400ECAE5B /* BannerAdView.swift */; };
		28FE96322DD33AC400ECAE5B /* SettingsView.swift in Sources */ = {isa = PBXBuildFile; fileRef = 28FE960F2DD33AC400ECAE5B /* SettingsView.swift */; };
		28FE96332DD33AC400ECAE5B /* AdContainerView.swift in Sources */ = {isa = PBXBuildFile; fileRef = 28FE95EA2DD33AC400ECAE5B /* AdContainerView.swift */; };
		28FE96342DD33AC400ECAE5B /* AppIconExporter.swift in Sources */ = {isa = PBXBuildFile; fileRef = 28FE95BE2DD33AC400ECAE5B /* AppIconExporter.swift */; };
		28FE96352DD33AC400ECAE5B /* SubscriptionManager.swift in Sources */ = {isa = PBXBuildFile; fileRef = 28FE95E52DD33AC400ECAE5B /* SubscriptionManager.swift */; };
		28FE96362DD33AC400ECAE5B /* AdConfig.swift in Sources */ = {isa = PBXBuildFile; fileRef = 28FE95C12DD33AC400ECAE5B /* AdConfig.swift */; };
		28FE96372DD33AC400ECAE5B /* FAQViews.swift in Sources */ = {isa = PBXBuildFile; fileRef = 28FE95F52DD33AC400ECAE5B /* FAQViews.swift */; };
		28FE96382DD33AC400ECAE5B /* CoreDataStore.swift in Sources */ = {isa = PBXBuildFile; fileRef = 28FE95C62DD33AC400ECAE5B /* CoreDataStore.swift */; };
		28FE96392DD33AC400ECAE5B /* SubscriptionProduct.swift in Sources */ = {isa = PBXBuildFile; fileRef = 28FE95E62DD33AC400ECAE5B /* SubscriptionProduct.swift */; };
		28FE963A2DD33AC400ECAE5B /* NotificationsListView.swift in Sources */ = {isa = PBXBuildFile; fileRef = 28FE95E02DD33AC400ECAE5B /* NotificationsListView.swift */; };
		28FE963B2DD33AC400ECAE5B /* Color+Extensions.swift in Sources */ = {isa = PBXBuildFile; fileRef = 28FE95D22DD33AC400ECAE5B /* Color+Extensions.swift */; };
		28FE963C2DD33AC400ECAE5B /* VaccineRecord.swift in Sources */ = {isa = PBXBuildFile; fileRef = 28FE95DC2DD33AC400ECAE5B /* VaccineRecord.swift */; };
		28FE963D2DD33AC400ECAE5B /* AppDelegate.swift in Sources */ = {isa = PBXBuildFile; fileRef = 28FE95BD2DD33AC400ECAE5B /* AppDelegate.swift */; };
		28FE963E2DD33AC400ECAE5B /* GroomingRecord.swift in Sources */ = {isa = PBXBuildFile; fileRef = 28FE95D92DD33AC400ECAE5B /* GroomingRecord.swift */; };
		28FE963F2DD33AC400ECAE5B /* WeightRecordView.swift in Sources */ = {isa = PBXBuildFile; fileRef = 28FE96152DD33AC400ECAE5B /* WeightRecordView.swift */; };
		28FE96402DD33AC400ECAE5B /* EnhancedHomeView.swift in Sources */ = {isa = PBXBuildFile; fileRef = 28FE96012DD33AC400ECAE5B /* EnhancedHomeView.swift */; };
		28FE96412DD33AC400ECAE5B /* CSVExportView.swift in Sources */ = {isa = PBXBuildFile; fileRef = 28FE95CB2DD33AC400ECAE5B /* CSVExportView.swift */; };
		28FE96422DD33AC400ECAE5B /* AnimalGestioneProjectApp.swift in Sources */ = {isa = PBXBuildFile; fileRef = 28FE95BC2DD33AC400ECAE5B /* AnimalGestioneProjectApp.swift */; };
		28FE96432DD33AC400ECAE5B /* SearchBar.swift in Sources */ = {isa = PBXBuildFile; fileRef = 28FE95F22DD33AC400ECAE5B /* SearchBar.swift */; };
		28FE96442DD33AC400ECAE5B /* RewardedAdManager.swift in Sources */ = {isa = PBXBuildFile; fileRef = 28FE95EF2DD33AC400ECAE5B /* RewardedAdManager.swift */; };
		28FE96452DD33AC400ECAE5B /* HealthRecordView.swift in Sources */ = {isa = PBXBuildFile; fileRef = 28FE96042DD33AC400ECAE5B /* HealthRecordView.swift */; };
		28FE96462DD33AC400ECAE5B /* PhysiologicalCycleView.swift in Sources */ = {isa = PBXBuildFile; fileRef = 28FE96082DD33AC400ECAE5B /* PhysiologicalCycleView.swift */; };
		28FE96472DD33AC400ECAE5B /* DataManagementView.swift in Sources */ = {isa = PBXBuildFile; fileRef = 28FE95CD2DD33AC400ECAE5B /* DataManagementView.swift */; };
		28FE96482DD33AC400ECAE5B /* DebugDataExport.swift in Sources */ = {isa = PBXBuildFile; fileRef = 28FE95CE2DD33AC400ECAE5B /* DebugDataExport.swift */; };
		28FE96492DD33AC400ECAE5B /* OtherRecord.swift in Sources */ = {isa = PBXBuildFile; fileRef = 28FE95DB2DD33AC400ECAE5B /* OtherRecord.swift */; };
		28FE964A2DD33AC400ECAE5B /* SupportView.swift in Sources */ = {isa = PBXBuildFile; fileRef = 28FE96132DD33AC400ECAE5B /* SupportView.swift */; };
		28FE964B2DD33AC400ECAE5B /* PersistenceController.swift in Sources */ = {isa = PBXBuildFile; fileRef = 28FE95C82DD33AC400ECAE5B /* PersistenceController.swift */; };
		28FE964C2DD33AC400ECAE5B /* InAppPurchaseManager.swift in Sources */ = {isa = PBXBuildFile; fileRef = 28FE95E42DD33AC400ECAE5B /* InAppPurchaseManager.swift */; };
		28FE964D2DD33AC400ECAE5B /* AnimalDetailView+ColorPicker.swift in Sources */ = {isa = PBXBuildFile; fileRef = 28FE95FA2DD33AC400ECAE5B /* AnimalDetailView+ColorPicker.swift */; };
		28FE964E2DD33AC400ECAE5B /* CoreDataStore+Records.swift in Sources */ = {isa = PBXBuildFile; fileRef = 28FE95C72DD33AC400ECAE5B /* CoreDataStore+Records.swift */; };
		28FE964F2DD33AC400ECAE5B /* PremiumPurchaseView.swift in Sources */ = {isa = PBXBuildFile; fileRef = 28FE95EE2DD33AC400ECAE5B /* PremiumPurchaseView.swift */; };
		28FE96502DD33AC400ECAE5B /* GuideDetailView.swift in Sources */ = {isa = PBXBuildFile; fileRef = 28FE95F62DD33AC400ECAE5B /* GuideDetailView.swift */; };
		28FE96512DD33AC400ECAE5B /* InterstitialAdManager.swift in Sources */ = {isa = PBXBuildFile; fileRef = 28FE95ED2DD33AC400ECAE5B /* InterstitialAdManager.swift */; };
		28FE96522DD33AC400ECAE5B /* MedicationRecord.swift in Sources */ = {isa = PBXBuildFile; fileRef = 28FE95DA2DD33AC400ECAE5B /* MedicationRecord.swift */; };
		28FE96532DD33AC400ECAE5B /* ColorPickerView.swift in Sources */ = {isa = PBXBuildFile; fileRef = 28FE95FB2DD33AC400ECAE5B /* ColorPickerView.swift */; };
		28FE96542DD33AC400ECAE5B /* ContactViews.swift in Sources */ = {isa = PBXBuildFile; fileRef = 28FE95F42DD33AC400ECAE5B /* ContactViews.swift */; };
		28FE96552DD33AC400ECAE5B /* CheckupRecord.swift in Sources */ = {isa = PBXBuildFile; fileRef = 28FE95D82DD33AC400ECAE5B /* CheckupRecord.swift */; };
		28FE96562DD33AC400ECAE5B /* PrivacyPolicyView.swift in Sources */ = {isa = PBXBuildFile; fileRef = 28FE960D2DD33AC400ECAE5B /* PrivacyPolicyView.swift */; };
		28FE96572DD33AC400ECAE5B /* WeightRecord.swift in Sources */ = {isa = PBXBuildFile; fileRef = 28FE95DD2DD33AC400ECAE5B /* WeightRecord.swift */; };
		28FE96582DD33AC400ECAE5B /* AnimalModel.swift in Sources */ = {isa = PBXBuildFile; fileRef = 28FE95D62DD33AC400ECAE5B /* AnimalModel.swift */; };
		28FE96592DD33AC400ECAE5B /* PrivacyPolicyConsentView.swift in Sources */ = {isa = PBXBuildFile; fileRef = 28FE960B2DD33AC400ECAE5B /* PrivacyPolicyConsentView.swift */; };
		28FE965A2DD33AC400ECAE5B /* AppSetupManager.swift in Sources */ = {isa = PBXBuildFile; fileRef = 28FE95C22DD33AC400ECAE5B /* AppSetupManager.swift */; };
		28FE965B2DD33AC400ECAE5B /* AnimalDetailView.swift in Sources */ = {isa = PBXBuildFile; fileRef = 28FE95F92DD33AC400ECAE5B /* AnimalDetailView.swift */; };
		28FE965C2DD33AC400ECAE5B /* ScheduleEditView.swift in Sources */ = {isa = PBXBuildFile; fileRef = 28FE960E2DD33AC400ECAE5B /* ScheduleEditView.swift */; };
		28FE965D2DD33AC400ECAE5B /* DataExportImportManager.swift in Sources */ = {isa = PBXBuildFile; fileRef = 28FE95CC2DD33AC400ECAE5B /* DataExportImportManager.swift */; };
		28FE965E2DD33AC400ECAE5B /* AnimalDataStore.swift in Sources */ = {isa = PBXBuildFile; fileRef = 28FE95D02DD33AC400ECAE5B /* AnimalDataStore.swift */; };
		28FE965F2DD33AC400ECAE5B /* SplashScreen.swift in Sources */ = {isa = PBXBuildFile; fileRef = 28FE96112DD33AC400ECAE5B /* SplashScreen.swift */; };
		28FE96602DD33AC400ECAE5B /* Assets.xcassets in Resources */ = {isa = PBXBuildFile; fileRef = 28FE95C02DD33AC400ECAE5B /* Assets.xcassets */; };
		28FE96622DD33AC400ECAE5B /* StoreKitTestConfiguration.storekit in Resources */ = {isa = PBXBuildFile; fileRef = 28FE95E82DD33AC400ECAE5B /* StoreKitTestConfiguration.storekit */; };
		28FE96632DD33AC400ECAE5B /* Preview Assets.xcassets in Resources */ = {isa = PBXBuildFile; fileRef = 28FE95E22DD33AC400ECAE5B /* Preview Assets.xcassets */; };
		28FE96642DD33AC400ECAE5B /* get-pip.py in Resources */ = {isa = PBXBuildFile; fileRef = 28FE95D42DD33AC400ECAE5B /* get-pip.py */; };
		8712323F743F7D608F65A1D4 /* Pods_AnimalGestioneProjectTests.framework in Frameworks */ = {isa = PBXBuildFile; fileRef = 86A339245298984A3ED5E817 /* Pods_AnimalGestioneProjectTests.framework */; };
		C3CD51E73871342D3429AF85 /* Pods_AnimalGestioneProject.framework in Frameworks */ = {isa = PBXBuildFile; fileRef = FF413571F0460F9FA2800BC0 /* Pods_AnimalGestioneProject.framework */; };
/* End PBXBuildFile section */

/* Begin PBXContainerItemProxy section */
		28FD31E22BB733BE005D407E /* PBXContainerItemProxy */ = {
			isa = PBXContainerItemProxy;
			containerPortal = 28FD31C92BB733BD005D407E /* Project object */;
			proxyType = 1;
			remoteGlobalIDString = 28FD31D02BB733BD005D407E;
			remoteInfo = AnimalGestioneProject;
		};
		28FD31EC2BB733BE005D407E /* PBXContainerItemProxy */ = {
			isa = PBXContainerItemProxy;
			containerPortal = 28FD31C92BB733BD005D407E /* Project object */;
			proxyType = 1;
			remoteGlobalIDString = 28FD31D02BB733BD005D407E;
			remoteInfo = AnimalGestioneProject;
		};
/* End PBXContainerItemProxy section */

/* Begin PBXFileReference section */
		2824B7852DCF368900625889 /* AnimalGestioneProject.app */ = {isa = PBXFileReference; explicitFileType = wrapper.application; includeInIndex = 0; path = AnimalGestioneProject.app; sourceTree = BUILT_PRODUCTS_DIR; };
		2824B7862DCF368900625889 /* AnimalGestioneProjectTests.xctest */ = {isa = PBXFileReference; explicitFileType = wrapper.cfbundle; includeInIndex = 0; path = AnimalGestioneProjectTests.xctest; sourceTree = BUILT_PRODUCTS_DIR; };
		2824B7872DCF368900625889 /* AnimalGestioneProjectUITests.xctest */ = {isa = PBXFileReference; explicitFileType = wrapper.cfbundle; includeInIndex = 0; path = AnimalGestioneProjectUITests.xctest; sourceTree = BUILT_PRODUCTS_DIR; };
		28FE95BC2DD33AC400ECAE5B /* AnimalGestioneProjectApp.swift */ = {isa = PBXFileReference; lastKnownFileType = sourcecode.swift; path = AnimalGestioneProjectApp.swift; sourceTree = "<group>"; };
		28FE95BD2DD33AC400ECAE5B /* AppDelegate.swift */ = {isa = PBXFileReference; lastKnownFileType = sourcecode.swift; path = AppDelegate.swift; sourceTree = "<group>"; };
		28FE95BE2DD33AC400ECAE5B /* AppIconExporter.swift */ = {isa = PBXFileReference; lastKnownFileType = sourcecode.swift; path = AppIconExporter.swift; sourceTree = "<group>"; };
		28FE95BF2DD33AC400ECAE5B /* AppIconGenerator.swift */ = {isa = PBXFileReference; lastKnownFileType = sourcecode.swift; path = AppIconGenerator.swift; sourceTree = "<group>"; };
		28FE95C02DD33AC400ECAE5B /* Assets.xcassets */ = {isa = PBXFileReference; lastKnownFileType = folder.assetcatalog; path = Assets.xcassets; sourceTree = "<group>"; };
		28FE95C12DD33AC400ECAE5B /* AdConfig.swift */ = {isa = PBXFileReference; lastKnownFileType = sourcecode.swift; path = AdConfig.swift; sourceTree = "<group>"; };
		28FE95C22DD33AC400ECAE5B /* AppSetupManager.swift */ = {isa = PBXFileReference; lastKnownFileType = sourcecode.swift; path = AppSetupManager.swift; sourceTree = "<group>"; };
		28FE95C32DD33AC400ECAE5B /* URLProvider.swift */ = {isa = PBXFileReference; lastKnownFileType = sourcecode.swift; path = URLProvider.swift; sourceTree = "<group>"; };
		28FE95C62DD33AC400ECAE5B /* CoreDataStore.swift */ = {isa = PBXFileReference; lastKnownFileType = sourcecode.swift; path = CoreDataStore.swift; sourceTree = "<group>"; };
		28FE95C72DD33AC400ECAE5B /* CoreDataStore+Records.swift */ = {isa = PBXFileReference; lastKnownFileType = sourcecode.swift; path = "CoreDataStore+Records.swift"; sourceTree = "<group>"; };
		28FE95C82DD33AC400ECAE5B /* PersistenceController.swift */ = {isa = PBXFileReference; lastKnownFileType = sourcecode.swift; path = PersistenceController.swift; sourceTree = "<group>"; };
		28FE95CA2DD33AC400ECAE5B /* CSVDataExportManager.swift */ = {isa = PBXFileReference; lastKnownFileType = sourcecode.swift; path = CSVDataExportManager.swift; sourceTree = "<group>"; };
		28FE95CB2DD33AC400ECAE5B /* CSVExportView.swift */ = {isa = PBXFileReference; lastKnownFileType = sourcecode.swift; path = CSVExportView.swift; sourceTree = "<group>"; };
		28FE95CC2DD33AC400ECAE5B /* DataExportImportManager.swift */ = {isa = PBXFileReference; lastKnownFileType = sourcecode.swift; path = DataExportImportManager.swift; sourceTree = "<group>"; };
		28FE95CD2DD33AC400ECAE5B /* DataManagementView.swift */ = {isa = PBXFileReference; lastKnownFileType = sourcecode.swift; path = DataManagementView.swift; sourceTree = "<group>"; };
		28FE95CE2DD33AC400ECAE5B /* DebugDataExport.swift */ = {isa = PBXFileReference; lastKnownFileType = sourcecode.swift; path = DebugDataExport.swift; sourceTree = "<group>"; };
		28FE95D02DD33AC400ECAE5B /* AnimalDataStore.swift */ = {isa = PBXFileReference; lastKnownFileType = sourcecode.swift; path = AnimalDataStore.swift; sourceTree = "<group>"; };
		28FE95D22DD33AC400ECAE5B /* Color+Extensions.swift */ = {isa = PBXFileReference; lastKnownFileType = sourcecode.swift; path = "Color+Extensions.swift"; sourceTree = "<group>"; };
		28FE95D42DD33AC400ECAE5B /* get-pip.py */ = {isa = PBXFileReference; lastKnownFileType = text.script.python; path = "get-pip.py"; sourceTree = "<group>"; };
		28FE95D52DD33AC400ECAE5B /* Info.plist */ = {isa = PBXFileReference; lastKnownFileType = text.plist.xml; path = Info.plist; sourceTree = "<group>"; };
		28FE95D62DD33AC400ECAE5B /* AnimalModel.swift */ = {isa = PBXFileReference; lastKnownFileType = sourcecode.swift; path = AnimalModel.swift; sourceTree = "<group>"; };
		28FE95D72DD33AC400ECAE5B /* AnimalModel+CoreData.swift */ = {isa = PBXFileReference; lastKnownFileType = sourcecode.swift; path = "AnimalModel+CoreData.swift"; sourceTree = "<group>"; };
		28FE95D82DD33AC400ECAE5B /* CheckupRecord.swift */ = {isa = PBXFileReference; lastKnownFileType = sourcecode.swift; path = CheckupRecord.swift; sourceTree = "<group>"; };
		28FE95D92DD33AC400ECAE5B /* GroomingRecord.swift */ = {isa = PBXFileReference; lastKnownFileType = sourcecode.swift; path = GroomingRecord.swift; sourceTree = "<group>"; };
		28FE95DA2DD33AC400ECAE5B /* MedicationRecord.swift */ = {isa = PBXFileReference; lastKnownFileType = sourcecode.swift; path = MedicationRecord.swift; sourceTree = "<group>"; };
		28FE95DB2DD33AC400ECAE5B /* OtherRecord.swift */ = {isa = PBXFileReference; lastKnownFileType = sourcecode.swift; path = OtherRecord.swift; sourceTree = "<group>"; };
		28FE95DC2DD33AC400ECAE5B /* VaccineRecord.swift */ = {isa = PBXFileReference; lastKnownFileType = sourcecode.swift; path = VaccineRecord.swift; sourceTree = "<group>"; };
		28FE95DD2DD33AC400ECAE5B /* WeightRecord.swift */ = {isa = PBXFileReference; lastKnownFileType = sourcecode.swift; path = WeightRecord.swift; sourceTree = "<group>"; };
		28FE95DF2DD33AC400ECAE5B /* NotificationManager.swift */ = {isa = PBXFileReference; lastKnownFileType = sourcecode.swift; path = NotificationManager.swift; sourceTree = "<group>"; };
		28FE95E02DD33AC400ECAE5B /* NotificationsListView.swift */ = {isa = PBXFileReference; lastKnownFileType = sourcecode.swift; path = NotificationsListView.swift; sourceTree = "<group>"; };
		28FE95E22DD33AC400ECAE5B /* Preview Assets.xcassets */ = {isa = PBXFileReference; lastKnownFileType = folder.assetcatalog; path = "Preview Assets.xcassets"; sourceTree = "<group>"; };
		28FE95E42DD33AC400ECAE5B /* InAppPurchaseManager.swift */ = {isa = PBXFileReference; lastKnownFileType = sourcecode.swift; path = InAppPurchaseManager.swift; sourceTree = "<group>"; };
		28FE95E52DD33AC400ECAE5B /* SubscriptionManager.swift */ = {isa = PBXFileReference; lastKnownFileType = sourcecode.swift; path = SubscriptionManager.swift; sourceTree = "<group>"; };
		28FE95E62DD33AC400ECAE5B /* SubscriptionProduct.swift */ = {isa = PBXFileReference; lastKnownFileType = sourcecode.swift; path = SubscriptionProduct.swift; sourceTree = "<group>"; };
		28FE95E82DD33AC400ECAE5B /* StoreKitTestConfiguration.storekit */ = {isa = PBXFileReference; lastKnownFileType = text; path = StoreKitTestConfiguration.storekit; sourceTree = "<group>"; };
		28FE95EA2DD33AC400ECAE5B /* AdContainerView.swift */ = {isa = PBXFileReference; lastKnownFileType = sourcecode.swift; path = AdContainerView.swift; sourceTree = "<group>"; };
		28FE95EB2DD33AC400ECAE5B /* AdManager.swift */ = {isa = PBXFileReference; lastKnownFileType = sourcecode.swift; path = AdManager.swift; sourceTree = "<group>"; };
		28FE95EC2DD33AC400ECAE5B /* BannerAdView.swift */ = {isa = PBXFileReference; lastKnownFileType = sourcecode.swift; path = BannerAdView.swift; sourceTree = "<group>"; };
		28FE95ED2DD33AC400ECAE5B /* InterstitialAdManager.swift */ = {isa = PBXFileReference; lastKnownFileType = sourcecode.swift; path = InterstitialAdManager.swift; sourceTree = "<group>"; };
		28FE95EE2DD33AC400ECAE5B /* PremiumPurchaseView.swift */ = {isa = PBXFileReference; lastKnownFileType = sourcecode.swift; path = PremiumPurchaseView.swift; sourceTree = "<group>"; };
		28FE95EF2DD33AC400ECAE5B /* RewardedAdManager.swift */ = {isa = PBXFileReference; lastKnownFileType = sourcecode.swift; path = RewardedAdManager.swift; sourceTree = "<group>"; };
		28FE95F02DD33AC400ECAE5B /* RewardedFeatureView.swift */ = {isa = PBXFileReference; lastKnownFileType = sourcecode.swift; path = RewardedFeatureView.swift; sourceTree = "<group>"; };
		28FE95F22DD33AC400ECAE5B /* SearchBar.swift */ = {isa = PBXFileReference; lastKnownFileType = sourcecode.swift; path = SearchBar.swift; sourceTree = "<group>"; };
		28FE95F42DD33AC400ECAE5B /* ContactViews.swift */ = {isa = PBXFileReference; lastKnownFileType = sourcecode.swift; path = ContactViews.swift; sourceTree = "<group>"; };
		28FE95F52DD33AC400ECAE5B /* FAQViews.swift */ = {isa = PBXFileReference; lastKnownFileType = sourcecode.swift; path = FAQViews.swift; sourceTree = "<group>"; };
		28FE95F62DD33AC400ECAE5B /* GuideDetailView.swift */ = {isa = PBXFileReference; lastKnownFileType = sourcecode.swift; path = GuideDetailView.swift; sourceTree = "<group>"; };
		28FE95F82DD33AC400ECAE5B /* AddAnimalView.swift */ = {isa = PBXFileReference; lastKnownFileType = sourcecode.swift; path = AddAnimalView.swift; sourceTree = "<group>"; };
		28FE95F92DD33AC400ECAE5B /* AnimalDetailView.swift */ = {isa = PBXFileReference; lastKnownFileType = sourcecode.swift; path = AnimalDetailView.swift; sourceTree = "<group>"; };
		28FE95FA2DD33AC400ECAE5B /* AnimalDetailView+ColorPicker.swift */ = {isa = PBXFileReference; lastKnownFileType = sourcecode.swift; path = "AnimalDetailView+ColorPicker.swift"; sourceTree = "<group>"; };
		28FE95FB2DD33AC400ECAE5B /* ColorPickerView.swift */ = {isa = PBXFileReference; lastKnownFileType = sourcecode.swift; path = ColorPickerView.swift; sourceTree = "<group>"; };
		28FE95FC2DD33AC400ECAE5B /* EditAnimalView.swift */ = {isa = PBXFileReference; lastKnownFileType = sourcecode.swift; path = EditAnimalView.swift; sourceTree = "<group>"; };
		28FE95FD2DD33AC400ECAE5B /* EmbeddedPrivacyPolicyView.swift */ = {isa = PBXFileReference; lastKnownFileType = sourcecode.swift; path = EmbeddedPrivacyPolicyView.swift; sourceTree = "<group>"; };
		28FE95FE2DD33AC400ECAE5B /* EnhancedAnimalListView.swift */ = {isa = PBXFileReference; lastKnownFileType = sourcecode.swift; path = EnhancedAnimalListView.swift; sourceTree = "<group>"; };
		28FE95FF2DD33AC400ECAE5B /* EnhancedCalendarView.swift */ = {isa = PBXFileReference; lastKnownFileType = sourcecode.swift; path = EnhancedCalendarView.swift; sourceTree = "<group>"; };
		28FE96002DD33AC400ECAE5B /* EnhancedContentView.swift */ = {isa = PBXFileReference; lastKnownFileType = sourcecode.swift; path = EnhancedContentView.swift; sourceTree = "<group>"; };
		28FE96012DD33AC400ECAE5B /* EnhancedHomeView.swift */ = {isa = PBXFileReference; lastKnownFileType = sourcecode.swift; path = EnhancedHomeView.swift; sourceTree = "<group>"; };
		28FE96022DD33AC400ECAE5B /* GroomingRecordView.swift */ = {isa = PBXFileReference; lastKnownFileType = sourcecode.swift; path = GroomingRecordView.swift; sourceTree = "<group>"; };
		28FE96032DD33AC400ECAE5B /* HealthChartView.swift */ = {isa = PBXFileReference; lastKnownFileType = sourcecode.swift; path = HealthChartView.swift; sourceTree = "<group>"; };
		28FE96042DD33AC400ECAE5B /* HealthRecordView.swift */ = {isa = PBXFileReference; lastKnownFileType = sourcecode.swift; path = HealthRecordView.swift; sourceTree = "<group>"; };
		28FE96052DD33AC400ECAE5B /* ImagePicker.swift */ = {isa = PBXFileReference; lastKnownFileType = sourcecode.swift; path = ImagePicker.swift; sourceTree = "<group>"; };
		28FE96062DD33AC400ECAE5B /* InlinePrivacyViews.swift */ = {isa = PBXFileReference; lastKnownFileType = sourcecode.swift; path = InlinePrivacyViews.swift; sourceTree = "<group>"; };
		28FE96072DD33AC400ECAE5B /* IntegratedSupportView.swift */ = {isa = PBXFileReference; lastKnownFileType = sourcecode.swift; path = IntegratedSupportView.swift; sourceTree = "<group>"; };
		28FE96082DD33AC400ECAE5B /* PhysiologicalCycleView.swift */ = {isa = PBXFileReference; lastKnownFileType = sourcecode.swift; path = PhysiologicalCycleView.swift; sourceTree = "<group>"; };
		28FE96092DD33AC400ECAE5B /* PremiumHealthCheckView.swift */ = {isa = PBXFileReference; lastKnownFileType = sourcecode.swift; path = PremiumHealthCheckView.swift; sourceTree = "<group>"; };
		28FE960A2DD33AC400ECAE5B /* PremiumSubscriptionView.swift */ = {isa = PBXFileReference; lastKnownFileType = sourcecode.swift; path = PremiumSubscriptionView.swift; sourceTree = "<group>"; };
		28FE960B2DD33AC400ECAE5B /* PrivacyPolicyConsentView.swift */ = {isa = PBXFileReference; lastKnownFileType = sourcecode.swift; path = PrivacyPolicyConsentView.swift; sourceTree = "<group>"; };
		28FE960C2DD33AC400ECAE5B /* PrivacyPolicyURLView.swift */ = {isa = PBXFileReference; lastKnownFileType = sourcecode.swift; path = PrivacyPolicyURLView.swift; sourceTree = "<group>"; };
		28FE960D2DD33AC400ECAE5B /* PrivacyPolicyView.swift */ = {isa = PBXFileReference; lastKnownFileType = sourcecode.swift; path = PrivacyPolicyView.swift; sourceTree = "<group>"; };
		28FE960E2DD33AC400ECAE5B /* ScheduleEditView.swift */ = {isa = PBXFileReference; lastKnownFileType = sourcecode.swift; path = ScheduleEditView.swift; sourceTree = "<group>"; };
		28FE960F2DD33AC400ECAE5B /* SettingsView.swift */ = {isa = PBXFileReference; lastKnownFileType = sourcecode.swift; path = SettingsView.swift; sourceTree = "<group>"; };
		28FE96102DD33AC400ECAE5B /* SimplePrivacyConsent.swift */ = {isa = PBXFileReference; lastKnownFileType = sourcecode.swift; path = SimplePrivacyConsent.swift; sourceTree = "<group>"; };
		28FE96112DD33AC400ECAE5B /* SplashScreen.swift */ = {isa = PBXFileReference; lastKnownFileType = sourcecode.swift; path = SplashScreen.swift; sourceTree = "<group>"; };
		28FE96122DD33AC400ECAE5B /* SupportURLView.swift */ = {isa = PBXFileReference; lastKnownFileType = sourcecode.swift; path = SupportURLView.swift; sourceTree = "<group>"; };
		28FE96132DD33AC400ECAE5B /* SupportView.swift */ = {isa = PBXFileReference; lastKnownFileType = sourcecode.swift; path = SupportView.swift; sourceTree = "<group>"; };
		28FE96142DD33AC400ECAE5B /* VaccineRecordView.swift */ = {isa = PBXFileReference; lastKnownFileType = sourcecode.swift; path = VaccineRecordView.swift; sourceTree = "<group>"; };
		28FE96152DD33AC400ECAE5B /* WeightRecordView.swift */ = {isa = PBXFileReference; lastKnownFileType = sourcecode.swift; path = WeightRecordView.swift; sourceTree = "<group>"; };
		28FE96172DD33AC400ECAE5B /* AnimalGestione.xcdatamodel */ = {isa = PBXFileReference; lastKnownFileType = wrapper.xcdatamodel; path = AnimalGestione.xcdatamodel; sourceTree = "<group>"; };
		2DE34C90300A551CE820A7BD /* Pods-AnimalGestioneProject-AnimalGestioneProjectUITests.release.xcconfig */ = {isa = PBXFileReference; includeInIndex = 1; lastKnownFileType = text.xcconfig; name = "Pods-AnimalGestioneProject-AnimalGestioneProjectUITests.release.xcconfig"; path = "Target Support Files/Pods-AnimalGestioneProject-AnimalGestioneProjectUITests/Pods-AnimalGestioneProject-AnimalGestioneProjectUITests.release.xcconfig"; sourceTree = "<group>"; };
		67BE3A616E48A669D9BC8FB0 /* Pods-AnimalGestioneProjectTests.debug.xcconfig */ = {isa = PBXFileReference; includeInIndex = 1; lastKnownFileType = text.xcconfig; name = "Pods-AnimalGestioneProjectTests.debug.xcconfig"; path = "Target Support Files/Pods-AnimalGestioneProjectTests/Pods-AnimalGestioneProjectTests.debug.xcconfig"; sourceTree = "<group>"; };
		770E7537FA11EE6CDB7FB7A2 /* Pods_AnimalGestioneProject_AnimalGestioneProjectUITests.framework */ = {isa = PBXFileReference; explicitFileType = wrapper.framework; includeInIndex = 0; path = Pods_AnimalGestioneProject_AnimalGestioneProjectUITests.framework; sourceTree = BUILT_PRODUCTS_DIR; };
		7DAF31EEA700901297C67B47 /* Pods-AnimalGestioneProject-AnimalGestioneProjectUITests.debug.xcconfig */ = {isa = PBXFileReference; includeInIndex = 1; lastKnownFileType = text.xcconfig; name = "Pods-AnimalGestioneProject-AnimalGestioneProjectUITests.debug.xcconfig"; path = "Target Support Files/Pods-AnimalGestioneProject-AnimalGestioneProjectUITests/Pods-AnimalGestioneProject-AnimalGestioneProjectUITests.debug.xcconfig"; sourceTree = "<group>"; };
		86A339245298984A3ED5E817 /* Pods_AnimalGestioneProjectTests.framework */ = {isa = PBXFileReference; explicitFileType = wrapper.framework; includeInIndex = 0; path = Pods_AnimalGestioneProjectTests.framework; sourceTree = BUILT_PRODUCTS_DIR; };
		8AA0CA6C9D4141C11A59550B /* Pods-AnimalGestioneProject.debug.xcconfig */ = {isa = PBXFileReference; includeInIndex = 1; lastKnownFileType = text.xcconfig; name = "Pods-AnimalGestioneProject.debug.xcconfig"; path = "Target Support Files/Pods-AnimalGestioneProject/Pods-AnimalGestioneProject.debug.xcconfig"; sourceTree = "<group>"; };
		C460B614CA6BB135A14C028C /* Pods-AnimalGestioneProject.release.xcconfig */ = {isa = PBXFileReference; includeInIndex = 1; lastKnownFileType = text.xcconfig; name = "Pods-AnimalGestioneProject.release.xcconfig"; path = "Target Support Files/Pods-AnimalGestioneProject/Pods-AnimalGestioneProject.release.xcconfig"; sourceTree = "<group>"; };
		D7BD5662B3B360EA6743C6A8 /* Pods-AnimalGestioneProjectTests.release.xcconfig */ = {isa = PBXFileReference; includeInIndex = 1; lastKnownFileType = text.xcconfig; name = "Pods-AnimalGestioneProjectTests.release.xcconfig"; path = "Target Support Files/Pods-AnimalGestioneProjectTests/Pods-AnimalGestioneProjectTests.release.xcconfig"; sourceTree = "<group>"; };
		FF413571F0460F9FA2800BC0 /* Pods_AnimalGestioneProject.framework */ = {isa = PBXFileReference; explicitFileType = wrapper.framework; includeInIndex = 0; path = Pods_AnimalGestioneProject.framework; sourceTree = BUILT_PRODUCTS_DIR; };
/* End PBXFileReference section */

/* Begin PBXFrameworksBuildPhase section */
		28FD31CE2BB733BD005D407E /* Frameworks */ = {
			isa = PBXFrameworksBuildPhase;
			buildActionMask = 2147483647;
			files = (
				C3CD51E73871342D3429AF85 /* Pods_AnimalGestioneProject.framework in Frameworks */,
			);
			runOnlyForDeploymentPostprocessing = 0;
		};
		28FD31DE2BB733BE005D407E /* Frameworks */ = {
			isa = PBXFrameworksBuildPhase;
			buildActionMask = 2147483647;
			files = (
				8712323F743F7D608F65A1D4 /* Pods_AnimalGestioneProjectTests.framework in Frameworks */,
			);
			runOnlyForDeploymentPostprocessing = 0;
		};
		28FD31E82BB733BE005D407E /* Frameworks */ = {
			isa = PBXFrameworksBuildPhase;
			buildActionMask = 2147483647;
			files = (
				1071C4671A4E39876A1F52B8 /* Pods_AnimalGestioneProject_AnimalGestioneProjectUITests.framework in Frameworks */,
			);
			runOnlyForDeploymentPostprocessing = 0;
		};
/* End PBXFrameworksBuildPhase section */

/* Begin PBXGroup section */
		28A3D3222DCF26CB001F6D36 /* AnimalGestioneProject */ = {
			isa = PBXGroup;
			children = (
				28FE95BC2DD33AC400ECAE5B /* AnimalGestioneProjectApp.swift */,
				28FE95BD2DD33AC400ECAE5B /* AppDelegate.swift */,
				28FE95BE2DD33AC400ECAE5B /* AppIconExporter.swift */,
				28FE95BF2DD33AC400ECAE5B /* AppIconGenerator.swift */,
				28FE95C02DD33AC400ECAE5B /* Assets.xcassets */,
				28FE95C42DD33AC400ECAE5B /* Config */,
				28FE95C92DD33AC400ECAE5B /* CoreData */,
				28FE95CF2DD33AC400ECAE5B /* DataManagement */,
				28FE95D12DD33AC400ECAE5B /* DataStore */,
				28FE95D32DD33AC400ECAE5B /* Extensions */,
				28FE95D42DD33AC400ECAE5B /* get-pip.py */,
				28FE95D52DD33AC400ECAE5B /* Info.plist */,
				28FE95DE2DD33AC400ECAE5B /* Models */,
				28FE95E12DD33AC400ECAE5B /* Notifications */,
				28FE95E32DD33AC400ECAE5B /* Preview Content */,
				28FE95E72DD33AC400ECAE5B /* StoreKit */,
				28FE95E82DD33AC400ECAE5B /* StoreKitTestConfiguration.storekit */,
				28FE95E92DD33AC400ECAE5B /* Subscription */,
				28FE96162DD33AC400ECAE5B /* Views */,
			);
			path = AnimalGestioneProject;
			sourceTree = "<group>";
		};
		28FD31C82BB733BD005D407E = {
			isa = PBXGroup;
			children = (
				28A3D3222DCF26CB001F6D36 /* AnimalGestioneProject */,
				73401AB7479553C17264D712 /* Pods */,
				7C66C83E031696BBE0937121 /* Frameworks */,
				2824B7852DCF368900625889 /* AnimalGestioneProject.app */,
				2824B7862DCF368900625889 /* AnimalGestioneProjectTests.xctest */,
				2824B7872DCF368900625889 /* AnimalGestioneProjectUITests.xctest */,
			);
			sourceTree = "<group>";
		};
		28FE95C42DD33AC400ECAE5B /* Config */ = {
			isa = PBXGroup;
			children = (
				28FE95C12DD33AC400ECAE5B /* AdConfig.swift */,
				28FE95C22DD33AC400ECAE5B /* AppSetupManager.swift */,
				28FE95C32DD33AC400ECAE5B /* URLProvider.swift */,
			);
			path = Config;
			sourceTree = "<group>";
		};
		28FE95C92DD33AC400ECAE5B /* CoreData */ = {
			isa = PBXGroup;
			children = (
				28FE95C52DD33AC400ECAE5B /* AnimalGestione.xcdatamodeld */,
				28FE95C62DD33AC400ECAE5B /* CoreDataStore.swift */,
				28FE95C72DD33AC400ECAE5B /* CoreDataStore+Records.swift */,
				28FE95C82DD33AC400ECAE5B /* PersistenceController.swift */,
			);
			path = CoreData;
			sourceTree = "<group>";
		};
		28FE95CF2DD33AC400ECAE5B /* DataManagement */ = {
			isa = PBXGroup;
			children = (
				28FE95CA2DD33AC400ECAE5B /* CSVDataExportManager.swift */,
				28FE95CB2DD33AC400ECAE5B /* CSVExportView.swift */,
				28FE95CC2DD33AC400ECAE5B /* DataExportImportManager.swift */,
				28FE95CD2DD33AC400ECAE5B /* DataManagementView.swift */,
				28FE95CE2DD33AC400ECAE5B /* DebugDataExport.swift */,
			);
			path = DataManagement;
			sourceTree = "<group>";
		};
		28FE95D12DD33AC400ECAE5B /* DataStore */ = {
			isa = PBXGroup;
			children = (
				28FE95D02DD33AC400ECAE5B /* AnimalDataStore.swift */,
			);
			path = DataStore;
			sourceTree = "<group>";
		};
		28FE95D32DD33AC400ECAE5B /* Extensions */ = {
			isa = PBXGroup;
			children = (
				28FE95D22DD33AC400ECAE5B /* Color+Extensions.swift */,
			);
			path = Extensions;
			sourceTree = "<group>";
		};
		28FE95DE2DD33AC400ECAE5B /* Models */ = {
			isa = PBXGroup;
			children = (
				28FE95D62DD33AC400ECAE5B /* AnimalModel.swift */,
				28FE95D72DD33AC400ECAE5B /* AnimalModel+CoreData.swift */,
				28FE95D82DD33AC400ECAE5B /* CheckupRecord.swift */,
				28FE95D92DD33AC400ECAE5B /* GroomingRecord.swift */,
				28FE95DA2DD33AC400ECAE5B /* MedicationRecord.swift */,
				28FE95DB2DD33AC400ECAE5B /* OtherRecord.swift */,
				28FE95DC2DD33AC400ECAE5B /* VaccineRecord.swift */,
				28FE95DD2DD33AC400ECAE5B /* WeightRecord.swift */,
			);
			path = Models;
			sourceTree = "<group>";
		};
		28FE95E12DD33AC400ECAE5B /* Notifications */ = {
			isa = PBXGroup;
			children = (
				28FE95DF2DD33AC400ECAE5B /* NotificationManager.swift */,
				28FE95E02DD33AC400ECAE5B /* NotificationsListView.swift */,
			);
			path = Notifications;
			sourceTree = "<group>";
		};
		28FE95E32DD33AC400ECAE5B /* Preview Content */ = {
			isa = PBXGroup;
			children = (
				28FE95E22DD33AC400ECAE5B /* Preview Assets.xcassets */,
			);
			path = "Preview Content";
			sourceTree = "<group>";
		};
		28FE95E72DD33AC400ECAE5B /* StoreKit */ = {
			isa = PBXGroup;
			children = (
				28FE95E42DD33AC400ECAE5B /* InAppPurchaseManager.swift */,
				28FE95E52DD33AC400ECAE5B /* SubscriptionManager.swift */,
				28FE95E62DD33AC400ECAE5B /* SubscriptionProduct.swift */,
			);
			path = StoreKit;
			sourceTree = "<group>";
		};
		28FE95E92DD33AC400ECAE5B /* Subscription */ = {
			isa = PBXGroup;
			children = (
			);
			path = Subscription;
			sourceTree = "<group>";
		};
		28FE95F12DD33AC400ECAE5B /* Ads */ = {
			isa = PBXGroup;
			children = (
				28FE95EA2DD33AC400ECAE5B /* AdContainerView.swift */,
				28FE95EB2DD33AC400ECAE5B /* AdManager.swift */,
				28FE95EC2DD33AC400ECAE5B /* BannerAdView.swift */,
				28FE95ED2DD33AC400ECAE5B /* InterstitialAdManager.swift */,
				28FE95EE2DD33AC400ECAE5B /* PremiumPurchaseView.swift */,
				28FE95EF2DD33AC400ECAE5B /* RewardedAdManager.swift */,
				28FE95F02DD33AC400ECAE5B /* RewardedFeatureView.swift */,
			);
			path = Ads;
			sourceTree = "<group>";
		};
		28FE95F32DD33AC400ECAE5B /* Components */ = {
			isa = PBXGroup;
			children = (
				28FE95F22DD33AC400ECAE5B /* SearchBar.swift */,
			);
			path = Components;
			sourceTree = "<group>";
		};
		28FE95F72DD33AC400ECAE5B /* SupportViews */ = {
			isa = PBXGroup;
			children = (
				28FE95F42DD33AC400ECAE5B /* ContactViews.swift */,
				28FE95F52DD33AC400ECAE5B /* FAQViews.swift */,
				28FE95F62DD33AC400ECAE5B /* GuideDetailView.swift */,
			);
			path = SupportViews;
			sourceTree = "<group>";
		};
		28FE96162DD33AC400ECAE5B /* Views */ = {
			isa = PBXGroup;
			children = (
				28FE95F12DD33AC400ECAE5B /* Ads */,
				28FE95F32DD33AC400ECAE5B /* Components */,
				28FE95F72DD33AC400ECAE5B /* SupportViews */,
				28FE95F82DD33AC400ECAE5B /* AddAnimalView.swift */,
				28FE95F92DD33AC400ECAE5B /* AnimalDetailView.swift */,
				28FE95FA2DD33AC400ECAE5B /* AnimalDetailView+ColorPicker.swift */,
				28FE95FB2DD33AC400ECAE5B /* ColorPickerView.swift */,
				28FE95FC2DD33AC400ECAE5B /* EditAnimalView.swift */,
				28FE95FD2DD33AC400ECAE5B /* EmbeddedPrivacyPolicyView.swift */,
				28FE95FE2DD33AC400ECAE5B /* EnhancedAnimalListView.swift */,
				28FE95FF2DD33AC400ECAE5B /* EnhancedCalendarView.swift */,
				28FE96002DD33AC400ECAE5B /* EnhancedContentView.swift */,
				28FE96012DD33AC400ECAE5B /* EnhancedHomeView.swift */,
				28FE96022DD33AC400ECAE5B /* GroomingRecordView.swift */,
				28FE96032DD33AC400ECAE5B /* HealthChartView.swift */,
				28FE96042DD33AC400ECAE5B /* HealthRecordView.swift */,
				28FE96052DD33AC400ECAE5B /* ImagePicker.swift */,
				28FE96062DD33AC400ECAE5B /* InlinePrivacyViews.swift */,
				28FE96072DD33AC400ECAE5B /* IntegratedSupportView.swift */,
				28FE96082DD33AC400ECAE5B /* PhysiologicalCycleView.swift */,
				28FE96092DD33AC400ECAE5B /* PremiumHealthCheckView.swift */,
				28FE960A2DD33AC400ECAE5B /* PremiumSubscriptionView.swift */,
				28FE960B2DD33AC400ECAE5B /* PrivacyPolicyConsentView.swift */,
				28FE960C2DD33AC400ECAE5B /* PrivacyPolicyURLView.swift */,
				28FE960D2DD33AC400ECAE5B /* PrivacyPolicyView.swift */,
				28FE960E2DD33AC400ECAE5B /* ScheduleEditView.swift */,
				28FE960F2DD33AC400ECAE5B /* SettingsView.swift */,
				28FE96102DD33AC400ECAE5B /* SimplePrivacyConsent.swift */,
				28FE96112DD33AC400ECAE5B /* SplashScreen.swift */,
				28FE96122DD33AC400ECAE5B /* SupportURLView.swift */,
				28FE96132DD33AC400ECAE5B /* SupportView.swift */,
				28FE96142DD33AC400ECAE5B /* VaccineRecordView.swift */,
				28FE96152DD33AC400ECAE5B /* WeightRecordView.swift */,
			);
			path = Views;
			sourceTree = "<group>";
		};
		73401AB7479553C17264D712 /* Pods */ = {
			isa = PBXGroup;
			children = (
				8AA0CA6C9D4141C11A59550B /* Pods-AnimalGestioneProject.debug.xcconfig */,
				C460B614CA6BB135A14C028C /* Pods-AnimalGestioneProject.release.xcconfig */,
				7DAF31EEA700901297C67B47 /* Pods-AnimalGestioneProject-AnimalGestioneProjectUITests.debug.xcconfig */,
				2DE34C90300A551CE820A7BD /* Pods-AnimalGestioneProject-AnimalGestioneProjectUITests.release.xcconfig */,
				67BE3A616E48A669D9BC8FB0 /* Pods-AnimalGestioneProjectTests.debug.xcconfig */,
				D7BD5662B3B360EA6743C6A8 /* Pods-AnimalGestioneProjectTests.release.xcconfig */,
			);
			path = Pods;
			sourceTree = "<group>";
		};
		7C66C83E031696BBE0937121 /* Frameworks */ = {
			isa = PBXGroup;
			children = (
				FF413571F0460F9FA2800BC0 /* Pods_AnimalGestioneProject.framework */,
				770E7537FA11EE6CDB7FB7A2 /* Pods_AnimalGestioneProject_AnimalGestioneProjectUITests.framework */,
				86A339245298984A3ED5E817 /* Pods_AnimalGestioneProjectTests.framework */,
			);
			name = Frameworks;
			sourceTree = "<group>";
		};
/* End PBXGroup section */

/* Begin PBXNativeTarget section */
		28FD31D02BB733BD005D407E /* AnimalGestioneProject */ = {
			isa = PBXNativeTarget;
			buildConfigurationList = 28FD31F52BB733BE005D407E /* Build configuration list for PBXNativeTarget "AnimalGestioneProject" */;
			buildPhases = (
				8A373DBB83FF99821093A5DA /* [CP] Check Pods Manifest.lock */,
				28FD31CD2BB733BD005D407E /* Sources */,
				28FD31CE2BB733BD005D407E /* Frameworks */,
				28FD31CF2BB733BD005D407E /* Resources */,
				B8CF6765E4A9456DDA26385D /* [CP] Copy Pods Resources */,
			);
			buildRules = (
			);
			dependencies = (
			);
			name = AnimalGestioneProject;
			productName = AnimalGestioneProject;
			productReference = 2824B7852DCF368900625889 /* AnimalGestioneProject.app */;
			productType = "com.apple.product-type.application";
		};
		28FD31E02BB733BE005D407E /* AnimalGestioneProjectTests */ = {
			isa = PBXNativeTarget;
			buildConfigurationList = 28FD31F82BB733BE005D407E /* Build configuration list for PBXNativeTarget "AnimalGestioneProjectTests" */;
			buildPhases = (
				CCB3B285D811E0563F4044E1 /* [CP] Check Pods Manifest.lock */,
				28FD31DD2BB733BE005D407E /* Sources */,
				28FD31DE2BB733BE005D407E /* Frameworks */,
				28FD31DF2BB733BE005D407E /* Resources */,
			);
			buildRules = (
			);
			dependencies = (
				28FD31E32BB733BE005D407E /* PBXTargetDependency */,
			);
			name = AnimalGestioneProjectTests;
			productName = AnimalGestioneProjectTests;
			productReference = 2824B7862DCF368900625889 /* AnimalGestioneProjectTests.xctest */;
			productType = "com.apple.product-type.bundle.unit-test";
		};
		28FD31EA2BB733BE005D407E /* AnimalGestioneProjectUITests */ = {
			isa = PBXNativeTarget;
			buildConfigurationList = 28FD31FB2BB733BE005D407E /* Build configuration list for PBXNativeTarget "AnimalGestioneProjectUITests" */;
			buildPhases = (
				6449C62A9B5A6E7EDBE9A0EA /* [CP] Check Pods Manifest.lock */,
				28FD31E72BB733BE005D407E /* Sources */,
				28FD31E82BB733BE005D407E /* Frameworks */,
				28FD31E92BB733BE005D407E /* Resources */,
				B9899329AA25A07223310202 /* [CP] Copy Pods Resources */,
			);
			buildRules = (
			);
			dependencies = (
				28FD31ED2BB733BE005D407E /* PBXTargetDependency */,
			);
			name = AnimalGestioneProjectUITests;
			productName = AnimalGestioneProjectUITests;
			productReference = 2824B7872DCF368900625889 /* AnimalGestioneProjectUITests.xctest */;
			productType = "com.apple.product-type.bundle.ui-testing";
		};
/* End PBXNativeTarget section */

/* Begin PBXProject section */
		28FD31C92BB733BD005D407E /* Project object */ = {
			isa = PBXProject;
			attributes = {
				BuildIndependentTargetsInParallel = 1;
				LastSwiftUpdateCheck = 1520;
				LastUpgradeCheck = 1520;
				TargetAttributes = {
					28FD31D02BB733BD005D407E = {
						CreatedOnToolsVersion = 15.2;
					};
					28FD31E02BB733BE005D407E = {
						CreatedOnToolsVersion = 15.2;
						TestTargetID = 28FD31D02BB733BD005D407E;
					};
					28FD31EA2BB733BE005D407E = {
						CreatedOnToolsVersion = 15.2;
						TestTargetID = 28FD31D02BB733BD005D407E;
					};
				};
			};
			buildConfigurationList = 28FD31CC2BB733BD005D407E /* Build configuration list for PBXProject "AnimalGestioneProject" */;
			compatibilityVersion = "Xcode 14.0";
			developmentRegion = en;
			hasScannedForEncodings = 0;
			knownRegions = (
				en,
				Base,
			);
			mainGroup = 28FD31C82BB733BD005D407E;
			productRefGroup = 28FD31C82BB733BD005D407E;
			projectDirPath = "";
			projectRoot = "";
			targets = (
				28FD31D02BB733BD005D407E /* AnimalGestioneProject */,
				28FD31E02BB733BE005D407E /* AnimalGestioneProjectTests */,
				28FD31EA2BB733BE005D407E /* AnimalGestioneProjectUITests */,
			);
		};
/* End PBXProject section */

/* Begin PBXResourcesBuildPhase section */
		28FD31CF2BB733BD005D407E /* Resources */ = {
			isa = PBXResourcesBuildPhase;
			buildActionMask = 2147483647;
			files = (
				28FE96602DD33AC400ECAE5B /* Assets.xcassets in Resources */,
				28FE96622DD33AC400ECAE5B /* StoreKitTestConfiguration.storekit in Resources */,
				28FE96632DD33AC400ECAE5B /* Preview Assets.xcassets in Resources */,
				28FE96642DD33AC400ECAE5B /* get-pip.py in Resources */,
			);
			runOnlyForDeploymentPostprocessing = 0;
		};
		28FD31DF2BB733BE005D407E /* Resources */ = {
			isa = PBXResourcesBuildPhase;
			buildActionMask = 2147483647;
			files = (
			);
			runOnlyForDeploymentPostprocessing = 0;
		};
		28FD31E92BB733BE005D407E /* Resources */ = {
			isa = PBXResourcesBuildPhase;
			buildActionMask = 2147483647;
			files = (
			);
			runOnlyForDeploymentPostprocessing = 0;
		};
/* End PBXResourcesBuildPhase section */

/* Begin PBXShellScriptBuildPhase section */
		6449C62A9B5A6E7EDBE9A0EA /* [CP] Check Pods Manifest.lock */ = {
			isa = PBXShellScriptBuildPhase;
			buildActionMask = 2147483647;
			files = (
			);
			inputFileListPaths = (
			);
			inputPaths = (
				"${PODS_PODFILE_DIR_PATH}/Podfile.lock",
				"${PODS_ROOT}/Manifest.lock",
			);
			name = "[CP] Check Pods Manifest.lock";
			outputFileListPaths = (
			);
			outputPaths = (
				"$(DERIVED_FILE_DIR)/Pods-AnimalGestioneProject-AnimalGestioneProjectUITests-checkManifestLockResult.txt",
			);
			runOnlyForDeploymentPostprocessing = 0;
			shellPath = /bin/sh;
			shellScript = "diff \"${PODS_PODFILE_DIR_PATH}/Podfile.lock\" \"${PODS_ROOT}/Manifest.lock\" > /dev/null\nif [ $? != 0 ] ; then\n    # print error to STDERR\n    echo \"error: The sandbox is not in sync with the Podfile.lock. Run 'pod install' or update your CocoaPods installation.\" >&2\n    exit 1\nfi\n# This output is used by Xcode 'outputs' to avoid re-running this script phase.\necho \"SUCCESS\" > \"${SCRIPT_OUTPUT_FILE_0}\"\n";
			showEnvVarsInLog = 0;
		};
		8A373DBB83FF99821093A5DA /* [CP] Check Pods Manifest.lock */ = {
			isa = PBXShellScriptBuildPhase;
			buildActionMask = 2147483647;
			files = (
			);
			inputFileListPaths = (
			);
			inputPaths = (
				"${PODS_PODFILE_DIR_PATH}/Podfile.lock",
				"${PODS_ROOT}/Manifest.lock",
			);
			name = "[CP] Check Pods Manifest.lock";
			outputFileListPaths = (
			);
			outputPaths = (
				"$(DERIVED_FILE_DIR)/Pods-AnimalGestioneProject-checkManifestLockResult.txt",
			);
			runOnlyForDeploymentPostprocessing = 0;
			shellPath = /bin/sh;
			shellScript = "diff \"${PODS_PODFILE_DIR_PATH}/Podfile.lock\" \"${PODS_ROOT}/Manifest.lock\" > /dev/null\nif [ $? != 0 ] ; then\n    # print error to STDERR\n    echo \"error: The sandbox is not in sync with the Podfile.lock. Run 'pod install' or update your CocoaPods installation.\" >&2\n    exit 1\nfi\n# This output is used by Xcode 'outputs' to avoid re-running this script phase.\necho \"SUCCESS\" > \"${SCRIPT_OUTPUT_FILE_0}\"\n";
			showEnvVarsInLog = 0;
		};
		B8CF6765E4A9456DDA26385D /* [CP] Copy Pods Resources */ = {
			isa = PBXShellScriptBuildPhase;
			buildActionMask = 2147483647;
			files = (
			);
			inputFileListPaths = (
				"${PODS_ROOT}/Target Support Files/Pods-AnimalGestioneProject/Pods-AnimalGestioneProject-resources-${CONFIGURATION}-input-files.xcfilelist",
			);
			inputPaths = (
			);
			name = "[CP] Copy Pods Resources";
			outputFileListPaths = (
				"${PODS_ROOT}/Target Support Files/Pods-AnimalGestioneProject/Pods-AnimalGestioneProject-resources-${CONFIGURATION}-output-files.xcfilelist",
			);
			outputPaths = (
			);
			runOnlyForDeploymentPostprocessing = 0;
			shellPath = /bin/sh;
			shellScript = "\"${PODS_ROOT}/Target Support Files/Pods-AnimalGestioneProject/Pods-AnimalGestioneProject-resources.sh\"\n";
			showEnvVarsInLog = 0;
		};
		B9899329AA25A07223310202 /* [CP] Copy Pods Resources */ = {
			isa = PBXShellScriptBuildPhase;
			buildActionMask = 2147483647;
			files = (
			);
			inputFileListPaths = (
				"${PODS_ROOT}/Target Support Files/Pods-AnimalGestioneProject-AnimalGestioneProjectUITests/Pods-AnimalGestioneProject-AnimalGestioneProjectUITests-resources-${CONFIGURATION}-input-files.xcfilelist",
			);
			inputPaths = (
			);
			name = "[CP] Copy Pods Resources";
			outputFileListPaths = (
				"${PODS_ROOT}/Target Support Files/Pods-AnimalGestioneProject-AnimalGestioneProjectUITests/Pods-AnimalGestioneProject-AnimalGestioneProjectUITests-resources-${CONFIGURATION}-output-files.xcfilelist",
			);
			outputPaths = (
			);
			runOnlyForDeploymentPostprocessing = 0;
			shellPath = /bin/sh;
			shellScript = "\"${PODS_ROOT}/Target Support Files/Pods-AnimalGestioneProject-AnimalGestioneProjectUITests/Pods-AnimalGestioneProject-AnimalGestioneProjectUITests-resources.sh\"\n";
			showEnvVarsInLog = 0;
		};
		CCB3B285D811E0563F4044E1 /* [CP] Check Pods Manifest.lock */ = {
			isa = PBXShellScriptBuildPhase;
			buildActionMask = 2147483647;
			files = (
			);
			inputFileListPaths = (
			);
			inputPaths = (
				"${PODS_PODFILE_DIR_PATH}/Podfile.lock",
				"${PODS_ROOT}/Manifest.lock",
			);
			name = "[CP] Check Pods Manifest.lock";
			outputFileListPaths = (
			);
			outputPaths = (
				"$(DERIVED_FILE_DIR)/Pods-AnimalGestioneProjectTests-checkManifestLockResult.txt",
			);
			runOnlyForDeploymentPostprocessing = 0;
			shellPath = /bin/sh;
			shellScript = "diff \"${PODS_PODFILE_DIR_PATH}/Podfile.lock\" \"${PODS_ROOT}/Manifest.lock\" > /dev/null\nif [ $? != 0 ] ; then\n    # print error to STDERR\n    echo \"error: The sandbox is not in sync with the Podfile.lock. Run 'pod install' or update your CocoaPods installation.\" >&2\n    exit 1\nfi\n# This output is used by Xcode 'outputs' to avoid re-running this script phase.\necho \"SUCCESS\" > \"${SCRIPT_OUTPUT_FILE_0}\"\n";
			showEnvVarsInLog = 0;
		};
/* End PBXShellScriptBuildPhase section */

/* Begin PBXSourcesBuildPhase section */
		28FD31CD2BB733BD005D407E /* Sources */ = {
			isa = PBXSourcesBuildPhase;
			buildActionMask = 2147483647;
			files = (
				28FE96182DD33AC400ECAE5B /* EnhancedContentView.swift in Sources */,
				28FE96192DD33AC400ECAE5B /* NotificationManager.swift in Sources */,
				28FE961A2DD33AC400ECAE5B /* AnimalGestione.xcdatamodeld in Sources */,
				28FE961B2DD33AC400ECAE5B /* SupportURLView.swift in Sources */,
				28FE961C2DD33AC400ECAE5B /* AppIconGenerator.swift in Sources */,
				28FE961D2DD33AC400ECAE5B /* PrivacyPolicyURLView.swift in Sources */,
				28FE961E2DD33AC400ECAE5B /* AddAnimalView.swift in Sources */,
				28FE961F2DD33AC400ECAE5B /* HealthChartView.swift in Sources */,
				28FE96202DD33AC400ECAE5B /* GroomingRecordView.swift in Sources */,
				28FE96212DD33AC400ECAE5B /* URLProvider.swift in Sources */,
				28FE96222DD33AC400ECAE5B /* RewardedFeatureView.swift in Sources */,
				28FE96232DD33AC400ECAE5B /* AnimalModel+CoreData.swift in Sources */,
				28FE96242DD33AC400ECAE5B /* PremiumSubscriptionView.swift in Sources */,
				28FE96252DD33AC400ECAE5B /* VaccineRecordView.swift in Sources */,
				28FE96262DD33AC400ECAE5B /* IntegratedSupportView.swift in Sources */,
				28FE96272DD33AC400ECAE5B /* EnhancedCalendarView.swift in Sources */,
				28FE96282DD33AC400ECAE5B /* ImagePicker.swift in Sources */,
				28FE96292DD33AC400ECAE5B /* CSVDataExportManager.swift in Sources */,
				28FE962A2DD33AC400ECAE5B /* InlinePrivacyViews.swift in Sources */,
				28FE962B2DD33AC400ECAE5B /* EditAnimalView.swift in Sources */,
				28FE962C2DD33AC400ECAE5B /* EnhancedAnimalListView.swift in Sources */,
				28FE962D2DD33AC400ECAE5B /* EmbeddedPrivacyPolicyView.swift in Sources */,
				28FE962E2DD33AC400ECAE5B /* PremiumHealthCheckView.swift in Sources */,
				28FE962F2DD33AC400ECAE5B /* SimplePrivacyConsent.swift in Sources */,
				28FE96302DD33AC400ECAE5B /* AdManager.swift in Sources */,
				28FE96312DD33AC400ECAE5B /* BannerAdView.swift in Sources */,
				28FE96322DD33AC400ECAE5B /* SettingsView.swift in Sources */,
				28FE96332DD33AC400ECAE5B /* AdContainerView.swift in Sources */,
				28FE96342DD33AC400ECAE5B /* AppIconExporter.swift in Sources */,
				28FE96352DD33AC400ECAE5B /* SubscriptionManager.swift in Sources */,
				28FE96362DD33AC400ECAE5B /* AdConfig.swift in Sources */,
				28FE96372DD33AC400ECAE5B /* FAQViews.swift in Sources */,
				28FE96382DD33AC400ECAE5B /* CoreDataStore.swift in Sources */,
				28FE96392DD33AC400ECAE5B /* SubscriptionProduct.swift in Sources */,
				28FE963A2DD33AC400ECAE5B /* NotificationsListView.swift in Sources */,
				28FE963B2DD33AC400ECAE5B /* Color+Extensions.swift in Sources */,
				28FE963C2DD33AC400ECAE5B /* VaccineRecord.swift in Sources */,
				28FE963D2DD33AC400ECAE5B /* AppDelegate.swift in Sources */,
				28FE963E2DD33AC400ECAE5B /* GroomingRecord.swift in Sources */,
				28FE963F2DD33AC400ECAE5B /* WeightRecordView.swift in Sources */,
				28FE96402DD33AC400ECAE5B /* EnhancedHomeView.swift in Sources */,
				28FE96412DD33AC400ECAE5B /* CSVExportView.swift in Sources */,
				28FE96422DD33AC400ECAE5B /* AnimalGestioneProjectApp.swift in Sources */,
				28FE96432DD33AC400ECAE5B /* SearchBar.swift in Sources */,
				28FE96442DD33AC400ECAE5B /* RewardedAdManager.swift in Sources */,
				28FE96452DD33AC400ECAE5B /* HealthRecordView.swift in Sources */,
				28FE96462DD33AC400ECAE5B /* PhysiologicalCycleView.swift in Sources */,
				28FE96472DD33AC400ECAE5B /* DataManagementView.swift in Sources */,
				28FE96482DD33AC400ECAE5B /* DebugDataExport.swift in Sources */,
				28FE96492DD33AC400ECAE5B /* OtherRecord.swift in Sources */,
				28FE964A2DD33AC400ECAE5B /* SupportView.swift in Sources */,
				28FE964B2DD33AC400ECAE5B /* PersistenceController.swift in Sources */,
				28FE964C2DD33AC400ECAE5B /* InAppPurchaseManager.swift in Sources */,
				28FE964D2DD33AC400ECAE5B /* AnimalDetailView+ColorPicker.swift in Sources */,
				28FE964E2DD33AC400ECAE5B /* CoreDataStore+Records.swift in Sources */,
				28FE964F2DD33AC400ECAE5B /* PremiumPurchaseView.swift in Sources */,
				28FE96502DD33AC400ECAE5B /* GuideDetailView.swift in Sources */,
				28FE96512DD33AC400ECAE5B /* InterstitialAdManager.swift in Sources */,
				28FE96522DD33AC400ECAE5B /* MedicationRecord.swift in Sources */,
				28FE96532DD33AC400ECAE5B /* ColorPickerView.swift in Sources */,
				28FE96542DD33AC400ECAE5B /* ContactViews.swift in Sources */,
				28FE96552DD33AC400ECAE5B /* CheckupRecord.swift in Sources */,
				28FE96562DD33AC400ECAE5B /* PrivacyPolicyView.swift in Sources */,
				28FE96572DD33AC400ECAE5B /* WeightRecord.swift in Sources */,
				28FE96582DD33AC400ECAE5B /* AnimalModel.swift in Sources */,
				28FE96592DD33AC400ECAE5B /* PrivacyPolicyConsentView.swift in Sources */,
				28FE965A2DD33AC400ECAE5B /* AppSetupManager.swift in Sources */,
				28FE965B2DD33AC400ECAE5B /* AnimalDetailView.swift in Sources */,
				28FE965C2DD33AC400ECAE5B /* ScheduleEditView.swift in Sources */,
				28FE965D2DD33AC400ECAE5B /* DataExportImportManager.swift in Sources */,
				28FE965E2DD33AC400ECAE5B /* AnimalDataStore.swift in Sources */,
				28FE965F2DD33AC400ECAE5B /* SplashScreen.swift in Sources */,
			);
			runOnlyForDeploymentPostprocessing = 0;
		};
		28FD31DD2BB733BE005D407E /* Sources */ = {
			isa = PBXSourcesBuildPhase;
			buildActionMask = 2147483647;
			files = (
			);
			runOnlyForDeploymentPostprocessing = 0;
		};
		28FD31E72BB733BE005D407E /* Sources */ = {
			isa = PBXSourcesBuildPhase;
			buildActionMask = 2147483647;
			files = (
			);
			runOnlyForDeploymentPostprocessing = 0;
		};
/* End PBXSourcesBuildPhase section */

/* Begin PBXTargetDependency section */
		28FD31E32BB733BE005D407E /* PBXTargetDependency */ = {
			isa = PBXTargetDependency;
			target = 28FD31D02BB733BD005D407E /* AnimalGestioneProject */;
			targetProxy = 28FD31E22BB733BE005D407E /* PBXContainerItemProxy */;
		};
		28FD31ED2BB733BE005D407E /* PBXTargetDependency */ = {
			isa = PBXTargetDependency;
			target = 28FD31D02BB733BD005D407E /* AnimalGestioneProject */;
			targetProxy = 28FD31EC2BB733BE005D407E /* PBXContainerItemProxy */;
		};
/* End PBXTargetDependency section */

/* Begin XCBuildConfiguration section */
		28FD31F32BB733BE005D407E /* Debug */ = {
			isa = XCBuildConfiguration;
			buildSettings = {
				ALWAYS_SEARCH_USER_PATHS = NO;
				ASSETCATALOG_COMPILER_GENERATE_SWIFT_ASSET_SYMBOL_EXTENSIONS = YES;
				CLANG_ANALYZER_NONNULL = YES;
				CLANG_ANALYZER_NUMBER_OBJECT_CONVERSION = YES_AGGRESSIVE;
				CLANG_CXX_LANGUAGE_STANDARD = "gnu++20";
				CLANG_ENABLE_MODULES = YES;
				CLANG_ENABLE_OBJC_ARC = YES;
				CLANG_ENABLE_OBJC_WEAK = YES;
				CLANG_WARN_BLOCK_CAPTURE_AUTORELEASING = YES;
				CLANG_WARN_BOOL_CONVERSION = YES;
				CLANG_WARN_COMMA = YES;
				CLANG_WARN_CONSTANT_CONVERSION = YES;
				CLANG_WARN_DEPRECATED_OBJC_IMPLEMENTATIONS = YES;
				CLANG_WARN_DIRECT_OBJC_ISA_USAGE = YES_ERROR;
				CLANG_WARN_DOCUMENTATION_COMMENTS = YES;
				CLANG_WARN_EMPTY_BODY = YES;
				CLANG_WARN_ENUM_CONVERSION = YES;
				CLANG_WARN_INFINITE_RECURSION = YES;
				CLANG_WARN_INT_CONVERSION = YES;
				CLANG_WARN_NON_LITERAL_NULL_CONVERSION = YES;
				CLANG_WARN_OBJC_IMPLICIT_RETAIN_SELF = YES;
				CLANG_WARN_OBJC_LITERAL_CONVERSION = YES;
				CLANG_WARN_OBJC_ROOT_CLASS = YES_ERROR;
				CLANG_WARN_QUOTED_INCLUDE_IN_FRAMEWORK_HEADER = YES;
				CLANG_WARN_RANGE_LOOP_ANALYSIS = YES;
				CLANG_WARN_STRICT_PROTOTYPES = YES;
				CLANG_WARN_SUSPICIOUS_MOVE = YES;
				CLANG_WARN_UNGUARDED_AVAILABILITY = YES_AGGRESSIVE;
				CLANG_WARN_UNREACHABLE_CODE = YES;
				CLANG_WARN__DUPLICATE_METHOD_MATCH = YES;
				COPY_PHASE_STRIP = NO;
				DEBUG_INFORMATION_FORMAT = dwarf;
				ENABLE_STRICT_OBJC_MSGSEND = YES;
				ENABLE_TESTABILITY = YES;
				ENABLE_USER_SCRIPT_SANDBOXING = YES;
				GCC_C_LANGUAGE_STANDARD = gnu17;
				GCC_DYNAMIC_NO_PIC = NO;
				GCC_NO_COMMON_BLOCKS = YES;
				GCC_OPTIMIZATION_LEVEL = 0;
				GCC_PREPROCESSOR_DEFINITIONS = (
					"DEBUG=1",
					"$(inherited)",
				);
				GCC_WARN_64_TO_32_BIT_CONVERSION = YES;
				GCC_WARN_ABOUT_RETURN_TYPE = YES_ERROR;
				GCC_WARN_UNDECLARED_SELECTOR = YES;
				GCC_WARN_UNINITIALIZED_AUTOS = YES_AGGRESSIVE;
				GCC_WARN_UNUSED_FUNCTION = YES;
				GCC_WARN_UNUSED_VARIABLE = YES;
				IPHONEOS_DEPLOYMENT_TARGET = 17.2;
				LOCALIZATION_PREFERS_STRING_CATALOGS = YES;
				MTL_ENABLE_DEBUG_INFO = INCLUDE_SOURCE;
				MTL_FAST_MATH = YES;
				ONLY_ACTIVE_ARCH = YES;
				SDKROOT = iphoneos;
				SWIFT_ACTIVE_COMPILATION_CONDITIONS = "DEBUG $(inherited)";
				SWIFT_OPTIMIZATION_LEVEL = "-Onone";
			};
			name = Debug;
		};
		28FD31F42BB733BE005D407E /* Release */ = {
			isa = XCBuildConfiguration;
			buildSettings = {
				ALWAYS_SEARCH_USER_PATHS = NO;
				ASSETCATALOG_COMPILER_GENERATE_SWIFT_ASSET_SYMBOL_EXTENSIONS = YES;
				CLANG_ANALYZER_NONNULL = YES;
				CLANG_ANALYZER_NUMBER_OBJECT_CONVERSION = YES_AGGRESSIVE;
				CLANG_CXX_LANGUAGE_STANDARD = "gnu++20";
				CLANG_ENABLE_MODULES = YES;
				CLANG_ENABLE_OBJC_ARC = YES;
				CLANG_ENABLE_OBJC_WEAK = YES;
				CLANG_WARN_BLOCK_CAPTURE_AUTORELEASING = YES;
				CLANG_WARN_BOOL_CONVERSION = YES;
				CLANG_WARN_COMMA = YES;
				CLANG_WARN_CONSTANT_CONVERSION = YES;
				CLANG_WARN_DEPRECATED_OBJC_IMPLEMENTATIONS = YES;
				CLANG_WARN_DIRECT_OBJC_ISA_USAGE = YES_ERROR;
				CLANG_WARN_DOCUMENTATION_COMMENTS = YES;
				CLANG_WARN_EMPTY_BODY = YES;
				CLANG_WARN_ENUM_CONVERSION = YES;
				CLANG_WARN_INFINITE_RECURSION = YES;
				CLANG_WARN_INT_CONVERSION = YES;
				CLANG_WARN_NON_LITERAL_NULL_CONVERSION = YES;
				CLANG_WARN_OBJC_IMPLICIT_RETAIN_SELF = YES;
				CLANG_WARN_OBJC_LITERAL_CONVERSION = YES;
				CLANG_WARN_OBJC_ROOT_CLASS = YES_ERROR;
				CLANG_WARN_QUOTED_INCLUDE_IN_FRAMEWORK_HEADER = YES;
				CLANG_WARN_RANGE_LOOP_ANALYSIS = YES;
				CLANG_WARN_STRICT_PROTOTYPES = YES;
				CLANG_WARN_SUSPICIOUS_MOVE = YES;
				CLANG_WARN_UNGUARDED_AVAILABILITY = YES_AGGRESSIVE;
				CLANG_WARN_UNREACHABLE_CODE = YES;
				CLANG_WARN__DUPLICATE_METHOD_MATCH = YES;
				COPY_PHASE_STRIP = NO;
				DEBUG_INFORMATION_FORMAT = "dwarf-with-dsym";
				ENABLE_NS_ASSERTIONS = NO;
				ENABLE_STRICT_OBJC_MSGSEND = YES;
				ENABLE_USER_SCRIPT_SANDBOXING = YES;
				GCC_C_LANGUAGE_STANDARD = gnu17;
				GCC_NO_COMMON_BLOCKS = YES;
				GCC_WARN_64_TO_32_BIT_CONVERSION = YES;
				GCC_WARN_ABOUT_RETURN_TYPE = YES_ERROR;
				GCC_WARN_UNDECLARED_SELECTOR = YES;
				GCC_WARN_UNINITIALIZED_AUTOS = YES_AGGRESSIVE;
				GCC_WARN_UNUSED_FUNCTION = YES;
				GCC_WARN_UNUSED_VARIABLE = YES;
				IPHONEOS_DEPLOYMENT_TARGET = 17.2;
				LOCALIZATION_PREFERS_STRING_CATALOGS = YES;
				MTL_ENABLE_DEBUG_INFO = NO;
				MTL_FAST_MATH = YES;
				SDKROOT = iphoneos;
				SWIFT_COMPILATION_MODE = wholemodule;
				VALIDATE_PRODUCT = YES;
			};
			name = Release;
		};
		28FD31F62BB733BE005D407E /* Debug */ = {
			isa = XCBuildConfiguration;
			baseConfigurationReference = 8AA0CA6C9D4141C11A59550B /* Pods-AnimalGestioneProject.debug.xcconfig */;
			buildSettings = {
				ASSETCATALOG_COMPILER_APPICON_NAME = AppIcon;
				ASSETCATALOG_COMPILER_GLOBAL_ACCENT_COLOR_NAME = AccentColor;
				CODE_SIGN_STYLE = Automatic;
				CURRENT_PROJECT_VERSION = 1;
				DEVELOPMENT_ASSET_PATHS = "\"AnimalGestioneProject/Preview Content\"";
				DEVELOPMENT_TEAM = V47R62H7V3;
				ENABLE_PREVIEWS = YES;
				GENERATE_INFOPLIST_FILE = NO;
				INFOPLIST_FILE = "$(SRCROOT)/AnimalGestioneProject/Info.plist";
				INFOPLIST_KEY_UIApplicationSceneManifest_Generation = YES;
				INFOPLIST_KEY_UIApplicationSupportsIndirectInputEvents = YES;
				INFOPLIST_KEY_UILaunchScreen_Generation = YES;
				INFOPLIST_KEY_UISupportedInterfaceOrientations_iPad = "UIInterfaceOrientationPortrait UIInterfaceOrientationPortraitUpsideDown UIInterfaceOrientationLandscapeLeft UIInterfaceOrientationLandscapeRight";
				INFOPLIST_KEY_UISupportedInterfaceOrientations_iPhone = "UIInterfaceOrientationPortrait UIInterfaceOrientationLandscapeLeft UIInterfaceOrientationLandscapeRight";
				LD_RUNPATH_SEARCH_PATHS = (
					"$(inherited)",
					"@executable_path/Frameworks",
				);
				MARKETING_VERSION = 1.0;
				PRODUCT_BUNDLE_IDENTIFIER = Ks.AnimalGestioneProject;
				PRODUCT_NAME = "$(TARGET_NAME)";
				SWIFT_EMIT_LOC_STRINGS = YES;
				SWIFT_VERSION = 5.0;
				TARGETED_DEVICE_FAMILY = "1,2";
			};
			name = Debug;
		};
		28FD31F72BB733BE005D407E /* Release */ = {
			isa = XCBuildConfiguration;
			baseConfigurationReference = C460B614CA6BB135A14C028C /* Pods-AnimalGestioneProject.release.xcconfig */;
			buildSettings = {
				ASSETCATALOG_COMPILER_APPICON_NAME = AppIcon;
				ASSETCATALOG_COMPILER_GLOBAL_ACCENT_COLOR_NAME = AccentColor;
				CODE_SIGN_STYLE = Automatic;
				CURRENT_PROJECT_VERSION = 1;
				DEVELOPMENT_ASSET_PATHS = "\"AnimalGestioneProject/Preview Content\"";
				DEVELOPMENT_TEAM = V47R62H7V3;
				ENABLE_PREVIEWS = YES;
				GENERATE_INFOPLIST_FILE = NO;
				INFOPLIST_FILE = "$(SRCROOT)/AnimalGestioneProject/Info.plist";
				INFOPLIST_KEY_UIApplicationSceneManifest_Generation = YES;
				INFOPLIST_KEY_UIApplicationSupportsIndirectInputEvents = YES;
				INFOPLIST_KEY_UILaunchScreen_Generation = YES;
				INFOPLIST_KEY_UISupportedInterfaceOrientations_iPad = "UIInterfaceOrientationPortrait UIInterfaceOrientationPortraitUpsideDown UIInterfaceOrientationLandscapeLeft UIInterfaceOrientationLandscapeRight";
				INFOPLIST_KEY_UISupportedInterfaceOrientations_iPhone = "UIInterfaceOrientationPortrait UIInterfaceOrientationLandscapeLeft UIInterfaceOrientationLandscapeRight";
				LD_RUNPATH_SEARCH_PATHS = (
					"$(inherited)",
					"@executable_path/Frameworks",
				);
				MARKETING_VERSION = 1.0;
				PRODUCT_BUNDLE_IDENTIFIER = Ks.AnimalGestioneProject;
				PRODUCT_NAME = "$(TARGET_NAME)";
				SWIFT_EMIT_LOC_STRINGS = YES;
				SWIFT_VERSION = 5.0;
				TARGETED_DEVICE_FAMILY = "1,2";
			};
			name = Release;
		};
		28FD31F92BB733BE005D407E /* Debug */ = {
			isa = XCBuildConfiguration;
			baseConfigurationReference = 67BE3A616E48A669D9BC8FB0 /* Pods-AnimalGestioneProjectTests.debug.xcconfig */;
			buildSettings = {
				BUNDLE_LOADER = "$(TEST_HOST)";
				CODE_SIGN_STYLE = Automatic;
				CURRENT_PROJECT_VERSION = 1;
				DEVELOPMENT_TEAM = V47R62H7V3;
				GENERATE_INFOPLIST_FILE = YES;
				IPHONEOS_DEPLOYMENT_TARGET = 17.2;
				MARKETING_VERSION = 1.0;
				PRODUCT_BUNDLE_IDENTIFIER = Ks.AnimalGestioneProjectTests;
				PRODUCT_NAME = "$(TARGET_NAME)";
				SWIFT_EMIT_LOC_STRINGS = NO;
				SWIFT_VERSION = 5.0;
				TARGETED_DEVICE_FAMILY = "1,2";
				TEST_HOST = "$(BUILT_PRODUCTS_DIR)/AnimalGestioneProject.app/$(BUNDLE_EXECUTABLE_FOLDER_PATH)/AnimalGestioneProject";
			};
			name = Debug;
		};
		28FD31FA2BB733BE005D407E /* Release */ = {
			isa = XCBuildConfiguration;
			baseConfigurationReference = D7BD5662B3B360EA6743C6A8 /* Pods-AnimalGestioneProjectTests.release.xcconfig */;
			buildSettings = {
				BUNDLE_LOADER = "$(TEST_HOST)";
				CODE_SIGN_STYLE = Automatic;
				CURRENT_PROJECT_VERSION = 1;
				DEVELOPMENT_TEAM = V47R62H7V3;
				GENERATE_INFOPLIST_FILE = YES;
				IPHONEOS_DEPLOYMENT_TARGET = 17.2;
				MARKETING_VERSION = 1.0;
				PRODUCT_BUNDLE_IDENTIFIER = Ks.AnimalGestioneProjectTests;
				PRODUCT_NAME = "$(TARGET_NAME)";
				SWIFT_EMIT_LOC_STRINGS = NO;
				SWIFT_VERSION = 5.0;
				TARGETED_DEVICE_FAMILY = "1,2";
				TEST_HOST = "$(BUILT_PRODUCTS_DIR)/AnimalGestioneProject.app/$(BUNDLE_EXECUTABLE_FOLDER_PATH)/AnimalGestioneProject";
			};
			name = Release;
		};
		28FD31FC2BB733BE005D407E /* Debug */ = {
			isa = XCBuildConfiguration;
			baseConfigurationReference = 7DAF31EEA700901297C67B47 /* Pods-AnimalGestioneProject-AnimalGestioneProjectUITests.debug.xcconfig */;
			buildSettings = {
				CODE_SIGN_STYLE = Automatic;
				CURRENT_PROJECT_VERSION = 1;
				DEVELOPMENT_TEAM = V47R62H7V3;
				GENERATE_INFOPLIST_FILE = YES;
				MARKETING_VERSION = 1.0;
				PRODUCT_BUNDLE_IDENTIFIER = Ks.AnimalGestioneProjectUITests;
				PRODUCT_NAME = "$(TARGET_NAME)";
				SWIFT_EMIT_LOC_STRINGS = NO;
				SWIFT_VERSION = 5.0;
				TARGETED_DEVICE_FAMILY = "1,2";
				TEST_TARGET_NAME = AnimalGestioneProject;
			};
			name = Debug;
		};
		28FD31FD2BB733BE005D407E /* Release */ = {
			isa = XCBuildConfiguration;
			baseConfigurationReference = 2DE34C90300A551CE820A7BD /* Pods-AnimalGestioneProject-AnimalGestioneProjectUITests.release.xcconfig */;
			buildSettings = {
				CODE_SIGN_STYLE = Automatic;
				CURRENT_PROJECT_VERSION = 1;
				DEVELOPMENT_TEAM = V47R62H7V3;
				GENERATE_INFOPLIST_FILE = YES;
				MARKETING_VERSION = 1.0;
				PRODUCT_BUNDLE_IDENTIFIER = Ks.AnimalGestioneProjectUITests;
				PRODUCT_NAME = "$(TARGET_NAME)";
				SWIFT_EMIT_LOC_STRINGS = NO;
				SWIFT_VERSION = 5.0;
				TARGETED_DEVICE_FAMILY = "1,2";
				TEST_TARGET_NAME = AnimalGestioneProject;
			};
			name = Release;
		};
/* End XCBuildConfiguration section */

/* Begin XCConfigurationList section */
		28FD31CC2BB733BD005D407E /* Build configuration list for PBXProject "AnimalGestioneProject" */ = {
			isa = XCConfigurationList;
			buildConfigurations = (
				28FD31F32BB733BE005D407E /* Debug */,
				28FD31F42BB733BE005D407E /* Release */,
			);
			defaultConfigurationIsVisible = 0;
			defaultConfigurationName = Release;
		};
		28FD31F52BB733BE005D407E /* Build configuration list for PBXNativeTarget "AnimalGestioneProject" */ = {
			isa = XCConfigurationList;
			buildConfigurations = (
				28FD31F62BB733BE005D407E /* Debug */,
				28FD31F72BB733BE005D407E /* Release */,
			);
			defaultConfigurationIsVisible = 0;
			defaultConfigurationName = Release;
		};
		28FD31F82BB733BE005D407E /* Build configuration list for PBXNativeTarget "AnimalGestioneProjectTests" */ = {
			isa = XCConfigurationList;
			buildConfigurations = (
				28FD31F92BB733BE005D407E /* Debug */,
				28FD31FA2BB733BE005D407E /* Release */,
			);
			defaultConfigurationIsVisible = 0;
			defaultConfigurationName = Release;
		};
		28FD31FB2BB733BE005D407E /* Build configuration list for PBXNativeTarget "AnimalGestioneProjectUITests" */ = {
			isa = XCConfigurationList;
			buildConfigurations = (
				28FD31FC2BB733BE005D407E /* Debug */,
				28FD31FD2BB733BE005D407E /* Release */,
			);
			defaultConfigurationIsVisible = 0;
			defaultConfigurationName = Release;
		};
/* End XCConfigurationList section */

/* Begin XCVersionGroup section */
		28FE95C52DD33AC400ECAE5B /* AnimalGestione.xcdatamodeld */ = {
			isa = XCVersionGroup;
			children = (
				28FE96172DD33AC400ECAE5B /* AnimalGestione.xcdatamodel */,
			);
			currentVersion = 28FE96172DD33AC400ECAE5B /* AnimalGestione.xcdatamodel */;
			path = AnimalGestione.xcdatamodeld;
			sourceTree = "<group>";
			versionGroupType = wrapper.xcdatamodel;
		};
/* End XCVersionGroup section */
	};
	rootObject = 28FD31C92BB733BD005D407E /* Project object */;
}
