// !$*UTF8*$!
{
	archiveVersion = 1;
	classes = {
	};
	objectVersion = 60;
	objects = {

/* Begin PBXBuildFile section */
		283DA1342DDB8AF70074C330 /* WebKit.framework in Frameworks */ = {isa = PBXBuildFile; fileRef = 283DA1332DDB8AF70074C330 /* WebKit.framework */; };
		28402A2B2DDB8CF2004680F8 /* AVFoundation.framework in Frameworks */ = {isa = PBXBuildFile; fileRef = 28402A2A2DDB8CF2004680F8 /* AVFoundation.framework */; };
		28402A2D2DDB8CFA004680F8 /* AudioToolbox.framework in Frameworks */ = {isa = PBXBuildFile; fileRef = 28402A2C2DDB8CFA004680F8 /* AudioToolbox.framework */; };
		28402A2F2DDB8D01004680F8 /* CFNetwork.framework in Frameworks */ = {isa = PBXBuildFile; fileRef = 28402A2E2DDB8D00004680F8 /* CFNetwork.framework */; };
		28402A312DDB8D07004680F8 /* CoreGraphics.framework in Frameworks */ = {isa = PBXBuildFile; fileRef = 28402A302DDB8D07004680F8 /* CoreGraphics.framework */; };
		28402A332DDB8D0D004680F8 /* CoreMedia.framework in Frameworks */ = {isa = PBXBuildFile; fileRef = 28402A322DDB8D0D004680F8 /* CoreMedia.framework */; };
		28402A352DDB8D14004680F8 /* CoreTelephony.framework in Frameworks */ = {isa = PBXBuildFile; fileRef = 28402A342DDB8D14004680F8 /* CoreTelephony.framework */; };
		28402A372DDB8D1C004680F8 /* CoreVideo.framework in Frameworks */ = {isa = PBXBuildFile; fileRef = 28402A362DDB8D1C004680F8 /* CoreVideo.framework */; };
		28402A392DDB8D22004680F8 /* JavaScriptCore.framework in Frameworks */ = {isa = PBXBuildFile; fileRef = 28402A382DDB8D22004680F8 /* JavaScriptCore.framework */; };
		28402A3B2DDB8D29004680F8 /* MediaPlayer.framework in Frameworks */ = {isa = PBXBuildFile; fileRef = 28402A3A2DDB8D29004680F8 /* MediaPlayer.framework */; };
		28402A3D2DDB8D2F004680F8 /* MessageUI.framework in Frameworks */ = {isa = PBXBuildFile; fileRef = 28402A3C2DDB8D2F004680F8 /* MessageUI.framework */; };
		28402A3F2DDB8D35004680F8 /* MobileCoreServices.framework in Frameworks */ = {isa = PBXBuildFile; fileRef = 28402A3E2DDB8D35004680F8 /* MobileCoreServices.framework */; };
		28402A412DDB8D3F004680F8 /* Network.framework in Frameworks */ = {isa = PBXBuildFile; fileRef = 28402A402DDB8D3F004680F8 /* Network.framework */; };
		28402A432DDB8D45004680F8 /* QuartzCore.framework in Frameworks */ = {isa = PBXBuildFile; fileRef = 28402A422DDB8D45004680F8 /* QuartzCore.framework */; };
		28402A452DDB8D4B004680F8 /* Security.framework in Frameworks */ = {isa = PBXBuildFile; fileRef = 28402A442DDB8D4A004680F8 /* Security.framework */; };
		28402A472DDB8D50004680F8 /* StoreKit.framework in Frameworks */ = {isa = PBXBuildFile; fileRef = 28402A462DDB8D50004680F8 /* StoreKit.framework */; };
		28402A492DDB8D56004680F8 /* SystemConfiguration.framework in Frameworks */ = {isa = PBXBuildFile; fileRef = 28402A482DDB8D56004680F8 /* SystemConfiguration.framework */; };
		28402A4B2DDBA3AF004680F8 /* GoogleMobileAds.xcframework in Frameworks */ = {isa = PBXBuildFile; fileRef = 28402A4A2DDBA3AF004680F8 /* GoogleMobileAds.xcframework */; };
		28402A4C2DDBA3AF004680F8 /* GoogleMobileAds.xcframework in Embed Frameworks */ = {isa = PBXBuildFile; fileRef = 28402A4A2DDBA3AF004680F8 /* GoogleMobileAds.xcframework */; settings = {ATTRIBUTES = (CodeSignOnCopy, RemoveHeadersOnCopy, ); }; };
		28BC2F062DDA4DDB007385DE /* NotificationManager.swift in Sources */ = {isa = PBXBuildFile; fileRef = 28BC2E3F2DDA4DDB007385DE /* NotificationManager.swift */; };
		28BC2F072DDA4DDB007385DE /* AdConfig.swift in Sources */ = {isa = PBXBuildFile; fileRef = 28BC2E1B2DDA4DDB007385DE /* AdConfig.swift */; };
		28BC2F092DDA4DDB007385DE /* ScheduleEditView.swift in Sources */ = {isa = PBXBuildFile; fileRef = 28BC2E6D2DDA4DDB007385DE /* ScheduleEditView.swift */; };
		28BC2F0A2DDA4DDB007385DE /* SimplePrivacyConsent.swift in Sources */ = {isa = PBXBuildFile; fileRef = 28BC2E6F2DDA4DDB007385DE /* SimplePrivacyConsent.swift */; };
		28BC2F0B2DDA4DDB007385DE /* AdManager.swift in Sources */ = {isa = PBXBuildFile; fileRef = 28BC2E4A2DDA4DDB007385DE /* AdManager.swift */; };
		28BC2F0C2DDA4DDB007385DE /* HealthRecordView.swift in Sources */ = {isa = PBXBuildFile; fileRef = 28BC2E642DDA4DDB007385DE /* HealthRecordView.swift */; };
		28BC2F0D2DDA4DDB007385DE /* EnhancedAnimalListView.swift in Sources */ = {isa = PBXBuildFile; fileRef = 28BC2E5E2DDA4DDB007385DE /* EnhancedAnimalListView.swift */; };
		28BC2F0E2DDA4DDB007385DE /* EmbeddedPrivacyPolicyView.swift in Sources */ = {isa = PBXBuildFile; fileRef = 28BC2E5D2DDA4DDB007385DE /* EmbeddedPrivacyPolicyView.swift */; };
		28BC2F0F2DDA4DDB007385DE /* URLProvider.swift in Sources */ = {isa = PBXBuildFile; fileRef = 28BC2E1D2DDA4DDB007385DE /* URLProvider.swift */; };
		28BC2F102DDA4DDB007385DE /* PhysiologicalCycleView.swift in Sources */ = {isa = PBXBuildFile; fileRef = 28BC2E682DDA4DDB007385DE /* PhysiologicalCycleView.swift */; };
		28BC2F122DDA4DDB007385DE /* InAppPurchaseManager.swift in Sources */ = {isa = PBXBuildFile; fileRef = 28BC2E442DDA4DDB007385DE /* InAppPurchaseManager.swift */; };
		28BC2F132DDA4DDB007385DE /* SupportView.swift in Sources */ = {isa = PBXBuildFile; fileRef = 28BC2E722DDA4DDB007385DE /* SupportView.swift */; };
		28BC2F142DDA4DDB007385DE /* GroomingRecordView.swift in Sources */ = {isa = PBXBuildFile; fileRef = 28BC2E622DDA4DDB007385DE /* GroomingRecordView.swift */; };
		28BC2F152DDA4DDB007385DE /* ContactViews.swift in Sources */ = {isa = PBXBuildFile; fileRef = 28BC2E542DDA4DDB007385DE /* ContactViews.swift */; };
		28BC2F162DDA4DDB007385DE /* AnimalDetailView+ColorPicker.swift in Sources */ = {isa = PBXBuildFile; fileRef = 28BC2E5A2DDA4DDB007385DE /* AnimalDetailView+ColorPicker.swift */; };
		28BC2F172DDA4DDB007385DE /* NotificationsListView.swift in Sources */ = {isa = PBXBuildFile; fileRef = 28BC2E402DDA4DDB007385DE /* NotificationsListView.swift */; };
		28BC2F192DDA4DDB007385DE /* SettingsView.swift in Sources */ = {isa = PBXBuildFile; fileRef = 28BC2E6E2DDA4DDB007385DE /* SettingsView.swift */; };
		28BC2F1A2DDA4DDB007385DE /* CheckupRecord.swift in Sources */ = {isa = PBXBuildFile; fileRef = 28BC2E382DDA4DDB007385DE /* CheckupRecord.swift */; };
		28BC2F1B2DDA4DDB007385DE /* SubscriptionManager.swift in Sources */ = {isa = PBXBuildFile; fileRef = 28BC2E452DDA4DDB007385DE /* SubscriptionManager.swift */; };
		28BC2F1C2DDA4DDB007385DE /* PrivacyPolicyConsentView.swift in Sources */ = {isa = PBXBuildFile; fileRef = 28BC2E6A2DDA4DDB007385DE /* PrivacyPolicyConsentView.swift */; };
		28BC2F1D2DDA4DDB007385DE /* HealthChartView.swift in Sources */ = {isa = PBXBuildFile; fileRef = 28BC2E632DDA4DDB007385DE /* HealthChartView.swift */; };
		28BC2F1E2DDA4DDB007385DE /* AnimalDetailView.swift in Sources */ = {isa = PBXBuildFile; fileRef = 28BC2E592DDA4DDB007385DE /* AnimalDetailView.swift */; };
		28BC2F1F2DDA4DDB007385DE /* WeightRecord.swift in Sources */ = {isa = PBXBuildFile; fileRef = 28BC2E3D2DDA4DDB007385DE /* WeightRecord.swift */; };
		28BC2F202DDA4DDB007385DE /* EnhancedCalendarView.swift in Sources */ = {isa = PBXBuildFile; fileRef = 28BC2E5F2DDA4DDB007385DE /* EnhancedCalendarView.swift */; };
		28BC2F212DDA4DDB007385DE /* InterstitialAdManager.swift in Sources */ = {isa = PBXBuildFile; fileRef = 28BC2E4C2DDA4DDB007385DE /* InterstitialAdManager.swift */; };
		28BC2F222DDA4DDB007385DE /* PrivacyPolicyView.swift in Sources */ = {isa = PBXBuildFile; fileRef = 28BC2E6C2DDA4DDB007385DE /* PrivacyPolicyView.swift */; };
		28BC2F232DDA4DDB007385DE /* AnimalDataStore.swift in Sources */ = {isa = PBXBuildFile; fileRef = 28BC2E2B2DDA4DDB007385DE /* AnimalDataStore.swift */; };
		28BC2F242DDA4DDB007385DE /* DataExportImportManager.swift in Sources */ = {isa = PBXBuildFile; fileRef = 28BC2E272DDA4DDB007385DE /* DataExportImportManager.swift */; };
		28BC2F252DDA4DDB007385DE /* AnimalModel.swift in Sources */ = {isa = PBXBuildFile; fileRef = 28BC2E362DDA4DDB007385DE /* AnimalModel.swift */; };
		28BC2F262DDA4DDB007385DE /* PremiumSubscriptionView.swift in Sources */ = {isa = PBXBuildFile; fileRef = 28BC2E692DDA4DDB007385DE /* PremiumSubscriptionView.swift */; };
		28BC2F272DDA4DDB007385DE /* AppSetupManager.swift in Sources */ = {isa = PBXBuildFile; fileRef = 28BC2E1C2DDA4DDB007385DE /* AppSetupManager.swift */; };
		28BC2F292DDA4DDB007385DE /* GroomingRecord.swift in Sources */ = {isa = PBXBuildFile; fileRef = 28BC2E392DDA4DDB007385DE /* GroomingRecord.swift */; };
		28BC2F2A2DDA4DDB007385DE /* AnimalGestioneProjectApp.swift in Sources */ = {isa = PBXBuildFile; fileRef = 28BC2E762DDA4DDB007385DE /* AnimalGestioneProjectApp.swift */; };
		28BC2F2B2DDA4DDB007385DE /* SearchBar.swift in Sources */ = {isa = PBXBuildFile; fileRef = 28BC2E512DDA4DDB007385DE /* SearchBar.swift */; };
		28BC2F2C2DDA4DDB007385DE /* VaccineRecord.swift in Sources */ = {isa = PBXBuildFile; fileRef = 28BC2E3C2DDA4DDB007385DE /* VaccineRecord.swift */; };
		28BC2F2D2DDA4DDB007385DE /* WeightRecordView.swift in Sources */ = {isa = PBXBuildFile; fileRef = 28BC2E742DDA4DDB007385DE /* WeightRecordView.swift */; };
		28BC2F2E2DDA4DDB007385DE /* EnhancedHomeView.swift in Sources */ = {isa = PBXBuildFile; fileRef = 28BC2E612DDA4DDB007385DE /* EnhancedHomeView.swift */; };
		28BC2F2F2DDA4DDB007385DE /* PremiumPurchaseView.swift in Sources */ = {isa = PBXBuildFile; fileRef = 28BC2E4D2DDA4DDB007385DE /* PremiumPurchaseView.swift */; };
		28BC2F302DDA4DDB007385DE /* CSVDataExportManager.swift in Sources */ = {isa = PBXBuildFile; fileRef = 28BC2E252DDA4DDB007385DE /* CSVDataExportManager.swift */; };
		28BC2F312DDA4DDB007385DE /* InlinePrivacyViews.swift in Sources */ = {isa = PBXBuildFile; fileRef = 28BC2E662DDA4DDB007385DE /* InlinePrivacyViews.swift */; };
		28BC2F322DDA4DDB007385DE /* SplashScreen.swift in Sources */ = {isa = PBXBuildFile; fileRef = 28BC2E702DDA4DDB007385DE /* SplashScreen.swift */; };
		28BC2F332DDA4DDB007385DE /* MedicationRecord.swift in Sources */ = {isa = PBXBuildFile; fileRef = 28BC2E3A2DDA4DDB007385DE /* MedicationRecord.swift */; };
		28BC2F342DDA4DDB007385DE /* IntegratedSupportView.swift in Sources */ = {isa = PBXBuildFile; fileRef = 28BC2E672DDA4DDB007385DE /* IntegratedSupportView.swift */; };
		28BC2F352DDA4DDB007385DE /* Color+Extensions.swift in Sources */ = {isa = PBXBuildFile; fileRef = 28BC2E2D2DDA4DDB007385DE /* Color+Extensions.swift */; };
		28BC2F362DDA4DDB007385DE /* ColorPickerView.swift in Sources */ = {isa = PBXBuildFile; fileRef = 28BC2E5B2DDA4DDB007385DE /* ColorPickerView.swift */; };
		28BC2F372DDA4DDB007385DE /* VaccineRecordView.swift in Sources */ = {isa = PBXBuildFile; fileRef = 28BC2E732DDA4DDB007385DE /* VaccineRecordView.swift */; };
		28BC2F382DDA4DDB007385DE /* CoreDataStore+Records.swift in Sources */ = {isa = PBXBuildFile; fileRef = 28BC2E222DDA4DDB007385DE /* CoreDataStore+Records.swift */; };
		28BC2F392DDA4DDB007385DE /* RewardedAdManager.swift in Sources */ = {isa = PBXBuildFile; fileRef = 28BC2E4E2DDA4DDB007385DE /* RewardedAdManager.swift */; };
		28BC2F3A2DDA4DDB007385DE /* BannerAdView.swift in Sources */ = {isa = PBXBuildFile; fileRef = 28BC2E4B2DDA4DDB007385DE /* BannerAdView.swift */; };
		28BC2F3B2DDA4DDB007385DE /* AppDelegate.swift in Sources */ = {isa = PBXBuildFile; fileRef = 28BC2E772DDA4DDB007385DE /* AppDelegate.swift */; };
		28BC2F3C2DDA4DDB007385DE /* EditAnimalView.swift in Sources */ = {isa = PBXBuildFile; fileRef = 28BC2E5C2DDA4DDB007385DE /* EditAnimalView.swift */; };
		28BC2F3D2DDA4DDB007385DE /* DataManagementView.swift in Sources */ = {isa = PBXBuildFile; fileRef = 28BC2E282DDA4DDB007385DE /* DataManagementView.swift */; };
		28BC2F3E2DDA4DDB007385DE /* CSVExportView.swift in Sources */ = {isa = PBXBuildFile; fileRef = 28BC2E262DDA4DDB007385DE /* CSVExportView.swift */; };
		28BC2F3F2DDA4DDB007385DE /* CoreDataStore.swift in Sources */ = {isa = PBXBuildFile; fileRef = 28BC2E212DDA4DDB007385DE /* CoreDataStore.swift */; };
		28BC2F402DDA4DDB007385DE /* EnhancedContentView.swift in Sources */ = {isa = PBXBuildFile; fileRef = 28BC2E602DDA4DDB007385DE /* EnhancedContentView.swift */; };
		28BC2F412DDA4DDB007385DE /* FAQViews.swift in Sources */ = {isa = PBXBuildFile; fileRef = 28BC2E552DDA4DDB007385DE /* FAQViews.swift */; };
		28BC2F422DDA4DDB007385DE /* PersistenceController.swift in Sources */ = {isa = PBXBuildFile; fileRef = 28BC2E232DDA4DDB007385DE /* PersistenceController.swift */; };
		28BC2F432DDA4DDB007385DE /* OtherRecord.swift in Sources */ = {isa = PBXBuildFile; fileRef = 28BC2E3B2DDA4DDB007385DE /* OtherRecord.swift */; };
		28BC2F442DDA4DDB007385DE /* DebugDataExport.swift in Sources */ = {isa = PBXBuildFile; fileRef = 28BC2E292DDA4DDB007385DE /* DebugDataExport.swift */; };
		28BC2F452DDA4DDB007385DE /* AnimalModel+CoreData.swift in Sources */ = {isa = PBXBuildFile; fileRef = 28BC2E372DDA4DDB007385DE /* AnimalModel+CoreData.swift */; };
		28BC2F462DDA4DDB007385DE /* SupportURLView.swift in Sources */ = {isa = PBXBuildFile; fileRef = 28BC2E712DDA4DDB007385DE /* SupportURLView.swift */; };
		28BC2F472DDA4DDB007385DE /* SubscriptionProduct.swift in Sources */ = {isa = PBXBuildFile; fileRef = 28BC2E462DDA4DDB007385DE /* SubscriptionProduct.swift */; };
		28BC2F482DDA4DDB007385DE /* AdContainerView.swift in Sources */ = {isa = PBXBuildFile; fileRef = 28BC2E492DDA4DDB007385DE /* AdContainerView.swift */; };
		28BC2F492DDA4DDB007385DE /* RewardedFeatureView.swift in Sources */ = {isa = PBXBuildFile; fileRef = 28BC2E4F2DDA4DDB007385DE /* RewardedFeatureView.swift */; };
		28BC2F4A2DDA4DDB007385DE /* PrivacyPolicyURLView.swift in Sources */ = {isa = PBXBuildFile; fileRef = 28BC2E6B2DDA4DDB007385DE /* PrivacyPolicyURLView.swift */; };
		28BC2F4C2DDA4DDB007385DE /* GuideDetailView.swift in Sources */ = {isa = PBXBuildFile; fileRef = 28BC2E562DDA4DDB007385DE /* GuideDetailView.swift */; };
		28BC2F4D2DDA4DDB007385DE /* ImagePicker.swift in Sources */ = {isa = PBXBuildFile; fileRef = 28BC2E652DDA4DDB007385DE /* ImagePicker.swift */; };
		28BC2F4E2DDA4DDB007385DE /* AnimalGestione.xcdatamodeld in Sources */ = {isa = PBXBuildFile; fileRef = 28BC2E202DDA4DDB007385DE /* AnimalGestione.xcdatamodeld */; };
		28BC2F4F2DDA4DDB007385DE /* AddAnimalView.swift in Sources */ = {isa = PBXBuildFile; fileRef = 28BC2E582DDA4DDB007385DE /* AddAnimalView.swift */; };
/* End PBXBuildFile section */

/* Begin PBXContainerItemProxy section */
		28FD31E22BB733BE005D407E /* PBXContainerItemProxy */ = {
			isa = PBXContainerItemProxy;
			containerPortal = 28FD31C92BB733BD005D407E /* Project object */;
			proxyType = 1;
			remoteGlobalIDString = 28FD31D02BB733BD005D407E;
			remoteInfo = AnimalGestioneProject;
		};
		28FD31EC2BB733BE005D407E /* PBXContainerItemProxy */ = {
			isa = PBXContainerItemProxy;
			containerPortal = 28FD31C92BB733BD005D407E /* Project object */;
			proxyType = 1;
			remoteGlobalIDString = 28FD31D02BB733BD005D407E;
			remoteInfo = AnimalGestioneProject;
		};
/* End PBXContainerItemProxy section */

/* Begin PBXCopyFilesBuildPhase section */
		28402A4D2DDBA3AF004680F8 /* Embed Frameworks */ = {
			isa = PBXCopyFilesBuildPhase;
			buildActionMask = 2147483647;
			dstPath = "";
			dstSubfolderSpec = 10;
			files = (
				28402A4C2DDBA3AF004680F8 /* GoogleMobileAds.xcframework in Embed Frameworks */,
			);
			name = "Embed Frameworks";
			runOnlyForDeploymentPostprocessing = 0;
		};
/* End PBXCopyFilesBuildPhase section */

/* Begin PBXFileReference section */
		283DA1332DDB8AF70074C330 /* WebKit.framework */ = {isa = PBXFileReference; lastKnownFileType = wrapper.framework; name = WebKit.framework; path = System/Library/Frameworks/WebKit.framework; sourceTree = SDKROOT; };
		28402A2A2DDB8CF2004680F8 /* AVFoundation.framework */ = {isa = PBXFileReference; lastKnownFileType = wrapper.framework; name = AVFoundation.framework; path = System/Library/Frameworks/AVFoundation.framework; sourceTree = SDKROOT; };
		28402A2C2DDB8CFA004680F8 /* AudioToolbox.framework */ = {isa = PBXFileReference; lastKnownFileType = wrapper.framework; name = AudioToolbox.framework; path = System/Library/Frameworks/AudioToolbox.framework; sourceTree = SDKROOT; };
		28402A2E2DDB8D00004680F8 /* CFNetwork.framework */ = {isa = PBXFileReference; lastKnownFileType = wrapper.framework; name = CFNetwork.framework; path = System/Library/Frameworks/CFNetwork.framework; sourceTree = SDKROOT; };
		28402A302DDB8D07004680F8 /* CoreGraphics.framework */ = {isa = PBXFileReference; lastKnownFileType = wrapper.framework; name = CoreGraphics.framework; path = System/Library/Frameworks/CoreGraphics.framework; sourceTree = SDKROOT; };
		28402A322DDB8D0D004680F8 /* CoreMedia.framework */ = {isa = PBXFileReference; lastKnownFileType = wrapper.framework; name = CoreMedia.framework; path = System/Library/Frameworks/CoreMedia.framework; sourceTree = SDKROOT; };
		28402A342DDB8D14004680F8 /* CoreTelephony.framework */ = {isa = PBXFileReference; lastKnownFileType = wrapper.framework; name = CoreTelephony.framework; path = System/Library/Frameworks/CoreTelephony.framework; sourceTree = SDKROOT; };
		28402A362DDB8D1C004680F8 /* CoreVideo.framework */ = {isa = PBXFileReference; lastKnownFileType = wrapper.framework; name = CoreVideo.framework; path = System/Library/Frameworks/CoreVideo.framework; sourceTree = SDKROOT; };
		28402A382DDB8D22004680F8 /* JavaScriptCore.framework */ = {isa = PBXFileReference; lastKnownFileType = wrapper.framework; name = JavaScriptCore.framework; path = System/Library/Frameworks/JavaScriptCore.framework; sourceTree = SDKROOT; };
		28402A3A2DDB8D29004680F8 /* MediaPlayer.framework */ = {isa = PBXFileReference; lastKnownFileType = wrapper.framework; name = MediaPlayer.framework; path = System/Library/Frameworks/MediaPlayer.framework; sourceTree = SDKROOT; };
		28402A3C2DDB8D2F004680F8 /* MessageUI.framework */ = {isa = PBXFileReference; lastKnownFileType = wrapper.framework; name = MessageUI.framework; path = System/Library/Frameworks/MessageUI.framework; sourceTree = SDKROOT; };
		28402A3E2DDB8D35004680F8 /* MobileCoreServices.framework */ = {isa = PBXFileReference; lastKnownFileType = wrapper.framework; name = MobileCoreServices.framework; path = System/Library/Frameworks/MobileCoreServices.framework; sourceTree = SDKROOT; };
		28402A402DDB8D3F004680F8 /* Network.framework */ = {isa = PBXFileReference; lastKnownFileType = wrapper.framework; name = Network.framework; path = System/Library/Frameworks/Network.framework; sourceTree = SDKROOT; };
		28402A422DDB8D45004680F8 /* QuartzCore.framework */ = {isa = PBXFileReference; lastKnownFileType = wrapper.framework; name = QuartzCore.framework; path = System/Library/Frameworks/QuartzCore.framework; sourceTree = SDKROOT; };
		28402A442DDB8D4A004680F8 /* Security.framework */ = {isa = PBXFileReference; lastKnownFileType = wrapper.framework; name = Security.framework; path = System/Library/Frameworks/Security.framework; sourceTree = SDKROOT; };
		28402A462DDB8D50004680F8 /* StoreKit.framework */ = {isa = PBXFileReference; lastKnownFileType = wrapper.framework; name = StoreKit.framework; path = System/Library/Frameworks/StoreKit.framework; sourceTree = SDKROOT; };
		28402A482DDB8D56004680F8 /* SystemConfiguration.framework */ = {isa = PBXFileReference; lastKnownFileType = wrapper.framework; name = SystemConfiguration.framework; path = System/Library/Frameworks/SystemConfiguration.framework; sourceTree = SDKROOT; };
		28402A4A2DDBA3AF004680F8 /* GoogleMobileAds.xcframework */ = {isa = PBXFileReference; expectedSignature = "AppleDeveloperProgram:EQHXZ8M8AV:Google LLC"; lastKnownFileType = wrapper.xcframework; name = GoogleMobileAds.xcframework; path = GoogleMobileAdsFramework/GoogleMobileAds.xcframework; sourceTree = "<group>"; };
		28BC2E1B2DDA4DDB007385DE /* AdConfig.swift */ = {isa = PBXFileReference; lastKnownFileType = sourcecode.swift; path = AdConfig.swift; sourceTree = "<group>"; };
		28BC2E1C2DDA4DDB007385DE /* AppSetupManager.swift */ = {isa = PBXFileReference; lastKnownFileType = sourcecode.swift; path = AppSetupManager.swift; sourceTree = "<group>"; };
		28BC2E1D2DDA4DDB007385DE /* URLProvider.swift */ = {isa = PBXFileReference; lastKnownFileType = sourcecode.swift; path = URLProvider.swift; sourceTree = "<group>"; };
		28BC2E212DDA4DDB007385DE /* CoreDataStore.swift */ = {isa = PBXFileReference; lastKnownFileType = sourcecode.swift; path = CoreDataStore.swift; sourceTree = "<group>"; };
		28BC2E222DDA4DDB007385DE /* CoreDataStore+Records.swift */ = {isa = PBXFileReference; lastKnownFileType = sourcecode.swift; path = "CoreDataStore+Records.swift"; sourceTree = "<group>"; };
		28BC2E232DDA4DDB007385DE /* PersistenceController.swift */ = {isa = PBXFileReference; lastKnownFileType = sourcecode.swift; path = PersistenceController.swift; sourceTree = "<group>"; };
		28BC2E252DDA4DDB007385DE /* CSVDataExportManager.swift */ = {isa = PBXFileReference; lastKnownFileType = sourcecode.swift; path = CSVDataExportManager.swift; sourceTree = "<group>"; };
		28BC2E262DDA4DDB007385DE /* CSVExportView.swift */ = {isa = PBXFileReference; lastKnownFileType = sourcecode.swift; path = CSVExportView.swift; sourceTree = "<group>"; };
		28BC2E272DDA4DDB007385DE /* DataExportImportManager.swift */ = {isa = PBXFileReference; lastKnownFileType = sourcecode.swift; path = DataExportImportManager.swift; sourceTree = "<group>"; };
		28BC2E282DDA4DDB007385DE /* DataManagementView.swift */ = {isa = PBXFileReference; lastKnownFileType = sourcecode.swift; path = DataManagementView.swift; sourceTree = "<group>"; };
		28BC2E292DDA4DDB007385DE /* DebugDataExport.swift */ = {isa = PBXFileReference; lastKnownFileType = sourcecode.swift; path = DebugDataExport.swift; sourceTree = "<group>"; };
		28BC2E2B2DDA4DDB007385DE /* AnimalDataStore.swift */ = {isa = PBXFileReference; lastKnownFileType = sourcecode.swift; path = AnimalDataStore.swift; sourceTree = "<group>"; };
		28BC2E2D2DDA4DDB007385DE /* Color+Extensions.swift */ = {isa = PBXFileReference; lastKnownFileType = sourcecode.swift; path = "Color+Extensions.swift"; sourceTree = "<group>"; };
		28BC2E362DDA4DDB007385DE /* AnimalModel.swift */ = {isa = PBXFileReference; lastKnownFileType = sourcecode.swift; path = AnimalModel.swift; sourceTree = "<group>"; };
		28BC2E372DDA4DDB007385DE /* AnimalModel+CoreData.swift */ = {isa = PBXFileReference; lastKnownFileType = sourcecode.swift; path = "AnimalModel+CoreData.swift"; sourceTree = "<group>"; };
		28BC2E382DDA4DDB007385DE /* CheckupRecord.swift */ = {isa = PBXFileReference; lastKnownFileType = sourcecode.swift; path = CheckupRecord.swift; sourceTree = "<group>"; };
		28BC2E392DDA4DDB007385DE /* GroomingRecord.swift */ = {isa = PBXFileReference; lastKnownFileType = sourcecode.swift; path = GroomingRecord.swift; sourceTree = "<group>"; };
		28BC2E3A2DDA4DDB007385DE /* MedicationRecord.swift */ = {isa = PBXFileReference; lastKnownFileType = sourcecode.swift; path = MedicationRecord.swift; sourceTree = "<group>"; };
		28BC2E3B2DDA4DDB007385DE /* OtherRecord.swift */ = {isa = PBXFileReference; lastKnownFileType = sourcecode.swift; path = OtherRecord.swift; sourceTree = "<group>"; };
		28BC2E3C2DDA4DDB007385DE /* VaccineRecord.swift */ = {isa = PBXFileReference; lastKnownFileType = sourcecode.swift; path = VaccineRecord.swift; sourceTree = "<group>"; };
		28BC2E3D2DDA4DDB007385DE /* WeightRecord.swift */ = {isa = PBXFileReference; lastKnownFileType = sourcecode.swift; path = WeightRecord.swift; sourceTree = "<group>"; };
		28BC2E3F2DDA4DDB007385DE /* NotificationManager.swift */ = {isa = PBXFileReference; lastKnownFileType = sourcecode.swift; path = NotificationManager.swift; sourceTree = "<group>"; };
		28BC2E402DDA4DDB007385DE /* NotificationsListView.swift */ = {isa = PBXFileReference; lastKnownFileType = sourcecode.swift; path = NotificationsListView.swift; sourceTree = "<group>"; };
		28BC2E422DDA4DDB007385DE /* Preview Assets.xcassets */ = {isa = PBXFileReference; lastKnownFileType = folder.assetcatalog; path = "Preview Assets.xcassets"; sourceTree = "<group>"; };
		28BC2E442DDA4DDB007385DE /* InAppPurchaseManager.swift */ = {isa = PBXFileReference; lastKnownFileType = sourcecode.swift; path = InAppPurchaseManager.swift; sourceTree = "<group>"; };
		28BC2E452DDA4DDB007385DE /* SubscriptionManager.swift */ = {isa = PBXFileReference; lastKnownFileType = sourcecode.swift; path = SubscriptionManager.swift; sourceTree = "<group>"; };
		28BC2E462DDA4DDB007385DE /* SubscriptionProduct.swift */ = {isa = PBXFileReference; lastKnownFileType = sourcecode.swift; path = SubscriptionProduct.swift; sourceTree = "<group>"; };
		28BC2E492DDA4DDB007385DE /* AdContainerView.swift */ = {isa = PBXFileReference; lastKnownFileType = sourcecode.swift; path = AdContainerView.swift; sourceTree = "<group>"; };
		28BC2E4A2DDA4DDB007385DE /* AdManager.swift */ = {isa = PBXFileReference; lastKnownFileType = sourcecode.swift; path = AdManager.swift; sourceTree = "<group>"; };
		28BC2E4B2DDA4DDB007385DE /* BannerAdView.swift */ = {isa = PBXFileReference; lastKnownFileType = sourcecode.swift; path = BannerAdView.swift; sourceTree = "<group>"; };
		28BC2E4C2DDA4DDB007385DE /* InterstitialAdManager.swift */ = {isa = PBXFileReference; lastKnownFileType = sourcecode.swift; path = InterstitialAdManager.swift; sourceTree = "<group>"; };
		28BC2E4D2DDA4DDB007385DE /* PremiumPurchaseView.swift */ = {isa = PBXFileReference; lastKnownFileType = sourcecode.swift; path = PremiumPurchaseView.swift; sourceTree = "<group>"; };
		28BC2E4E2DDA4DDB007385DE /* RewardedAdManager.swift */ = {isa = PBXFileReference; lastKnownFileType = sourcecode.swift; path = RewardedAdManager.swift; sourceTree = "<group>"; };
		28BC2E4F2DDA4DDB007385DE /* RewardedFeatureView.swift */ = {isa = PBXFileReference; lastKnownFileType = sourcecode.swift; path = RewardedFeatureView.swift; sourceTree = "<group>"; };
		28BC2E512DDA4DDB007385DE /* SearchBar.swift */ = {isa = PBXFileReference; lastKnownFileType = sourcecode.swift; path = SearchBar.swift; sourceTree = "<group>"; };
		28BC2E542DDA4DDB007385DE /* ContactViews.swift */ = {isa = PBXFileReference; lastKnownFileType = sourcecode.swift; path = ContactViews.swift; sourceTree = "<group>"; };
		28BC2E552DDA4DDB007385DE /* FAQViews.swift */ = {isa = PBXFileReference; lastKnownFileType = sourcecode.swift; path = FAQViews.swift; sourceTree = "<group>"; };
		28BC2E562DDA4DDB007385DE /* GuideDetailView.swift */ = {isa = PBXFileReference; lastKnownFileType = sourcecode.swift; path = GuideDetailView.swift; sourceTree = "<group>"; };
		28BC2E582DDA4DDB007385DE /* AddAnimalView.swift */ = {isa = PBXFileReference; lastKnownFileType = sourcecode.swift; path = AddAnimalView.swift; sourceTree = "<group>"; };
		28BC2E592DDA4DDB007385DE /* AnimalDetailView.swift */ = {isa = PBXFileReference; lastKnownFileType = sourcecode.swift; path = AnimalDetailView.swift; sourceTree = "<group>"; };
		28BC2E5A2DDA4DDB007385DE /* AnimalDetailView+ColorPicker.swift */ = {isa = PBXFileReference; lastKnownFileType = sourcecode.swift; path = "AnimalDetailView+ColorPicker.swift"; sourceTree = "<group>"; };
		28BC2E5B2DDA4DDB007385DE /* ColorPickerView.swift */ = {isa = PBXFileReference; lastKnownFileType = sourcecode.swift; path = ColorPickerView.swift; sourceTree = "<group>"; };
		28BC2E5C2DDA4DDB007385DE /* EditAnimalView.swift */ = {isa = PBXFileReference; lastKnownFileType = sourcecode.swift; path = EditAnimalView.swift; sourceTree = "<group>"; };
		28BC2E5D2DDA4DDB007385DE /* EmbeddedPrivacyPolicyView.swift */ = {isa = PBXFileReference; lastKnownFileType = sourcecode.swift; path = EmbeddedPrivacyPolicyView.swift; sourceTree = "<group>"; };
		28BC2E5E2DDA4DDB007385DE /* EnhancedAnimalListView.swift */ = {isa = PBXFileReference; lastKnownFileType = sourcecode.swift; path = EnhancedAnimalListView.swift; sourceTree = "<group>"; };
		28BC2E5F2DDA4DDB007385DE /* EnhancedCalendarView.swift */ = {isa = PBXFileReference; lastKnownFileType = sourcecode.swift; path = EnhancedCalendarView.swift; sourceTree = "<group>"; };
		28BC2E602DDA4DDB007385DE /* EnhancedContentView.swift */ = {isa = PBXFileReference; lastKnownFileType = sourcecode.swift; path = EnhancedContentView.swift; sourceTree = "<group>"; };
		28BC2E612DDA4DDB007385DE /* EnhancedHomeView.swift */ = {isa = PBXFileReference; lastKnownFileType = sourcecode.swift; path = EnhancedHomeView.swift; sourceTree = "<group>"; };
		28BC2E622DDA4DDB007385DE /* GroomingRecordView.swift */ = {isa = PBXFileReference; lastKnownFileType = sourcecode.swift; path = GroomingRecordView.swift; sourceTree = "<group>"; };
		28BC2E632DDA4DDB007385DE /* HealthChartView.swift */ = {isa = PBXFileReference; lastKnownFileType = sourcecode.swift; path = HealthChartView.swift; sourceTree = "<group>"; };
		28BC2E642DDA4DDB007385DE /* HealthRecordView.swift */ = {isa = PBXFileReference; lastKnownFileType = sourcecode.swift; path = HealthRecordView.swift; sourceTree = "<group>"; };
		28BC2E652DDA4DDB007385DE /* ImagePicker.swift */ = {isa = PBXFileReference; lastKnownFileType = sourcecode.swift; path = ImagePicker.swift; sourceTree = "<group>"; };
		28BC2E662DDA4DDB007385DE /* InlinePrivacyViews.swift */ = {isa = PBXFileReference; lastKnownFileType = sourcecode.swift; path = InlinePrivacyViews.swift; sourceTree = "<group>"; };
		28BC2E672DDA4DDB007385DE /* IntegratedSupportView.swift */ = {isa = PBXFileReference; lastKnownFileType = sourcecode.swift; path = IntegratedSupportView.swift; sourceTree = "<group>"; };
		28BC2E682DDA4DDB007385DE /* PhysiologicalCycleView.swift */ = {isa = PBXFileReference; lastKnownFileType = sourcecode.swift; path = PhysiologicalCycleView.swift; sourceTree = "<group>"; };
		28BC2E692DDA4DDB007385DE /* PremiumSubscriptionView.swift */ = {isa = PBXFileReference; lastKnownFileType = sourcecode.swift; path = PremiumSubscriptionView.swift; sourceTree = "<group>"; };
		28BC2E6A2DDA4DDB007385DE /* PrivacyPolicyConsentView.swift */ = {isa = PBXFileReference; lastKnownFileType = sourcecode.swift; path = PrivacyPolicyConsentView.swift; sourceTree = "<group>"; };
		28BC2E6B2DDA4DDB007385DE /* PrivacyPolicyURLView.swift */ = {isa = PBXFileReference; lastKnownFileType = sourcecode.swift; path = PrivacyPolicyURLView.swift; sourceTree = "<group>"; };
		28BC2E6C2DDA4DDB007385DE /* PrivacyPolicyView.swift */ = {isa = PBXFileReference; lastKnownFileType = sourcecode.swift; path = PrivacyPolicyView.swift; sourceTree = "<group>"; };
		28BC2E6D2DDA4DDB007385DE /* ScheduleEditView.swift */ = {isa = PBXFileReference; lastKnownFileType = sourcecode.swift; path = ScheduleEditView.swift; sourceTree = "<group>"; };
		28BC2E6E2DDA4DDB007385DE /* SettingsView.swift */ = {isa = PBXFileReference; lastKnownFileType = sourcecode.swift; path = SettingsView.swift; sourceTree = "<group>"; };
		28BC2E6F2DDA4DDB007385DE /* SimplePrivacyConsent.swift */ = {isa = PBXFileReference; lastKnownFileType = sourcecode.swift; path = SimplePrivacyConsent.swift; sourceTree = "<group>"; };
		28BC2E702DDA4DDB007385DE /* SplashScreen.swift */ = {isa = PBXFileReference; lastKnownFileType = sourcecode.swift; path = SplashScreen.swift; sourceTree = "<group>"; };
		28BC2E712DDA4DDB007385DE /* SupportURLView.swift */ = {isa = PBXFileReference; lastKnownFileType = sourcecode.swift; path = SupportURLView.swift; sourceTree = "<group>"; };
		28BC2E722DDA4DDB007385DE /* SupportView.swift */ = {isa = PBXFileReference; lastKnownFileType = sourcecode.swift; path = SupportView.swift; sourceTree = "<group>"; };
		28BC2E732DDA4DDB007385DE /* VaccineRecordView.swift */ = {isa = PBXFileReference; lastKnownFileType = sourcecode.swift; path = VaccineRecordView.swift; sourceTree = "<group>"; };
		28BC2E742DDA4DDB007385DE /* WeightRecordView.swift */ = {isa = PBXFileReference; lastKnownFileType = sourcecode.swift; path = WeightRecordView.swift; sourceTree = "<group>"; };
		28BC2E762DDA4DDB007385DE /* AnimalGestioneProjectApp.swift */ = {isa = PBXFileReference; lastKnownFileType = sourcecode.swift; path = AnimalGestioneProjectApp.swift; sourceTree = "<group>"; };
		28BC2E772DDA4DDB007385DE /* AppDelegate.swift */ = {isa = PBXFileReference; lastKnownFileType = sourcecode.swift; path = AppDelegate.swift; sourceTree = "<group>"; };
		28BC2E782DDA4DDB007385DE /* Assets.xcassets */ = {isa = PBXFileReference; lastKnownFileType = folder.assetcatalog; path = Assets.xcassets; sourceTree = "<group>"; };
		28BC2E792DDA4DDB007385DE /* Info.plist */ = {isa = PBXFileReference; lastKnownFileType = text.plist.xml; path = Info.plist; sourceTree = "<group>"; };
		28BC2E7A2DDA4DDB007385DE /* StoreKitTestConfiguration.storekit */ = {isa = PBXFileReference; lastKnownFileType = text; path = StoreKitTestConfiguration.storekit; sourceTree = "<group>"; };
		28BC2E7D2DDA4DDB007385DE /* _config.yml */ = {isa = PBXFileReference; lastKnownFileType = text.yaml; path = _config.yml; sourceTree = "<group>"; };
		28BC2E7E2DDA4DDB007385DE /* index.html */ = {isa = PBXFileReference; lastKnownFileType = text.html; path = index.html; sourceTree = "<group>"; };
		28BC2E7F2DDA4DDB007385DE /* privacy-policy.md */ = {isa = PBXFileReference; lastKnownFileType = net.daringfireball.markdown; path = "privacy-policy.md"; sourceTree = "<group>"; };
		28BC2E802DDA4DDB007385DE /* README.md */ = {isa = PBXFileReference; lastKnownFileType = net.daringfireball.markdown; path = README.md; sourceTree = "<group>"; };
		28BC2E812DDA4DDB007385DE /* support.html */ = {isa = PBXFileReference; lastKnownFileType = text.html; path = support.html; sourceTree = "<group>"; };
		28BC2E822DDA4DDB007385DE /* support.md */ = {isa = PBXFileReference; lastKnownFileType = net.daringfireball.markdown; path = support.md; sourceTree = "<group>"; };
		28BC2ED12DDA4DDB007385DE /* AnimalGestione.xcdatamodel */ = {isa = PBXFileReference; lastKnownFileType = wrapper.xcdatamodel; path = AnimalGestione.xcdatamodel; sourceTree = "<group>"; };
		28BC2F662DDA4E1D007385DE /* AnimalGestioneProject.app */ = {isa = PBXFileReference; explicitFileType = wrapper.application; includeInIndex = 0; path = AnimalGestioneProject.app; sourceTree = BUILT_PRODUCTS_DIR; };
		28BC2F672DDA4E1D007385DE /* AnimalGestioneProjectTests.xctest */ = {isa = PBXFileReference; explicitFileType = wrapper.cfbundle; includeInIndex = 0; path = AnimalGestioneProjectTests.xctest; sourceTree = BUILT_PRODUCTS_DIR; };
		28BC2F682DDA4E1D007385DE /* AnimalGestioneProjectUITests.xctest */ = {isa = PBXFileReference; explicitFileType = wrapper.cfbundle; includeInIndex = 0; path = AnimalGestioneProjectUITests.xctest; sourceTree = BUILT_PRODUCTS_DIR; };
/* End PBXFileReference section */

/* Begin PBXFrameworksBuildPhase section */
		28FD31CE2BB733BD005D407E /* Frameworks */ = {
			isa = PBXFrameworksBuildPhase;
			buildActionMask = 2147483647;
			files = (
				28402A332DDB8D0D004680F8 /* CoreMedia.framework in Frameworks */,
				28402A452DDB8D4B004680F8 /* Security.framework in Frameworks */,
				28402A2B2DDB8CF2004680F8 /* AVFoundation.framework in Frameworks */,
				28402A472DDB8D50004680F8 /* StoreKit.framework in Frameworks */,
				28402A432DDB8D45004680F8 /* QuartzCore.framework in Frameworks */,
				28402A392DDB8D22004680F8 /* JavaScriptCore.framework in Frameworks */,
				28402A352DDB8D14004680F8 /* CoreTelephony.framework in Frameworks */,
				28402A4B2DDBA3AF004680F8 /* GoogleMobileAds.xcframework in Frameworks */,
				283DA1342DDB8AF70074C330 /* WebKit.framework in Frameworks */,
				28402A2F2DDB8D01004680F8 /* CFNetwork.framework in Frameworks */,
				28402A3B2DDB8D29004680F8 /* MediaPlayer.framework in Frameworks */,
				28402A492DDB8D56004680F8 /* SystemConfiguration.framework in Frameworks */,
				28402A412DDB8D3F004680F8 /* Network.framework in Frameworks */,
				28402A312DDB8D07004680F8 /* CoreGraphics.framework in Frameworks */,
				28402A2D2DDB8CFA004680F8 /* AudioToolbox.framework in Frameworks */,
				28402A3F2DDB8D35004680F8 /* MobileCoreServices.framework in Frameworks */,
				28402A3D2DDB8D2F004680F8 /* MessageUI.framework in Frameworks */,
				28402A372DDB8D1C004680F8 /* CoreVideo.framework in Frameworks */,
			);
			runOnlyForDeploymentPostprocessing = 0;
		};
		28FD31DE2BB733BE005D407E /* Frameworks */ = {
			isa = PBXFrameworksBuildPhase;
			buildActionMask = 2147483647;
			files = (
			);
			runOnlyForDeploymentPostprocessing = 0;
		};
		28FD31E82BB733BE005D407E /* Frameworks */ = {
			isa = PBXFrameworksBuildPhase;
			buildActionMask = 2147483647;
			files = (
			);
			runOnlyForDeploymentPostprocessing = 0;
		};
/* End PBXFrameworksBuildPhase section */

/* Begin PBXGroup section */
		283DA1322DDB8AF70074C330 /* Frameworks */ = {
			isa = PBXGroup;
			children = (
				28402A4A2DDBA3AF004680F8 /* GoogleMobileAds.xcframework */,
				28402A482DDB8D56004680F8 /* SystemConfiguration.framework */,
				28402A462DDB8D50004680F8 /* StoreKit.framework */,
				28402A442DDB8D4A004680F8 /* Security.framework */,
				28402A422DDB8D45004680F8 /* QuartzCore.framework */,
				28402A402DDB8D3F004680F8 /* Network.framework */,
				28402A3E2DDB8D35004680F8 /* MobileCoreServices.framework */,
				28402A3C2DDB8D2F004680F8 /* MessageUI.framework */,
				28402A3A2DDB8D29004680F8 /* MediaPlayer.framework */,
				28402A382DDB8D22004680F8 /* JavaScriptCore.framework */,
				28402A362DDB8D1C004680F8 /* CoreVideo.framework */,
				28402A342DDB8D14004680F8 /* CoreTelephony.framework */,
				28402A322DDB8D0D004680F8 /* CoreMedia.framework */,
				28402A302DDB8D07004680F8 /* CoreGraphics.framework */,
				28402A2E2DDB8D00004680F8 /* CFNetwork.framework */,
				28402A2C2DDB8CFA004680F8 /* AudioToolbox.framework */,
				28402A2A2DDB8CF2004680F8 /* AVFoundation.framework */,
				283DA1332DDB8AF70074C330 /* WebKit.framework */,
			);
			name = Frameworks;
			sourceTree = "<group>";
		};
		28BC2E182DDA4DDB007385DE /* Components */ = {
			isa = PBXGroup;
			children = (
			);
			path = Components;
			sourceTree = "<group>";
		};
		28BC2E192DDA4DDB007385DE /* UI */ = {
			isa = PBXGroup;
			children = (
			);
			path = UI;
			sourceTree = "<group>";
		};
		28BC2E1A2DDA4DDB007385DE /* Common */ = {
			isa = PBXGroup;
			children = (
				28BC2E182DDA4DDB007385DE /* Components */,
				28BC2E192DDA4DDB007385DE /* UI */,
			);
			path = Common;
			sourceTree = "<group>";
		};
		28BC2E1E2DDA4DDB007385DE /* Config */ = {
			isa = PBXGroup;
			children = (
				28BC2E1B2DDA4DDB007385DE /* AdConfig.swift */,
				28BC2E1C2DDA4DDB007385DE /* AppSetupManager.swift */,
				28BC2E1D2DDA4DDB007385DE /* URLProvider.swift */,
			);
			path = Config;
			sourceTree = "<group>";
		};
		28BC2E1F2DDA4DDB007385DE /* Core */ = {
			isa = PBXGroup;
			children = (
			);
			path = Core;
			sourceTree = "<group>";
		};
		28BC2E242DDA4DDB007385DE /* CoreData */ = {
			isa = PBXGroup;
			children = (
				28BC2E202DDA4DDB007385DE /* AnimalGestione.xcdatamodeld */,
				28BC2E212DDA4DDB007385DE /* CoreDataStore.swift */,
				28BC2E222DDA4DDB007385DE /* CoreDataStore+Records.swift */,
				28BC2E232DDA4DDB007385DE /* PersistenceController.swift */,
			);
			path = CoreData;
			sourceTree = "<group>";
		};
		28BC2E2A2DDA4DDB007385DE /* DataManagement */ = {
			isa = PBXGroup;
			children = (
				28BC2E252DDA4DDB007385DE /* CSVDataExportManager.swift */,
				28BC2E262DDA4DDB007385DE /* CSVExportView.swift */,
				28BC2E272DDA4DDB007385DE /* DataExportImportManager.swift */,
				28BC2E282DDA4DDB007385DE /* DataManagementView.swift */,
				28BC2E292DDA4DDB007385DE /* DebugDataExport.swift */,
			);
			path = DataManagement;
			sourceTree = "<group>";
		};
		28BC2E2C2DDA4DDB007385DE /* DataStore */ = {
			isa = PBXGroup;
			children = (
				28BC2E2B2DDA4DDB007385DE /* AnimalDataStore.swift */,
			);
			path = DataStore;
			sourceTree = "<group>";
		};
		28BC2E2E2DDA4DDB007385DE /* Extensions */ = {
			isa = PBXGroup;
			children = (
				28BC2E2D2DDA4DDB007385DE /* Color+Extensions.swift */,
			);
			path = Extensions;
			sourceTree = "<group>";
		};
		28BC2E2F2DDA4DDB007385DE /* Calendar */ = {
			isa = PBXGroup;
			children = (
			);
			path = Calendar;
			sourceTree = "<group>";
		};
		28BC2E302DDA4DDB007385DE /* Common */ = {
			isa = PBXGroup;
			children = (
			);
			path = Common;
			sourceTree = "<group>";
		};
		28BC2E312DDA4DDB007385DE /* Health */ = {
			isa = PBXGroup;
			children = (
			);
			path = Health;
			sourceTree = "<group>";
		};
		28BC2E322DDA4DDB007385DE /* Pets */ = {
			isa = PBXGroup;
			children = (
			);
			path = Pets;
			sourceTree = "<group>";
		};
		28BC2E332DDA4DDB007385DE /* Settings */ = {
			isa = PBXGroup;
			children = (
			);
			path = Settings;
			sourceTree = "<group>";
		};
		28BC2E342DDA4DDB007385DE /* Subscription */ = {
			isa = PBXGroup;
			children = (
			);
			path = Subscription;
			sourceTree = "<group>";
		};
		28BC2E352DDA4DDB007385DE /* Features */ = {
			isa = PBXGroup;
			children = (
				28BC2E2F2DDA4DDB007385DE /* Calendar */,
				28BC2E302DDA4DDB007385DE /* Common */,
				28BC2E312DDA4DDB007385DE /* Health */,
				28BC2E322DDA4DDB007385DE /* Pets */,
				28BC2E332DDA4DDB007385DE /* Settings */,
				28BC2E342DDA4DDB007385DE /* Subscription */,
			);
			path = Features;
			sourceTree = "<group>";
		};
		28BC2E3E2DDA4DDB007385DE /* Models */ = {
			isa = PBXGroup;
			children = (
				28BC2E362DDA4DDB007385DE /* AnimalModel.swift */,
				28BC2E372DDA4DDB007385DE /* AnimalModel+CoreData.swift */,
				28BC2E382DDA4DDB007385DE /* CheckupRecord.swift */,
				28BC2E392DDA4DDB007385DE /* GroomingRecord.swift */,
				28BC2E3A2DDA4DDB007385DE /* MedicationRecord.swift */,
				28BC2E3B2DDA4DDB007385DE /* OtherRecord.swift */,
				28BC2E3C2DDA4DDB007385DE /* VaccineRecord.swift */,
				28BC2E3D2DDA4DDB007385DE /* WeightRecord.swift */,
			);
			path = Models;
			sourceTree = "<group>";
		};
		28BC2E412DDA4DDB007385DE /* Notifications */ = {
			isa = PBXGroup;
			children = (
				28BC2E3F2DDA4DDB007385DE /* NotificationManager.swift */,
				28BC2E402DDA4DDB007385DE /* NotificationsListView.swift */,
			);
			path = Notifications;
			sourceTree = "<group>";
		};
		28BC2E432DDA4DDB007385DE /* Preview Content */ = {
			isa = PBXGroup;
			children = (
				28BC2E422DDA4DDB007385DE /* Preview Assets.xcassets */,
			);
			path = "Preview Content";
			sourceTree = "<group>";
		};
		28BC2E472DDA4DDB007385DE /* StoreKit */ = {
			isa = PBXGroup;
			children = (
				28BC2E442DDA4DDB007385DE /* InAppPurchaseManager.swift */,
				28BC2E452DDA4DDB007385DE /* SubscriptionManager.swift */,
				28BC2E462DDA4DDB007385DE /* SubscriptionProduct.swift */,
			);
			path = StoreKit;
			sourceTree = "<group>";
		};
		28BC2E482DDA4DDB007385DE /* Utils */ = {
			isa = PBXGroup;
			children = (
			);
			path = Utils;
			sourceTree = "<group>";
		};
		28BC2E502DDA4DDB007385DE /* Ads */ = {
			isa = PBXGroup;
			children = (
				28BC2E492DDA4DDB007385DE /* AdContainerView.swift */,
				28BC2E4A2DDA4DDB007385DE /* AdManager.swift */,
				28BC2E4B2DDA4DDB007385DE /* BannerAdView.swift */,
				28BC2E4C2DDA4DDB007385DE /* InterstitialAdManager.swift */,
				28BC2E4D2DDA4DDB007385DE /* PremiumPurchaseView.swift */,
				28BC2E4E2DDA4DDB007385DE /* RewardedAdManager.swift */,
				28BC2E4F2DDA4DDB007385DE /* RewardedFeatureView.swift */,
			);
			path = Ads;
			sourceTree = "<group>";
		};
		28BC2E522DDA4DDB007385DE /* Components */ = {
			isa = PBXGroup;
			children = (
				28BC2E512DDA4DDB007385DE /* SearchBar.swift */,
			);
			path = Components;
			sourceTree = "<group>";
		};
		28BC2E532DDA4DDB007385DE /* Supporting */ = {
			isa = PBXGroup;
			children = (
			);
			path = Supporting;
			sourceTree = "<group>";
		};
		28BC2E572DDA4DDB007385DE /* SupportViews */ = {
			isa = PBXGroup;
			children = (
				28BC2E542DDA4DDB007385DE /* ContactViews.swift */,
				28BC2E552DDA4DDB007385DE /* FAQViews.swift */,
				28BC2E562DDA4DDB007385DE /* GuideDetailView.swift */,
			);
			path = SupportViews;
			sourceTree = "<group>";
		};
		28BC2E752DDA4DDB007385DE /* Views */ = {
			isa = PBXGroup;
			children = (
				28BC2E502DDA4DDB007385DE /* Ads */,
				28BC2E522DDA4DDB007385DE /* Components */,
				28BC2E532DDA4DDB007385DE /* Supporting */,
				28BC2E572DDA4DDB007385DE /* SupportViews */,
				28BC2E582DDA4DDB007385DE /* AddAnimalView.swift */,
				28BC2E592DDA4DDB007385DE /* AnimalDetailView.swift */,
				28BC2E5A2DDA4DDB007385DE /* AnimalDetailView+ColorPicker.swift */,
				28BC2E5B2DDA4DDB007385DE /* ColorPickerView.swift */,
				28BC2E5C2DDA4DDB007385DE /* EditAnimalView.swift */,
				28BC2E5D2DDA4DDB007385DE /* EmbeddedPrivacyPolicyView.swift */,
				28BC2E5E2DDA4DDB007385DE /* EnhancedAnimalListView.swift */,
				28BC2E5F2DDA4DDB007385DE /* EnhancedCalendarView.swift */,
				28BC2E602DDA4DDB007385DE /* EnhancedContentView.swift */,
				28BC2E612DDA4DDB007385DE /* EnhancedHomeView.swift */,
				28BC2E622DDA4DDB007385DE /* GroomingRecordView.swift */,
				28BC2E632DDA4DDB007385DE /* HealthChartView.swift */,
				28BC2E642DDA4DDB007385DE /* HealthRecordView.swift */,
				28BC2E652DDA4DDB007385DE /* ImagePicker.swift */,
				28BC2E662DDA4DDB007385DE /* InlinePrivacyViews.swift */,
				28BC2E672DDA4DDB007385DE /* IntegratedSupportView.swift */,
				28BC2E682DDA4DDB007385DE /* PhysiologicalCycleView.swift */,
				28BC2E692DDA4DDB007385DE /* PremiumSubscriptionView.swift */,
				28BC2E6A2DDA4DDB007385DE /* PrivacyPolicyConsentView.swift */,
				28BC2E6B2DDA4DDB007385DE /* PrivacyPolicyURLView.swift */,
				28BC2E6C2DDA4DDB007385DE /* PrivacyPolicyView.swift */,
				28BC2E6D2DDA4DDB007385DE /* ScheduleEditView.swift */,
				28BC2E6E2DDA4DDB007385DE /* SettingsView.swift */,
				28BC2E6F2DDA4DDB007385DE /* SimplePrivacyConsent.swift */,
				28BC2E702DDA4DDB007385DE /* SplashScreen.swift */,
				28BC2E712DDA4DDB007385DE /* SupportURLView.swift */,
				28BC2E722DDA4DDB007385DE /* SupportView.swift */,
				28BC2E732DDA4DDB007385DE /* VaccineRecordView.swift */,
				28BC2E742DDA4DDB007385DE /* WeightRecordView.swift */,
			);
			path = Views;
			sourceTree = "<group>";
		};
		28BC2E7B2DDA4DDB007385DE /* AnimalGestioneProject */ = {
			isa = PBXGroup;
			children = (
				28BC2E1A2DDA4DDB007385DE /* Common */,
				28BC2E1E2DDA4DDB007385DE /* Config */,
				28BC2E1F2DDA4DDB007385DE /* Core */,
				28BC2E242DDA4DDB007385DE /* CoreData */,
				28BC2E2A2DDA4DDB007385DE /* DataManagement */,
				28BC2E2C2DDA4DDB007385DE /* DataStore */,
				28BC2E2E2DDA4DDB007385DE /* Extensions */,
				28BC2E352DDA4DDB007385DE /* Features */,
				28BC2E3E2DDA4DDB007385DE /* Models */,
				28BC2E412DDA4DDB007385DE /* Notifications */,
				28BC2E432DDA4DDB007385DE /* Preview Content */,
				28BC2E472DDA4DDB007385DE /* StoreKit */,
				28BC2E482DDA4DDB007385DE /* Utils */,
				28BC2E752DDA4DDB007385DE /* Views */,
				28BC2E762DDA4DDB007385DE /* AnimalGestioneProjectApp.swift */,
				28BC2E772DDA4DDB007385DE /* AppDelegate.swift */,
				28BC2E782DDA4DDB007385DE /* Assets.xcassets */,
				28BC2E792DDA4DDB007385DE /* Info.plist */,
				28BC2E7A2DDA4DDB007385DE /* StoreKitTestConfiguration.storekit */,
			);
			path = AnimalGestioneProject;
			sourceTree = "<group>";
		};
		28BC2E832DDA4DDB007385DE /* docs */ = {
			isa = PBXGroup;
			children = (
				28BC2E7D2DDA4DDB007385DE /* _config.yml */,
				28BC2E7E2DDA4DDB007385DE /* index.html */,
				28BC2E7F2DDA4DDB007385DE /* privacy-policy.md */,
				28BC2E802DDA4DDB007385DE /* README.md */,
				28BC2E812DDA4DDB007385DE /* support.html */,
				28BC2E822DDA4DDB007385DE /* support.md */,
			);
			path = docs;
			sourceTree = "<group>";
		};
		28FD31C82BB733BD005D407E = {
			isa = PBXGroup;
			children = (
				28BC2E7B2DDA4DDB007385DE /* AnimalGestioneProject */,
				28BC2E832DDA4DDB007385DE /* docs */,
				28BC2F662DDA4E1D007385DE /* AnimalGestioneProject.app */,
				28BC2F672DDA4E1D007385DE /* AnimalGestioneProjectTests.xctest */,
				28BC2F682DDA4E1D007385DE /* AnimalGestioneProjectUITests.xctest */,
				283DA1322DDB8AF70074C330 /* Frameworks */,
			);
			sourceTree = "<group>";
		};
/* End PBXGroup section */

/* Begin PBXNativeTarget section */
		28FD31D02BB733BD005D407E /* AnimalGestioneProject */ = {
			isa = PBXNativeTarget;
			buildConfigurationList = 28FD31F52BB733BE005D407E /* Build configuration list for PBXNativeTarget "AnimalGestioneProject" */;
			buildPhases = (
				28FD31CD2BB733BD005D407E /* Sources */,
				28FD31CE2BB733BD005D407E /* Frameworks */,
				28FD31CF2BB733BD005D407E /* Resources */,
				28D098B62DDA52E800317C51 /* Copy Google Resources */,
				285026E72DDB37AF00B23B77 /* ShellScript */,
				28402A4D2DDBA3AF004680F8 /* Embed Frameworks */,
			);
			buildRules = (
			);
			dependencies = (
			);
			name = AnimalGestioneProject;
			productName = AnimalGestioneProject;
			productReference = 28BC2F662DDA4E1D007385DE /* AnimalGestioneProject.app */;
			productType = "com.apple.product-type.application";
		};
		28FD31E02BB733BE005D407E /* AnimalGestioneProjectTests */ = {
			isa = PBXNativeTarget;
			buildConfigurationList = 28FD31F82BB733BE005D407E /* Build configuration list for PBXNativeTarget "AnimalGestioneProjectTests" */;
			buildPhases = (
				28FD31DD2BB733BE005D407E /* Sources */,
				28FD31DE2BB733BE005D407E /* Frameworks */,
				28FD31DF2BB733BE005D407E /* Resources */,
			);
			buildRules = (
			);
			dependencies = (
				28FD31E32BB733BE005D407E /* PBXTargetDependency */,
			);
			name = AnimalGestioneProjectTests;
			productName = AnimalGestioneProjectTests;
			productReference = 28BC2F672DDA4E1D007385DE /* AnimalGestioneProjectTests.xctest */;
			productType = "com.apple.product-type.bundle.unit-test";
		};
		28FD31EA2BB733BE005D407E /* AnimalGestioneProjectUITests */ = {
			isa = PBXNativeTarget;
			buildConfigurationList = 28FD31FB2BB733BE005D407E /* Build configuration list for PBXNativeTarget "AnimalGestioneProjectUITests" */;
			buildPhases = (
				28FD31E72BB733BE005D407E /* Sources */,
				28FD31E82BB733BE005D407E /* Frameworks */,
				28FD31E92BB733BE005D407E /* Resources */,
			);
			buildRules = (
			);
			dependencies = (
				28FD31ED2BB733BE005D407E /* PBXTargetDependency */,
			);
			name = AnimalGestioneProjectUITests;
			productName = AnimalGestioneProjectUITests;
			productReference = 28BC2F682DDA4E1D007385DE /* AnimalGestioneProjectUITests.xctest */;
			productType = "com.apple.product-type.bundle.ui-testing";
		};
/* End PBXNativeTarget section */

/* Begin PBXProject section */
		28FD31C92BB733BD005D407E /* Project object */ = {
			isa = PBXProject;
			attributes = {
				BuildIndependentTargetsInParallel = 1;
				LastSwiftUpdateCheck = 1520;
				LastUpgradeCheck = 1520;
				TargetAttributes = {
					28FD31D02BB733BD005D407E = {
						CreatedOnToolsVersion = 15.2;
					};
					28FD31E02BB733BE005D407E = {
						CreatedOnToolsVersion = 15.2;
						TestTargetID = 28FD31D02BB733BD005D407E;
					};
					28FD31EA2BB733BE005D407E = {
						CreatedOnToolsVersion = 15.2;
						TestTargetID = 28FD31D02BB733BD005D407E;
					};
				};
			};
			buildConfigurationList = 28FD31CC2BB733BD005D407E /* Build configuration list for PBXProject "AnimalGestioneProject" */;
			compatibilityVersion = "Xcode 14.0";
			developmentRegion = en;
			hasScannedForEncodings = 0;
			knownRegions = (
				en,
				Base,
			);
			mainGroup = 28FD31C82BB733BD005D407E;
			packageReferences = (
				285026E62DDB349000B23B77 /* XCRemoteSwiftPackageReference "swift-package-manager-google-mobile-ads" */,
			);
			productRefGroup = 28FD31C82BB733BD005D407E;
			projectDirPath = "";
			projectRoot = "";
			targets = (
				28FD31D02BB733BD005D407E /* AnimalGestioneProject */,
				28FD31E02BB733BE005D407E /* AnimalGestioneProjectTests */,
				28FD31EA2BB733BE005D407E /* AnimalGestioneProjectUITests */,
			);
		};
/* End PBXProject section */

/* Begin PBXResourcesBuildPhase section */
		28FD31CF2BB733BD005D407E /* Resources */ = {
			isa = PBXResourcesBuildPhase;
			buildActionMask = 2147483647;
			files = (
			);
			runOnlyForDeploymentPostprocessing = 0;
		};
		28FD31DF2BB733BE005D407E /* Resources */ = {
			isa = PBXResourcesBuildPhase;
			buildActionMask = 2147483647;
			files = (
			);
			runOnlyForDeploymentPostprocessing = 0;
		};
		28FD31E92BB733BE005D407E /* Resources */ = {
			isa = PBXResourcesBuildPhase;
			buildActionMask = 2147483647;
			files = (
			);
			runOnlyForDeploymentPostprocessing = 0;
		};
/* End PBXResourcesBuildPhase section */

/* Begin PBXShellScriptBuildPhase section */
		285026E72DDB37AF00B23B77 /* ShellScript */ = {
			isa = PBXShellScriptBuildPhase;
			buildActionMask = 2147483647;
			files = (
			);
			inputFileListPaths = (
			);
			inputPaths = (
			);
			outputFileListPaths = (
			);
			outputPaths = (
			);
			runOnlyForDeploymentPostprocessing = 0;
			shellPath = /bin/sh;
			shellScript = "# GoogleMobileAdsのリソースを手動でコピー\nSOURCE_DIR=\"${SRCROOT}/Pods/Google-Mobile-Ads-SDK\"\nRESOURCES_DIR=\"${BUILT_PRODUCTS_DIR}/${UNLOCALIZED_RESOURCES_FOLDER_PATH}\"\n\n# リソースディレクトリが存在することを確認\nmkdir -p \"${RESOURCES_DIR}\"\n\n# リソースをコピー\nif [ -d \"${SOURCE_DIR}/Resources\" ]; then\n  cp -R \"${SOURCE_DIR}/Resources/\"* \"${RESOURCES_DIR}/\"\nfi\n\n# バンドルをコピー\nif [ -d \"${PODS_CONFIGURATION_BUILD_DIR}/Google-Mobile-Ads-SDK/GoogleMobileAdsResources.bundle\" ]; then\n  cp -R \"${PODS_CONFIGURATION_BUILD_DIR}/Google-Mobile-Ads-SDK/GoogleMobileAdsResources.bundle\" \"${RESOURCES_DIR}/\"\nfi\n\nif [ -d \"${PODS_CONFIGURATION_BUILD_DIR}/GoogleUserMessagingPlatform/UserMessagingPlatformResources.bundle\" ]; then\n  cp -R \"${PODS_CONFIGURATION_BUILD_DIR}/GoogleUserMessagingPlatform/UserMessagingPlatformResources.bundle\" \"${RESOURCES_DIR}/\"\nfi\n\nexit 0\n";
		};
		28D098B62DDA52E800317C51 /* Copy Google Resources */ = {
			isa = PBXShellScriptBuildPhase;
			buildActionMask = 2147483647;
			files = (
			);
			inputFileListPaths = (
			);
			inputPaths = (
			);
			name = "Copy Google Resources";
			outputFileListPaths = (
			);
			outputPaths = (
			);
			runOnlyForDeploymentPostprocessing = 0;
			shellPath = /bin/sh;
			shellScript = "# リソースを探す\nRESOURCES_DIR=\"${SRCROOT}/Pods\"\nOUTPUT_DIR=\"${BUILT_PRODUCTS_DIR}/${UNLOCALIZED_RESOURCES_FOLDER_PATH}\"\n\n# 出力ディレクトリを作成\nmkdir -p \"${OUTPUT_DIR}\"\n\n# リソースバンドルを探して、コピーする\nfind \"${RESOURCES_DIR}\" -name \"GoogleMobileAdsResources.bundle\" -type d | while read -r BUNDLE; do\n  echo \"Copying: ${BUNDLE} to ${OUTPUT_DIR}\"\n  cp -R \"${BUNDLE}\" \"${OUTPUT_DIR}/\"\ndone\n\nfind \"${RESOURCES_DIR}\" -name \"UserMessagingPlatformResources.bundle\" -type d | while read -r BUNDLE; do\n  echo \"Copying: ${BUNDLE} to ${OUTPUT_DIR}\"\n  cp -R \"${BUNDLE}\" \"${OUTPUT_DIR}/\"\ndone\n\n# 完了メッセージ\necho \"Google resources copied successfully\"\n";
		};
/* End PBXShellScriptBuildPhase section */

/* Begin PBXSourcesBuildPhase section */
		28FD31CD2BB733BD005D407E /* Sources */ = {
			isa = PBXSourcesBuildPhase;
			buildActionMask = 2147483647;
			files = (
				28BC2F062DDA4DDB007385DE /* NotificationManager.swift in Sources */,
				28BC2F072DDA4DDB007385DE /* AdConfig.swift in Sources */,
				28BC2F092DDA4DDB007385DE /* ScheduleEditView.swift in Sources */,
				28BC2F0A2DDA4DDB007385DE /* SimplePrivacyConsent.swift in Sources */,
				28BC2F0B2DDA4DDB007385DE /* AdManager.swift in Sources */,
				28BC2F0C2DDA4DDB007385DE /* HealthRecordView.swift in Sources */,
				28BC2F0D2DDA4DDB007385DE /* EnhancedAnimalListView.swift in Sources */,
				28BC2F0E2DDA4DDB007385DE /* EmbeddedPrivacyPolicyView.swift in Sources */,
				28BC2F0F2DDA4DDB007385DE /* URLProvider.swift in Sources */,
				28BC2F102DDA4DDB007385DE /* PhysiologicalCycleView.swift in Sources */,
				28BC2F122DDA4DDB007385DE /* InAppPurchaseManager.swift in Sources */,
				28BC2F132DDA4DDB007385DE /* SupportView.swift in Sources */,
				28BC2F142DDA4DDB007385DE /* GroomingRecordView.swift in Sources */,
				28BC2F152DDA4DDB007385DE /* ContactViews.swift in Sources */,
				28BC2F162DDA4DDB007385DE /* AnimalDetailView+ColorPicker.swift in Sources */,
				28BC2F172DDA4DDB007385DE /* NotificationsListView.swift in Sources */,
				28BC2F192DDA4DDB007385DE /* SettingsView.swift in Sources */,
				28BC2F1A2DDA4DDB007385DE /* CheckupRecord.swift in Sources */,
				28BC2F1B2DDA4DDB007385DE /* SubscriptionManager.swift in Sources */,
				28BC2F1C2DDA4DDB007385DE /* PrivacyPolicyConsentView.swift in Sources */,
				28BC2F1D2DDA4DDB007385DE /* HealthChartView.swift in Sources */,
				28BC2F1E2DDA4DDB007385DE /* AnimalDetailView.swift in Sources */,
				28BC2F1F2DDA4DDB007385DE /* WeightRecord.swift in Sources */,
				28BC2F202DDA4DDB007385DE /* EnhancedCalendarView.swift in Sources */,
				28BC2F212DDA4DDB007385DE /* InterstitialAdManager.swift in Sources */,
				28BC2F222DDA4DDB007385DE /* PrivacyPolicyView.swift in Sources */,
				28BC2F232DDA4DDB007385DE /* AnimalDataStore.swift in Sources */,
				28BC2F242DDA4DDB007385DE /* DataExportImportManager.swift in Sources */,
				28BC2F252DDA4DDB007385DE /* AnimalModel.swift in Sources */,
				28BC2F262DDA4DDB007385DE /* PremiumSubscriptionView.swift in Sources */,
				28BC2F272DDA4DDB007385DE /* AppSetupManager.swift in Sources */,
				28BC2F292DDA4DDB007385DE /* GroomingRecord.swift in Sources */,
				28BC2F2A2DDA4DDB007385DE /* AnimalGestioneProjectApp.swift in Sources */,
				28BC2F2B2DDA4DDB007385DE /* SearchBar.swift in Sources */,
				28BC2F2C2DDA4DDB007385DE /* VaccineRecord.swift in Sources */,
				28BC2F2D2DDA4DDB007385DE /* WeightRecordView.swift in Sources */,
				28BC2F2E2DDA4DDB007385DE /* EnhancedHomeView.swift in Sources */,
				28BC2F2F2DDA4DDB007385DE /* PremiumPurchaseView.swift in Sources */,
				28BC2F302DDA4DDB007385DE /* CSVDataExportManager.swift in Sources */,
				28BC2F312DDA4DDB007385DE /* InlinePrivacyViews.swift in Sources */,
				28BC2F322DDA4DDB007385DE /* SplashScreen.swift in Sources */,
				28BC2F332DDA4DDB007385DE /* MedicationRecord.swift in Sources */,
				28BC2F342DDA4DDB007385DE /* IntegratedSupportView.swift in Sources */,
				28BC2F352DDA4DDB007385DE /* Color+Extensions.swift in Sources */,
				28BC2F362DDA4DDB007385DE /* ColorPickerView.swift in Sources */,
				28BC2F372DDA4DDB007385DE /* VaccineRecordView.swift in Sources */,
				28BC2F382DDA4DDB007385DE /* CoreDataStore+Records.swift in Sources */,
				28BC2F392DDA4DDB007385DE /* RewardedAdManager.swift in Sources */,
				28BC2F3A2DDA4DDB007385DE /* BannerAdView.swift in Sources */,
				28BC2F3B2DDA4DDB007385DE /* AppDelegate.swift in Sources */,
				28BC2F3C2DDA4DDB007385DE /* EditAnimalView.swift in Sources */,
				28BC2F3D2DDA4DDB007385DE /* DataManagementView.swift in Sources */,
				28BC2F3E2DDA4DDB007385DE /* CSVExportView.swift in Sources */,
				28BC2F3F2DDA4DDB007385DE /* CoreDataStore.swift in Sources */,
				28BC2F402DDA4DDB007385DE /* EnhancedContentView.swift in Sources */,
				28BC2F412DDA4DDB007385DE /* FAQViews.swift in Sources */,
				28BC2F422DDA4DDB007385DE /* PersistenceController.swift in Sources */,
				28BC2F432DDA4DDB007385DE /* OtherRecord.swift in Sources */,
				28BC2F442DDA4DDB007385DE /* DebugDataExport.swift in Sources */,
				28BC2F452DDA4DDB007385DE /* AnimalModel+CoreData.swift in Sources */,
				28BC2F462DDA4DDB007385DE /* SupportURLView.swift in Sources */,
				28BC2F472DDA4DDB007385DE /* SubscriptionProduct.swift in Sources */,
				28BC2F482DDA4DDB007385DE /* AdContainerView.swift in Sources */,
				28BC2F492DDA4DDB007385DE /* RewardedFeatureView.swift in Sources */,
				28BC2F4A2DDA4DDB007385DE /* PrivacyPolicyURLView.swift in Sources */,
				28BC2F4C2DDA4DDB007385DE /* GuideDetailView.swift in Sources */,
				28BC2F4D2DDA4DDB007385DE /* ImagePicker.swift in Sources */,
				28BC2F4E2DDA4DDB007385DE /* AnimalGestione.xcdatamodeld in Sources */,
				28BC2F4F2DDA4DDB007385DE /* AddAnimalView.swift in Sources */,
			);
			runOnlyForDeploymentPostprocessing = 0;
		};
		28FD31DD2BB733BE005D407E /* Sources */ = {
			isa = PBXSourcesBuildPhase;
			buildActionMask = 2147483647;
			files = (
			);
			runOnlyForDeploymentPostprocessing = 0;
		};
		28FD31E72BB733BE005D407E /* Sources */ = {
			isa = PBXSourcesBuildPhase;
			buildActionMask = 2147483647;
			files = (
			);
			runOnlyForDeploymentPostprocessing = 0;
		};
/* End PBXSourcesBuildPhase section */

/* Begin PBXTargetDependency section */
		28FD31E32BB733BE005D407E /* PBXTargetDependency */ = {
			isa = PBXTargetDependency;
			target = 28FD31D02BB733BD005D407E /* AnimalGestioneProject */;
			targetProxy = 28FD31E22BB733BE005D407E /* PBXContainerItemProxy */;
		};
		28FD31ED2BB733BE005D407E /* PBXTargetDependency */ = {
			isa = PBXTargetDependency;
			target = 28FD31D02BB733BD005D407E /* AnimalGestioneProject */;
			targetProxy = 28FD31EC2BB733BE005D407E /* PBXContainerItemProxy */;
		};
/* End PBXTargetDependency section */

/* Begin XCBuildConfiguration section */
		28FD31F32BB733BE005D407E /* Debug */ = {
			isa = XCBuildConfiguration;
			buildSettings = {
				ALWAYS_SEARCH_USER_PATHS = NO;
				ASSETCATALOG_COMPILER_GENERATE_SWIFT_ASSET_SYMBOL_EXTENSIONS = YES;
				CLANG_ANALYZER_NONNULL = YES;
				CLANG_ANALYZER_NUMBER_OBJECT_CONVERSION = YES_AGGRESSIVE;
				CLANG_CXX_LANGUAGE_STANDARD = "gnu++20";
				CLANG_ENABLE_MODULES = YES;
				CLANG_ENABLE_OBJC_ARC = YES;
				CLANG_ENABLE_OBJC_WEAK = YES;
				CLANG_WARN_BLOCK_CAPTURE_AUTORELEASING = YES;
				CLANG_WARN_BOOL_CONVERSION = YES;
				CLANG_WARN_COMMA = YES;
				CLANG_WARN_CONSTANT_CONVERSION = YES;
				CLANG_WARN_DEPRECATED_OBJC_IMPLEMENTATIONS = YES;
				CLANG_WARN_DIRECT_OBJC_ISA_USAGE = YES_ERROR;
				CLANG_WARN_DOCUMENTATION_COMMENTS = YES;
				CLANG_WARN_EMPTY_BODY = YES;
				CLANG_WARN_ENUM_CONVERSION = YES;
				CLANG_WARN_INFINITE_RECURSION = YES;
				CLANG_WARN_INT_CONVERSION = YES;
				CLANG_WARN_NON_LITERAL_NULL_CONVERSION = YES;
				CLANG_WARN_OBJC_IMPLICIT_RETAIN_SELF = YES;
				CLANG_WARN_OBJC_LITERAL_CONVERSION = YES;
				CLANG_WARN_OBJC_ROOT_CLASS = YES_ERROR;
				CLANG_WARN_QUOTED_INCLUDE_IN_FRAMEWORK_HEADER = YES;
				CLANG_WARN_RANGE_LOOP_ANALYSIS = YES;
				CLANG_WARN_STRICT_PROTOTYPES = YES;
				CLANG_WARN_SUSPICIOUS_MOVE = YES;
				CLANG_WARN_UNGUARDED_AVAILABILITY = YES_AGGRESSIVE;
				CLANG_WARN_UNREACHABLE_CODE = YES;
				CLANG_WARN__DUPLICATE_METHOD_MATCH = YES;
				COPY_PHASE_STRIP = NO;
				DEBUG_INFORMATION_FORMAT = dwarf;
				ENABLE_STRICT_OBJC_MSGSEND = YES;
				ENABLE_TESTABILITY = YES;
				ENABLE_USER_SCRIPT_SANDBOXING = YES;
				GCC_C_LANGUAGE_STANDARD = gnu17;
				GCC_DYNAMIC_NO_PIC = NO;
				GCC_NO_COMMON_BLOCKS = YES;
				GCC_OPTIMIZATION_LEVEL = 0;
				GCC_PREPROCESSOR_DEFINITIONS = (
					"DEBUG=1",
					"$(inherited)",
				);
				GCC_WARN_64_TO_32_BIT_CONVERSION = YES;
				GCC_WARN_ABOUT_RETURN_TYPE = YES_ERROR;
				GCC_WARN_UNDECLARED_SELECTOR = YES;
				GCC_WARN_UNINITIALIZED_AUTOS = YES_AGGRESSIVE;
				GCC_WARN_UNUSED_FUNCTION = YES;
				GCC_WARN_UNUSED_VARIABLE = YES;
				IPHONEOS_DEPLOYMENT_TARGET = 17.2;
				LOCALIZATION_PREFERS_STRING_CATALOGS = YES;
				MTL_ENABLE_DEBUG_INFO = INCLUDE_SOURCE;
				MTL_FAST_MATH = YES;
				ONLY_ACTIVE_ARCH = YES;
				SDKROOT = iphoneos;
				SWIFT_ACTIVE_COMPILATION_CONDITIONS = "DEBUG $(inherited)";
				SWIFT_OPTIMIZATION_LEVEL = "-Onone";
			};
			name = Debug;
		};
		28FD31F42BB733BE005D407E /* Release */ = {
			isa = XCBuildConfiguration;
			buildSettings = {
				ALWAYS_SEARCH_USER_PATHS = NO;
				ASSETCATALOG_COMPILER_GENERATE_SWIFT_ASSET_SYMBOL_EXTENSIONS = YES;
				CLANG_ANALYZER_NONNULL = YES;
				CLANG_ANALYZER_NUMBER_OBJECT_CONVERSION = YES_AGGRESSIVE;
				CLANG_CXX_LANGUAGE_STANDARD = "gnu++20";
				CLANG_ENABLE_MODULES = YES;
				CLANG_ENABLE_OBJC_ARC = YES;
				CLANG_ENABLE_OBJC_WEAK = YES;
				CLANG_WARN_BLOCK_CAPTURE_AUTORELEASING = YES;
				CLANG_WARN_BOOL_CONVERSION = YES;
				CLANG_WARN_COMMA = YES;
				CLANG_WARN_CONSTANT_CONVERSION = YES;
				CLANG_WARN_DEPRECATED_OBJC_IMPLEMENTATIONS = YES;
				CLANG_WARN_DIRECT_OBJC_ISA_USAGE = YES_ERROR;
				CLANG_WARN_DOCUMENTATION_COMMENTS = YES;
				CLANG_WARN_EMPTY_BODY = YES;
				CLANG_WARN_ENUM_CONVERSION = YES;
				CLANG_WARN_INFINITE_RECURSION = YES;
				CLANG_WARN_INT_CONVERSION = YES;
				CLANG_WARN_NON_LITERAL_NULL_CONVERSION = YES;
				CLANG_WARN_OBJC_IMPLICIT_RETAIN_SELF = YES;
				CLANG_WARN_OBJC_LITERAL_CONVERSION = YES;
				CLANG_WARN_OBJC_ROOT_CLASS = YES_ERROR;
				CLANG_WARN_QUOTED_INCLUDE_IN_FRAMEWORK_HEADER = YES;
				CLANG_WARN_RANGE_LOOP_ANALYSIS = YES;
				CLANG_WARN_STRICT_PROTOTYPES = YES;
				CLANG_WARN_SUSPICIOUS_MOVE = YES;
				CLANG_WARN_UNGUARDED_AVAILABILITY = YES_AGGRESSIVE;
				CLANG_WARN_UNREACHABLE_CODE = YES;
				CLANG_WARN__DUPLICATE_METHOD_MATCH = YES;
				COPY_PHASE_STRIP = NO;
				DEBUG_INFORMATION_FORMAT = "dwarf-with-dsym";
				ENABLE_NS_ASSERTIONS = NO;
				ENABLE_STRICT_OBJC_MSGSEND = YES;
				ENABLE_USER_SCRIPT_SANDBOXING = YES;
				GCC_C_LANGUAGE_STANDARD = gnu17;
				GCC_NO_COMMON_BLOCKS = YES;
				GCC_WARN_64_TO_32_BIT_CONVERSION = YES;
				GCC_WARN_ABOUT_RETURN_TYPE = YES_ERROR;
				GCC_WARN_UNDECLARED_SELECTOR = YES;
				GCC_WARN_UNINITIALIZED_AUTOS = YES_AGGRESSIVE;
				GCC_WARN_UNUSED_FUNCTION = YES;
				GCC_WARN_UNUSED_VARIABLE = YES;
				IPHONEOS_DEPLOYMENT_TARGET = 17.2;
				LOCALIZATION_PREFERS_STRING_CATALOGS = YES;
				MTL_ENABLE_DEBUG_INFO = NO;
				MTL_FAST_MATH = YES;
				SDKROOT = iphoneos;
				SWIFT_COMPILATION_MODE = wholemodule;
				VALIDATE_PRODUCT = YES;
			};
			name = Release;
		};
		28FD31F62BB733BE005D407E /* Debug */ = {
			isa = XCBuildConfiguration;
			buildSettings = {
				ASSETCATALOG_COMPILER_APPICON_NAME = AppIcon;
				ASSETCATALOG_COMPILER_GLOBAL_ACCENT_COLOR_NAME = AccentColor;
				CODE_SIGN_STYLE = Automatic;
				CURRENT_PROJECT_VERSION = 1;
				DEVELOPMENT_ASSET_PATHS = "\"AnimalGestioneProject/Preview Content\"";
				DEVELOPMENT_TEAM = V47R62H7V3;
				ENABLE_PREVIEWS = YES;
				GENERATE_INFOPLIST_FILE = NO;
				INFOPLIST_FILE = "$(SRCROOT)/AnimalGestioneProject/Info.plist";
				INFOPLIST_KEY_LSApplicationCategoryType = "public.app-category.lifestyle";
				INFOPLIST_KEY_UIApplicationSceneManifest_Generation = YES;
				INFOPLIST_KEY_UIApplicationSupportsIndirectInputEvents = YES;
				INFOPLIST_KEY_UILaunchScreen_Generation = YES;
				INFOPLIST_KEY_UISupportedInterfaceOrientations_iPad = "UIInterfaceOrientationPortrait UIInterfaceOrientationPortraitUpsideDown UIInterfaceOrientationLandscapeLeft UIInterfaceOrientationLandscapeRight";
				INFOPLIST_KEY_UISupportedInterfaceOrientations_iPhone = "UIInterfaceOrientationPortrait UIInterfaceOrientationLandscapeLeft UIInterfaceOrientationLandscapeRight";
				IPHONEOS_DEPLOYMENT_TARGET = 17.6;
				LD_RUNPATH_SEARCH_PATHS = (
					"$(inherited)",
					"@executable_path/Frameworks",
				);
				MARKETING_VERSION = 1.0;
				OTHER_LDFLAGS = (
					"$(inherited)",
					"-ObjC",
				);
				PRODUCT_BUNDLE_IDENTIFIER = Ks.AnimalGestioneProject;
				PRODUCT_NAME = "$(TARGET_NAME)";
				SWIFT_EMIT_LOC_STRINGS = YES;
				SWIFT_VERSION = 5.0;
				TARGETED_DEVICE_FAMILY = "1,2";
			};
			name = Debug;
		};
		28FD31F72BB733BE005D407E /* Release */ = {
			isa = XCBuildConfiguration;
			buildSettings = {
				ASSETCATALOG_COMPILER_APPICON_NAME = AppIcon;
				ASSETCATALOG_COMPILER_GLOBAL_ACCENT_COLOR_NAME = AccentColor;
				CODE_SIGN_STYLE = Automatic;
				CURRENT_PROJECT_VERSION = 1;
				DEVELOPMENT_ASSET_PATHS = "\"AnimalGestioneProject/Preview Content\"";
				DEVELOPMENT_TEAM = V47R62H7V3;
				ENABLE_PREVIEWS = YES;
				GENERATE_INFOPLIST_FILE = NO;
				INFOPLIST_FILE = "$(SRCROOT)/AnimalGestioneProject/Info.plist";
				INFOPLIST_KEY_LSApplicationCategoryType = "public.app-category.lifestyle";
				INFOPLIST_KEY_UIApplicationSceneManifest_Generation = YES;
				INFOPLIST_KEY_UIApplicationSupportsIndirectInputEvents = YES;
				INFOPLIST_KEY_UILaunchScreen_Generation = YES;
				INFOPLIST_KEY_UISupportedInterfaceOrientations_iPad = "UIInterfaceOrientationPortrait UIInterfaceOrientationPortraitUpsideDown UIInterfaceOrientationLandscapeLeft UIInterfaceOrientationLandscapeRight";
				INFOPLIST_KEY_UISupportedInterfaceOrientations_iPhone = "UIInterfaceOrientationPortrait UIInterfaceOrientationLandscapeLeft UIInterfaceOrientationLandscapeRight";
				IPHONEOS_DEPLOYMENT_TARGET = 17.6;
				LD_RUNPATH_SEARCH_PATHS = (
					"$(inherited)",
					"@executable_path/Frameworks",
				);
				MARKETING_VERSION = 1.0;
				OTHER_LDFLAGS = (
					"$(inherited)",
					"-ObjC",
				);
				PRODUCT_BUNDLE_IDENTIFIER = Ks.AnimalGestioneProject;
				PRODUCT_NAME = "$(TARGET_NAME)";
				SWIFT_EMIT_LOC_STRINGS = YES;
				SWIFT_VERSION = 5.0;
				TARGETED_DEVICE_FAMILY = "1,2";
			};
			name = Release;
		};
		28FD31F92BB733BE005D407E /* Debug */ = {
			isa = XCBuildConfiguration;
			buildSettings = {
				BUNDLE_LOADER = "$(TEST_HOST)";
				CODE_SIGN_STYLE = Automatic;
				CURRENT_PROJECT_VERSION = 1;
				DEVELOPMENT_TEAM = V47R62H7V3;
				GENERATE_INFOPLIST_FILE = YES;
				IPHONEOS_DEPLOYMENT_TARGET = 17.2;
				MARKETING_VERSION = 1.0;
				PRODUCT_BUNDLE_IDENTIFIER = Ks.AnimalGestioneProjectTests;
				PRODUCT_NAME = "$(TARGET_NAME)";
				SWIFT_EMIT_LOC_STRINGS = NO;
				SWIFT_VERSION = 5.0;
				TARGETED_DEVICE_FAMILY = "1,2";
				TEST_HOST = "$(BUILT_PRODUCTS_DIR)/AnimalGestioneProject.app/$(BUNDLE_EXECUTABLE_FOLDER_PATH)/AnimalGestioneProject";
			};
			name = Debug;
		};
		28FD31FA2BB733BE005D407E /* Release */ = {
			isa = XCBuildConfiguration;
			buildSettings = {
				BUNDLE_LOADER = "$(TEST_HOST)";
				CODE_SIGN_STYLE = Automatic;
				CURRENT_PROJECT_VERSION = 1;
				DEVELOPMENT_TEAM = V47R62H7V3;
				GENERATE_INFOPLIST_FILE = YES;
				IPHONEOS_DEPLOYMENT_TARGET = 17.2;
				MARKETING_VERSION = 1.0;
				PRODUCT_BUNDLE_IDENTIFIER = Ks.AnimalGestioneProjectTests;
				PRODUCT_NAME = "$(TARGET_NAME)";
				SWIFT_EMIT_LOC_STRINGS = NO;
				SWIFT_VERSION = 5.0;
				TARGETED_DEVICE_FAMILY = "1,2";
				TEST_HOST = "$(BUILT_PRODUCTS_DIR)/AnimalGestioneProject.app/$(BUNDLE_EXECUTABLE_FOLDER_PATH)/AnimalGestioneProject";
			};
			name = Release;
		};
		28FD31FC2BB733BE005D407E /* Debug */ = {
			isa = XCBuildConfiguration;
			buildSettings = {
				CODE_SIGN_STYLE = Automatic;
				CURRENT_PROJECT_VERSION = 1;
				DEVELOPMENT_TEAM = V47R62H7V3;
				GENERATE_INFOPLIST_FILE = YES;
				MARKETING_VERSION = 1.0;
				PRODUCT_BUNDLE_IDENTIFIER = Ks.AnimalGestioneProjectUITests;
				PRODUCT_NAME = "$(TARGET_NAME)";
				SWIFT_EMIT_LOC_STRINGS = NO;
				SWIFT_VERSION = 5.0;
				TARGETED_DEVICE_FAMILY = "1,2";
				TEST_TARGET_NAME = AnimalGestioneProject;
			};
			name = Debug;
		};
		28FD31FD2BB733BE005D407E /* Release */ = {
			isa = XCBuildConfiguration;
			buildSettings = {
				CODE_SIGN_STYLE = Automatic;
				CURRENT_PROJECT_VERSION = 1;
				DEVELOPMENT_TEAM = V47R62H7V3;
				GENERATE_INFOPLIST_FILE = YES;
				MARKETING_VERSION = 1.0;
				PRODUCT_BUNDLE_IDENTIFIER = Ks.AnimalGestioneProjectUITests;
				PRODUCT_NAME = "$(TARGET_NAME)";
				SWIFT_EMIT_LOC_STRINGS = NO;
				SWIFT_VERSION = 5.0;
				TARGETED_DEVICE_FAMILY = "1,2";
				TEST_TARGET_NAME = AnimalGestioneProject;
			};
			name = Release;
		};
/* End XCBuildConfiguration section */

/* Begin XCConfigurationList section */
		28FD31CC2BB733BD005D407E /* Build configuration list for PBXProject "AnimalGestioneProject" */ = {
			isa = XCConfigurationList;
			buildConfigurations = (
				28FD31F32BB733BE005D407E /* Debug */,
				28FD31F42BB733BE005D407E /* Release */,
			);
			defaultConfigurationIsVisible = 0;
			defaultConfigurationName = Release;
		};
		28FD31F52BB733BE005D407E /* Build configuration list for PBXNativeTarget "AnimalGestioneProject" */ = {
			isa = XCConfigurationList;
			buildConfigurations = (
				28FD31F62BB733BE005D407E /* Debug */,
				28FD31F72BB733BE005D407E /* Release */,
			);
			defaultConfigurationIsVisible = 0;
			defaultConfigurationName = Release;
		};
		28FD31F82BB733BE005D407E /* Build configuration list for PBXNativeTarget "AnimalGestioneProjectTests" */ = {
			isa = XCConfigurationList;
			buildConfigurations = (
				28FD31F92BB733BE005D407E /* Debug */,
				28FD31FA2BB733BE005D407E /* Release */,
			);
			defaultConfigurationIsVisible = 0;
			defaultConfigurationName = Release;
		};
		28FD31FB2BB733BE005D407E /* Build configuration list for PBXNativeTarget "AnimalGestioneProjectUITests" */ = {
			isa = XCConfigurationList;
			buildConfigurations = (
				28FD31FC2BB733BE005D407E /* Debug */,
				28FD31FD2BB733BE005D407E /* Release */,
			);
			defaultConfigurationIsVisible = 0;
			defaultConfigurationName = Release;
		};
/* End XCConfigurationList section */

/* Begin XCRemoteSwiftPackageReference section */
		285026E62DDB349000B23B77 /* XCRemoteSwiftPackageReference "swift-package-manager-google-mobile-ads" */ = {
			isa = XCRemoteSwiftPackageReference;
			repositoryURL = "https://github.com/googleads/swift-package-manager-google-mobile-ads.git";
			requirement = {
				kind = upToNextMajorVersion;
				minimumVersion = 12.4.0;
			};
		};
/* End XCRemoteSwiftPackageReference section */

/* Begin XCVersionGroup section */
		28BC2E202DDA4DDB007385DE /* AnimalGestione.xcdatamodeld */ = {
			isa = XCVersionGroup;
			children = (
				28BC2ED12DDA4DDB007385DE /* AnimalGestione.xcdatamodel */,
			);
			currentVersion = 28BC2ED12DDA4DDB007385DE /* AnimalGestione.xcdatamodel */;
			path = AnimalGestione.xcdatamodeld;
			sourceTree = "<group>";
			versionGroupType = wrapper.xcdatamodel;
		};
/* End XCVersionGroup section */
	};
	rootObject = 28FD31C92BB733BD005D407E /* Project object */;
}
