// !$*UTF8*$!
{
	archiveVersion = 1;
	classes = {
	};
	objectVersion = 56;
	objects = {

/* Begin PBXBuildFile section */
		1071C4671A4E39876A1F52B8 /* Pods_AnimalGestioneProject_AnimalGestioneProjectUITests.framework in Frameworks */ = {isa = PBXBuildFile; fileRef = 770E7537FA11EE6CDB7FB7A2 /* Pods_AnimalGestioneProject_AnimalGestioneProjectUITests.framework */; };
		289AAEC82DD3C75300D5F04E /* HealthChartView.swift in Sources */ = {isa = PBXBuildFile; fileRef = 289AAEB32DD3C75300D5F04E /* HealthChartView.swift */; };
		289AAEC92DD3C75300D5F04E /* EditAnimalView.swift in Sources */ = {isa = PBXBuildFile; fileRef = 289AAEAC2DD3C75300D5F04E /* EditAnimalView.swift */; };
		289AAECA2DD3C75300D5F04E /* DataManagementView.swift in Sources */ = {isa = PBXBuildFile; fileRef = 289AAE772DD3C75300D5F04E /* DataManagementView.swift */; };
		289AAECB2DD3C75300D5F04E /* AnimalDataStore.swift in Sources */ = {isa = PBXBuildFile; fileRef = 289AAE7A2DD3C75300D5F04E /* AnimalDataStore.swift */; };
		289AAECC2DD3C75300D5F04E /* GroomingRecordView.swift in Sources */ = {isa = PBXBuildFile; fileRef = 289AAEB22DD3C75300D5F04E /* GroomingRecordView.swift */; };
		289AAECD2DD3C75300D5F04E /* OtherRecord.swift in Sources */ = {isa = PBXBuildFile; fileRef = 289AAE8B2DD3C75300D5F04E /* OtherRecord.swift */; };
		289AAECE2DD3C75300D5F04E /* CSVDataExportManager.swift in Sources */ = {isa = PBXBuildFile; fileRef = 289AAE742DD3C75300D5F04E /* CSVDataExportManager.swift */; };
		289AAECF2DD3C75300D5F04E /* IntegratedSupportView.swift in Sources */ = {isa = PBXBuildFile; fileRef = 289AAEB72DD3C75300D5F04E /* IntegratedSupportView.swift */; };
		289AAED02DD3C75300D5F04E /* NotificationsListView.swift in Sources */ = {isa = PBXBuildFile; fileRef = 289AAE902DD3C75300D5F04E /* NotificationsListView.swift */; };
		289AAED12DD3C75300D5F04E /* EnhancedCalendarView.swift in Sources */ = {isa = PBXBuildFile; fileRef = 289AAEAF2DD3C75300D5F04E /* EnhancedCalendarView.swift */; };
		289AAED22DD3C75300D5F04E /* GroomingRecord.swift in Sources */ = {isa = PBXBuildFile; fileRef = 289AAE892DD3C75300D5F04E /* GroomingRecord.swift */; };
		289AAED32DD3C75300D5F04E /* SplashScreen.swift in Sources */ = {isa = PBXBuildFile; fileRef = 289AAEC12DD3C75300D5F04E /* SplashScreen.swift */; };
		289AAED42DD3C75300D5F04E /* DebugDataExport.swift in Sources */ = {isa = PBXBuildFile; fileRef = 289AAE782DD3C75300D5F04E /* DebugDataExport.swift */; };
		289AAED52DD3C75300D5F04E /* SubscriptionProduct.swift in Sources */ = {isa = PBXBuildFile; fileRef = 289AAE962DD3C75300D5F04E /* SubscriptionProduct.swift */; };
		289AAED62DD3C75300D5F04E /* HealthRecordView.swift in Sources */ = {isa = PBXBuildFile; fileRef = 289AAEB42DD3C75300D5F04E /* HealthRecordView.swift */; };
		289AAED72DD3C75300D5F04E /* VaccineRecordView.swift in Sources */ = {isa = PBXBuildFile; fileRef = 289AAEC42DD3C75300D5F04E /* VaccineRecordView.swift */; };
		289AAED82DD3C75300D5F04E /* ContactViews.swift in Sources */ = {isa = PBXBuildFile; fileRef = 289AAEA42DD3C75300D5F04E /* ContactViews.swift */; };
		289AAED92DD3C75300D5F04E /* SupportView.swift in Sources */ = {isa = PBXBuildFile; fileRef = 289AAEC32DD3C75300D5F04E /* SupportView.swift */; };
		289AAEDA2DD3C75300D5F04E /* FAQViews.swift in Sources */ = {isa = PBXBuildFile; fileRef = 289AAEA52DD3C75300D5F04E /* FAQViews.swift */; };
		289AAEDB2DD3C75300D5F04E /* SupportURLView.swift in Sources */ = {isa = PBXBuildFile; fileRef = 289AAEC22DD3C75300D5F04E /* SupportURLView.swift */; };
		289AAEDC2DD3C75300D5F04E /* NotificationManager.swift in Sources */ = {isa = PBXBuildFile; fileRef = 289AAE8F2DD3C75300D5F04E /* NotificationManager.swift */; };
		289AAEDD2DD3C75300D5F04E /* EnhancedAnimalListView.swift in Sources */ = {isa = PBXBuildFile; fileRef = 289AAEAE2DD3C75300D5F04E /* EnhancedAnimalListView.swift */; };
		289AAEDE2DD3C75300D5F04E /* Color+Extensions.swift in Sources */ = {isa = PBXBuildFile; fileRef = 289AAE7C2DD3C75300D5F04E /* Color+Extensions.swift */; };
		289AAEDF2DD3C75300D5F04E /* EmbeddedPrivacyPolicyView.swift in Sources */ = {isa = PBXBuildFile; fileRef = 289AAEAD2DD3C75300D5F04E /* EmbeddedPrivacyPolicyView.swift */; };
		289AAEE02DD3C75300D5F04E /* CoreDataStore.swift in Sources */ = {isa = PBXBuildFile; fileRef = 289AAE702DD3C75300D5F04E /* CoreDataStore.swift */; };
		289AAEE12DD3C75300D5F04E /* AdConfig.swift in Sources */ = {isa = PBXBuildFile; fileRef = 289AAE6A2DD3C75300D5F04E /* AdConfig.swift */; };
		289AAEE22DD3C75300D5F04E /* RewardedFeatureView.swift in Sources */ = {isa = PBXBuildFile; fileRef = 289AAE9F2DD3C75300D5F04E /* RewardedFeatureView.swift */; };
		289AAEE32DD3C75300D5F04E /* InAppPurchaseManager.swift in Sources */ = {isa = PBXBuildFile; fileRef = 289AAE942DD3C75300D5F04E /* InAppPurchaseManager.swift */; };
		289AAEE42DD3C75300D5F04E /* PremiumPurchaseView.swift in Sources */ = {isa = PBXBuildFile; fileRef = 289AAE9D2DD3C75300D5F04E /* PremiumPurchaseView.swift */; };
		289AAEE52DD3C75300D5F04E /* SearchBar.swift in Sources */ = {isa = PBXBuildFile; fileRef = 289AAEA12DD3C75300D5F04E /* SearchBar.swift */; };
		289AAEE62DD3C75300D5F04E /* PrivacyPolicyURLView.swift in Sources */ = {isa = PBXBuildFile; fileRef = 289AAEBC2DD3C75300D5F04E /* PrivacyPolicyURLView.swift */; };
		289AAEE72DD3C75300D5F04E /* AnimalGestione.xcdatamodeld in Sources */ = {isa = PBXBuildFile; fileRef = 289AAE6F2DD3C75300D5F04E /* AnimalGestione.xcdatamodeld */; };
		289AAEE82DD3C75300D5F04E /* PhysiologicalCycleView.swift in Sources */ = {isa = PBXBuildFile; fileRef = 289AAEB82DD3C75300D5F04E /* PhysiologicalCycleView.swift */; };
		289AAEE92DD3C75300D5F04E /* EnhancedContentView.swift in Sources */ = {isa = PBXBuildFile; fileRef = 289AAEB02DD3C75300D5F04E /* EnhancedContentView.swift */; };
		289AAEEA2DD3C75300D5F04E /* AnimalModel.swift in Sources */ = {isa = PBXBuildFile; fileRef = 289AAE862DD3C75300D5F04E /* AnimalModel.swift */; };
		289AAEEB2DD3C75300D5F04E /* PrivacyPolicyConsentView.swift in Sources */ = {isa = PBXBuildFile; fileRef = 289AAEBB2DD3C75300D5F04E /* PrivacyPolicyConsentView.swift */; };
		289AAEEC2DD3C75300D5F04E /* BannerAdView.swift in Sources */ = {isa = PBXBuildFile; fileRef = 289AAE9B2DD3C75300D5F04E /* BannerAdView.swift */; };
		289AAEED2DD3C75300D5F04E /* RewardedAdManager.swift in Sources */ = {isa = PBXBuildFile; fileRef = 289AAE9E2DD3C75300D5F04E /* RewardedAdManager.swift */; };
		289AAEEE2DD3C75300D5F04E /* WeightRecord.swift in Sources */ = {isa = PBXBuildFile; fileRef = 289AAE8D2DD3C75300D5F04E /* WeightRecord.swift */; };
		289AAEEF2DD3C75300D5F04E /* MedicationRecord.swift in Sources */ = {isa = PBXBuildFile; fileRef = 289AAE8A2DD3C75300D5F04E /* MedicationRecord.swift */; };
		289AAEF02DD3C75300D5F04E /* ImagePicker.swift in Sources */ = {isa = PBXBuildFile; fileRef = 289AAEB52DD3C75300D5F04E /* ImagePicker.swift */; };
		289AAEF12DD3C75300D5F04E /* PremiumSubscriptionView.swift in Sources */ = {isa = PBXBuildFile; fileRef = 289AAEBA2DD3C75300D5F04E /* PremiumSubscriptionView.swift */; };
		289AAEF22DD3C75300D5F04E /* ScheduleEditView.swift in Sources */ = {isa = PBXBuildFile; fileRef = 289AAEBE2DD3C75300D5F04E /* ScheduleEditView.swift */; };
		289AAEF32DD3C75300D5F04E /* GuideDetailView.swift in Sources */ = {isa = PBXBuildFile; fileRef = 289AAEA62DD3C75300D5F04E /* GuideDetailView.swift */; };
		289AAEF42DD3C75300D5F04E /* SimplePrivacyConsent.swift in Sources */ = {isa = PBXBuildFile; fileRef = 289AAEC02DD3C75300D5F04E /* SimplePrivacyConsent.swift */; };
		289AAEF52DD3C75300D5F04E /* DataExportImportManager.swift in Sources */ = {isa = PBXBuildFile; fileRef = 289AAE762DD3C75300D5F04E /* DataExportImportManager.swift */; };
		289AAEF62DD3C75300D5F04E /* SubscriptionManager.swift in Sources */ = {isa = PBXBuildFile; fileRef = 289AAE952DD3C75300D5F04E /* SubscriptionManager.swift */; };
		289AAEF72DD3C75300D5F04E /* AnimalGestioneProjectApp.swift in Sources */ = {isa = PBXBuildFile; fileRef = 289AAE642DD3C75300D5F04E /* AnimalGestioneProjectApp.swift */; };
		289AAEF82DD3C75300D5F04E /* WeightRecordView.swift in Sources */ = {isa = PBXBuildFile; fileRef = 289AAEC52DD3C75300D5F04E /* WeightRecordView.swift */; };
		289AAEF92DD3C75300D5F04E /* CoreDataStore+Records.swift in Sources */ = {isa = PBXBuildFile; fileRef = 289AAE712DD3C75300D5F04E /* CoreDataStore+Records.swift */; };
		289AAEFA2DD3C75300D5F04E /* InterstitialAdManager.swift in Sources */ = {isa = PBXBuildFile; fileRef = 289AAE9C2DD3C75300D5F04E /* InterstitialAdManager.swift */; };
		289AAEFB2DD3C75300D5F04E /* PrivacyPolicyView.swift in Sources */ = {isa = PBXBuildFile; fileRef = 289AAEBD2DD3C75300D5F04E /* PrivacyPolicyView.swift */; };
		289AAEFC2DD3C75300D5F04E /* AppSetupManager.swift in Sources */ = {isa = PBXBuildFile; fileRef = 289AAE6B2DD3C75300D5F04E /* AppSetupManager.swift */; };
		289AAEFD2DD3C75300D5F04E /* PersistenceController.swift in Sources */ = {isa = PBXBuildFile; fileRef = 289AAE722DD3C75300D5F04E /* PersistenceController.swift */; };
		289AAEFE2DD3C75300D5F04E /* EnhancedHomeView.swift in Sources */ = {isa = PBXBuildFile; fileRef = 289AAEB12DD3C75300D5F04E /* EnhancedHomeView.swift */; };
		289AAEFF2DD3C75300D5F04E /* CheckupRecord.swift in Sources */ = {isa = PBXBuildFile; fileRef = 289AAE882DD3C75300D5F04E /* CheckupRecord.swift */; };
		289AAF002DD3C75300D5F04E /* AddAnimalView.swift in Sources */ = {isa = PBXBuildFile; fileRef = 289AAEA82DD3C75300D5F04E /* AddAnimalView.swift */; };
		289AAF012DD3C75300D5F04E /* InlinePrivacyViews.swift in Sources */ = {isa = PBXBuildFile; fileRef = 289AAEB62DD3C75300D5F04E /* InlinePrivacyViews.swift */; };
		289AAF022DD3C75300D5F04E /* URLProvider.swift in Sources */ = {isa = PBXBuildFile; fileRef = 289AAE6C2DD3C75300D5F04E /* URLProvider.swift */; };
		289AAF032DD3C75300D5F04E /* AppDelegate.swift in Sources */ = {isa = PBXBuildFile; fileRef = 289AAE652DD3C75300D5F04E /* AppDelegate.swift */; };
		289AAF042DD3C75300D5F04E /* VaccineRecord.swift in Sources */ = {isa = PBXBuildFile; fileRef = 289AAE8C2DD3C75300D5F04E /* VaccineRecord.swift */; };
		289AAF052DD3C75300D5F04E /* AdContainerView.swift in Sources */ = {isa = PBXBuildFile; fileRef = 289AAE992DD3C75300D5F04E /* AdContainerView.swift */; };
		289AAF062DD3C75300D5F04E /* SettingsView.swift in Sources */ = {isa = PBXBuildFile; fileRef = 289AAEBF2DD3C75300D5F04E /* SettingsView.swift */; };
		289AAF072DD3C75300D5F04E /* AnimalModel+CoreData.swift in Sources */ = {isa = PBXBuildFile; fileRef = 289AAE872DD3C75300D5F04E /* AnimalModel+CoreData.swift */; };
		289AAF082DD3C75300D5F04E /* CSVExportView.swift in Sources */ = {isa = PBXBuildFile; fileRef = 289AAE752DD3C75300D5F04E /* CSVExportView.swift */; };
		289AAF092DD3C75300D5F04E /* AnimalDetailView.swift in Sources */ = {isa = PBXBuildFile; fileRef = 289AAEA92DD3C75300D5F04E /* AnimalDetailView.swift */; };
		289AAF0A2DD3C75300D5F04E /* AdManager.swift in Sources */ = {isa = PBXBuildFile; fileRef = 289AAE9A2DD3C75300D5F04E /* AdManager.swift */; };
		289AAF0C2DD3C75300D5F04E /* AnimalDetailView+ColorPicker.swift in Sources */ = {isa = PBXBuildFile; fileRef = 289AAEAA2DD3C75300D5F04E /* AnimalDetailView+ColorPicker.swift */; };
		289AAF0D2DD3C75300D5F04E /* ColorPickerView.swift in Sources */ = {isa = PBXBuildFile; fileRef = 289AAEAB2DD3C75300D5F04E /* ColorPickerView.swift */; };
		289AAF0E2DD3C75300D5F04E /* Preview Assets.xcassets in Resources */ = {isa = PBXBuildFile; fileRef = 289AAE922DD3C75300D5F04E /* Preview Assets.xcassets */; };
		289AAF0F2DD3C75300D5F04E /* Assets.xcassets in Resources */ = {isa = PBXBuildFile; fileRef = 289AAE662DD3C75300D5F04E /* Assets.xcassets */; };
		289AAF102DD3C75300D5F04E /* StoreKitTestConfiguration.storekit in Resources */ = {isa = PBXBuildFile; fileRef = 289AAE982DD3C75300D5F04E /* StoreKitTestConfiguration.storekit */; };
		8712323F743F7D608F65A1D4 /* Pods_AnimalGestioneProjectTests.framework in Frameworks */ = {isa = PBXBuildFile; fileRef = 86A339245298984A3ED5E817 /* Pods_AnimalGestioneProjectTests.framework */; };
		C3CD51E73871342D3429AF85 /* Pods_AnimalGestioneProject.framework in Frameworks */ = {isa = PBXBuildFile; fileRef = FF413571F0460F9FA2800BC0 /* Pods_AnimalGestioneProject.framework */; };
/* End PBXBuildFile section */

/* Begin PBXContainerItemProxy section */
		28FD31E22BB733BE005D407E /* PBXContainerItemProxy */ = {
			isa = PBXContainerItemProxy;
			containerPortal = 28FD31C92BB733BD005D407E /* Project object */;
			proxyType = 1;
			remoteGlobalIDString = 28FD31D02BB733BD005D407E;
			remoteInfo = AnimalGestioneProject;
		};
		28FD31EC2BB733BE005D407E /* PBXContainerItemProxy */ = {
			isa = PBXContainerItemProxy;
			containerPortal = 28FD31C92BB733BD005D407E /* Project object */;
			proxyType = 1;
			remoteGlobalIDString = 28FD31D02BB733BD005D407E;
			remoteInfo = AnimalGestioneProject;
		};
/* End PBXContainerItemProxy section */

/* Begin PBXFileReference section */
		2824B7852DCF368900625889 /* AnimalGestioneProject.app */ = {isa = PBXFileReference; explicitFileType = wrapper.application; includeInIndex = 0; path = AnimalGestioneProject.app; sourceTree = BUILT_PRODUCTS_DIR; };
		2824B7862DCF368900625889 /* AnimalGestioneProjectTests.xctest */ = {isa = PBXFileReference; explicitFileType = wrapper.cfbundle; includeInIndex = 0; path = AnimalGestioneProjectTests.xctest; sourceTree = BUILT_PRODUCTS_DIR; };
		2824B7872DCF368900625889 /* AnimalGestioneProjectUITests.xctest */ = {isa = PBXFileReference; explicitFileType = wrapper.cfbundle; includeInIndex = 0; path = AnimalGestioneProjectUITests.xctest; sourceTree = BUILT_PRODUCTS_DIR; };
		289AAE642DD3C75300D5F04E /* AnimalGestioneProjectApp.swift */ = {isa = PBXFileReference; lastKnownFileType = sourcecode.swift; path = AnimalGestioneProjectApp.swift; sourceTree = "<group>"; };
		289AAE652DD3C75300D5F04E /* AppDelegate.swift */ = {isa = PBXFileReference; lastKnownFileType = sourcecode.swift; path = AppDelegate.swift; sourceTree = "<group>"; };
		289AAE662DD3C75300D5F04E /* Assets.xcassets */ = {isa = PBXFileReference; lastKnownFileType = folder.assetcatalog; path = Assets.xcassets; sourceTree = "<group>"; };
		289AAE6A2DD3C75300D5F04E /* AdConfig.swift */ = {isa = PBXFileReference; lastKnownFileType = sourcecode.swift; path = AdConfig.swift; sourceTree = "<group>"; };
		289AAE6B2DD3C75300D5F04E /* AppSetupManager.swift */ = {isa = PBXFileReference; lastKnownFileType = sourcecode.swift; path = AppSetupManager.swift; sourceTree = "<group>"; };
		289AAE6C2DD3C75300D5F04E /* URLProvider.swift */ = {isa = PBXFileReference; lastKnownFileType = sourcecode.swift; path = URLProvider.swift; sourceTree = "<group>"; };
		289AAE702DD3C75300D5F04E /* CoreDataStore.swift */ = {isa = PBXFileReference; lastKnownFileType = sourcecode.swift; path = CoreDataStore.swift; sourceTree = "<group>"; };
		289AAE712DD3C75300D5F04E /* CoreDataStore+Records.swift */ = {isa = PBXFileReference; lastKnownFileType = sourcecode.swift; path = "CoreDataStore+Records.swift"; sourceTree = "<group>"; };
		289AAE722DD3C75300D5F04E /* PersistenceController.swift */ = {isa = PBXFileReference; lastKnownFileType = sourcecode.swift; path = PersistenceController.swift; sourceTree = "<group>"; };
		289AAE742DD3C75300D5F04E /* CSVDataExportManager.swift */ = {isa = PBXFileReference; lastKnownFileType = sourcecode.swift; path = CSVDataExportManager.swift; sourceTree = "<group>"; };
		289AAE752DD3C75300D5F04E /* CSVExportView.swift */ = {isa = PBXFileReference; lastKnownFileType = sourcecode.swift; path = CSVExportView.swift; sourceTree = "<group>"; };
		289AAE762DD3C75300D5F04E /* DataExportImportManager.swift */ = {isa = PBXFileReference; lastKnownFileType = sourcecode.swift; path = DataExportImportManager.swift; sourceTree = "<group>"; };
		289AAE772DD3C75300D5F04E /* DataManagementView.swift */ = {isa = PBXFileReference; lastKnownFileType = sourcecode.swift; path = DataManagementView.swift; sourceTree = "<group>"; };
		289AAE782DD3C75300D5F04E /* DebugDataExport.swift */ = {isa = PBXFileReference; lastKnownFileType = sourcecode.swift; path = DebugDataExport.swift; sourceTree = "<group>"; };
		289AAE7A2DD3C75300D5F04E /* AnimalDataStore.swift */ = {isa = PBXFileReference; lastKnownFileType = sourcecode.swift; path = AnimalDataStore.swift; sourceTree = "<group>"; };
		289AAE7C2DD3C75300D5F04E /* Color+Extensions.swift */ = {isa = PBXFileReference; lastKnownFileType = sourcecode.swift; path = "Color+Extensions.swift"; sourceTree = "<group>"; };
		289AAE852DD3C75300D5F04E /* Info.plist */ = {isa = PBXFileReference; lastKnownFileType = text.plist.xml; path = Info.plist; sourceTree = "<group>"; };
		289AAE862DD3C75300D5F04E /* AnimalModel.swift */ = {isa = PBXFileReference; lastKnownFileType = sourcecode.swift; path = AnimalModel.swift; sourceTree = "<group>"; };
		289AAE872DD3C75300D5F04E /* AnimalModel+CoreData.swift */ = {isa = PBXFileReference; lastKnownFileType = sourcecode.swift; path = "AnimalModel+CoreData.swift"; sourceTree = "<group>"; };
		289AAE882DD3C75300D5F04E /* CheckupRecord.swift */ = {isa = PBXFileReference; lastKnownFileType = sourcecode.swift; path = CheckupRecord.swift; sourceTree = "<group>"; };
		289AAE892DD3C75300D5F04E /* GroomingRecord.swift */ = {isa = PBXFileReference; lastKnownFileType = sourcecode.swift; path = GroomingRecord.swift; sourceTree = "<group>"; };
		289AAE8A2DD3C75300D5F04E /* MedicationRecord.swift */ = {isa = PBXFileReference; lastKnownFileType = sourcecode.swift; path = MedicationRecord.swift; sourceTree = "<group>"; };
		289AAE8B2DD3C75300D5F04E /* OtherRecord.swift */ = {isa = PBXFileReference; lastKnownFileType = sourcecode.swift; path = OtherRecord.swift; sourceTree = "<group>"; };
		289AAE8C2DD3C75300D5F04E /* VaccineRecord.swift */ = {isa = PBXFileReference; lastKnownFileType = sourcecode.swift; path = VaccineRecord.swift; sourceTree = "<group>"; };
		289AAE8D2DD3C75300D5F04E /* WeightRecord.swift */ = {isa = PBXFileReference; lastKnownFileType = sourcecode.swift; path = WeightRecord.swift; sourceTree = "<group>"; };
		289AAE8F2DD3C75300D5F04E /* NotificationManager.swift */ = {isa = PBXFileReference; lastKnownFileType = sourcecode.swift; path = NotificationManager.swift; sourceTree = "<group>"; };
		289AAE902DD3C75300D5F04E /* NotificationsListView.swift */ = {isa = PBXFileReference; lastKnownFileType = sourcecode.swift; path = NotificationsListView.swift; sourceTree = "<group>"; };
		289AAE922DD3C75300D5F04E /* Preview Assets.xcassets */ = {isa = PBXFileReference; lastKnownFileType = folder.assetcatalog; path = "Preview Assets.xcassets"; sourceTree = "<group>"; };
		289AAE942DD3C75300D5F04E /* InAppPurchaseManager.swift */ = {isa = PBXFileReference; lastKnownFileType = sourcecode.swift; path = InAppPurchaseManager.swift; sourceTree = "<group>"; };
		289AAE952DD3C75300D5F04E /* SubscriptionManager.swift */ = {isa = PBXFileReference; lastKnownFileType = sourcecode.swift; path = SubscriptionManager.swift; sourceTree = "<group>"; };
		289AAE962DD3C75300D5F04E /* SubscriptionProduct.swift */ = {isa = PBXFileReference; lastKnownFileType = sourcecode.swift; path = SubscriptionProduct.swift; sourceTree = "<group>"; };
		289AAE982DD3C75300D5F04E /* StoreKitTestConfiguration.storekit */ = {isa = PBXFileReference; lastKnownFileType = text; path = StoreKitTestConfiguration.storekit; sourceTree = "<group>"; };
		289AAE992DD3C75300D5F04E /* AdContainerView.swift */ = {isa = PBXFileReference; lastKnownFileType = sourcecode.swift; path = AdContainerView.swift; sourceTree = "<group>"; };
		289AAE9A2DD3C75300D5F04E /* AdManager.swift */ = {isa = PBXFileReference; lastKnownFileType = sourcecode.swift; path = AdManager.swift; sourceTree = "<group>"; };
		289AAE9B2DD3C75300D5F04E /* BannerAdView.swift */ = {isa = PBXFileReference; lastKnownFileType = sourcecode.swift; path = BannerAdView.swift; sourceTree = "<group>"; };
		289AAE9C2DD3C75300D5F04E /* InterstitialAdManager.swift */ = {isa = PBXFileReference; lastKnownFileType = sourcecode.swift; path = InterstitialAdManager.swift; sourceTree = "<group>"; };
		289AAE9D2DD3C75300D5F04E /* PremiumPurchaseView.swift */ = {isa = PBXFileReference; lastKnownFileType = sourcecode.swift; path = PremiumPurchaseView.swift; sourceTree = "<group>"; };
		289AAE9E2DD3C75300D5F04E /* RewardedAdManager.swift */ = {isa = PBXFileReference; lastKnownFileType = sourcecode.swift; path = RewardedAdManager.swift; sourceTree = "<group>"; };
		289AAE9F2DD3C75300D5F04E /* RewardedFeatureView.swift */ = {isa = PBXFileReference; lastKnownFileType = sourcecode.swift; path = RewardedFeatureView.swift; sourceTree = "<group>"; };
		289AAEA12DD3C75300D5F04E /* SearchBar.swift */ = {isa = PBXFileReference; lastKnownFileType = sourcecode.swift; path = SearchBar.swift; sourceTree = "<group>"; };
		289AAEA42DD3C75300D5F04E /* ContactViews.swift */ = {isa = PBXFileReference; lastKnownFileType = sourcecode.swift; path = ContactViews.swift; sourceTree = "<group>"; };
		289AAEA52DD3C75300D5F04E /* FAQViews.swift */ = {isa = PBXFileReference; lastKnownFileType = sourcecode.swift; path = FAQViews.swift; sourceTree = "<group>"; };
		289AAEA62DD3C75300D5F04E /* GuideDetailView.swift */ = {isa = PBXFileReference; lastKnownFileType = sourcecode.swift; path = GuideDetailView.swift; sourceTree = "<group>"; };
		289AAEA82DD3C75300D5F04E /* AddAnimalView.swift */ = {isa = PBXFileReference; lastKnownFileType = sourcecode.swift; path = AddAnimalView.swift; sourceTree = "<group>"; };
		289AAEA92DD3C75300D5F04E /* AnimalDetailView.swift */ = {isa = PBXFileReference; lastKnownFileType = sourcecode.swift; path = AnimalDetailView.swift; sourceTree = "<group>"; };
		289AAEAA2DD3C75300D5F04E /* AnimalDetailView+ColorPicker.swift */ = {isa = PBXFileReference; lastKnownFileType = sourcecode.swift; path = "AnimalDetailView+ColorPicker.swift"; sourceTree = "<group>"; };
		289AAEAB2DD3C75300D5F04E /* ColorPickerView.swift */ = {isa = PBXFileReference; lastKnownFileType = sourcecode.swift; path = ColorPickerView.swift; sourceTree = "<group>"; };
		289AAEAC2DD3C75300D5F04E /* EditAnimalView.swift */ = {isa = PBXFileReference; lastKnownFileType = sourcecode.swift; path = EditAnimalView.swift; sourceTree = "<group>"; };
		289AAEAD2DD3C75300D5F04E /* EmbeddedPrivacyPolicyView.swift */ = {isa = PBXFileReference; lastKnownFileType = sourcecode.swift; path = EmbeddedPrivacyPolicyView.swift; sourceTree = "<group>"; };
		289AAEAE2DD3C75300D5F04E /* EnhancedAnimalListView.swift */ = {isa = PBXFileReference; lastKnownFileType = sourcecode.swift; path = EnhancedAnimalListView.swift; sourceTree = "<group>"; };
		289AAEAF2DD3C75300D5F04E /* EnhancedCalendarView.swift */ = {isa = PBXFileReference; lastKnownFileType = sourcecode.swift; path = EnhancedCalendarView.swift; sourceTree = "<group>"; };
		289AAEB02DD3C75300D5F04E /* EnhancedContentView.swift */ = {isa = PBXFileReference; lastKnownFileType = sourcecode.swift; path = EnhancedContentView.swift; sourceTree = "<group>"; };
		289AAEB12DD3C75300D5F04E /* EnhancedHomeView.swift */ = {isa = PBXFileReference; lastKnownFileType = sourcecode.swift; path = EnhancedHomeView.swift; sourceTree = "<group>"; };
		289AAEB22DD3C75300D5F04E /* GroomingRecordView.swift */ = {isa = PBXFileReference; lastKnownFileType = sourcecode.swift; path = GroomingRecordView.swift; sourceTree = "<group>"; };
		289AAEB32DD3C75300D5F04E /* HealthChartView.swift */ = {isa = PBXFileReference; lastKnownFileType = sourcecode.swift; path = HealthChartView.swift; sourceTree = "<group>"; };
		289AAEB42DD3C75300D5F04E /* HealthRecordView.swift */ = {isa = PBXFileReference; lastKnownFileType = sourcecode.swift; path = HealthRecordView.swift; sourceTree = "<group>"; };
		289AAEB52DD3C75300D5F04E /* ImagePicker.swift */ = {isa = PBXFileReference; lastKnownFileType = sourcecode.swift; path = ImagePicker.swift; sourceTree = "<group>"; };
		289AAEB62DD3C75300D5F04E /* InlinePrivacyViews.swift */ = {isa = PBXFileReference; lastKnownFileType = sourcecode.swift; path = InlinePrivacyViews.swift; sourceTree = "<group>"; };
		289AAEB72DD3C75300D5F04E /* IntegratedSupportView.swift */ = {isa = PBXFileReference; lastKnownFileType = sourcecode.swift; path = IntegratedSupportView.swift; sourceTree = "<group>"; };
		289AAEB82DD3C75300D5F04E /* PhysiologicalCycleView.swift */ = {isa = PBXFileReference; lastKnownFileType = sourcecode.swift; path = PhysiologicalCycleView.swift; sourceTree = "<group>"; };
		289AAEBA2DD3C75300D5F04E /* PremiumSubscriptionView.swift */ = {isa = PBXFileReference; lastKnownFileType = sourcecode.swift; path = PremiumSubscriptionView.swift; sourceTree = "<group>"; };
		289AAEBB2DD3C75300D5F04E /* PrivacyPolicyConsentView.swift */ = {isa = PBXFileReference; lastKnownFileType = sourcecode.swift; path = PrivacyPolicyConsentView.swift; sourceTree = "<group>"; };
		289AAEBC2DD3C75300D5F04E /* PrivacyPolicyURLView.swift */ = {isa = PBXFileReference; lastKnownFileType = sourcecode.swift; path = PrivacyPolicyURLView.swift; sourceTree = "<group>"; };
		289AAEBD2DD3C75300D5F04E /* PrivacyPolicyView.swift */ = {isa = PBXFileReference; lastKnownFileType = sourcecode.swift; path = PrivacyPolicyView.swift; sourceTree = "<group>"; };
		289AAEBE2DD3C75300D5F04E /* ScheduleEditView.swift */ = {isa = PBXFileReference; lastKnownFileType = sourcecode.swift; path = ScheduleEditView.swift; sourceTree = "<group>"; };
		289AAEBF2DD3C75300D5F04E /* SettingsView.swift */ = {isa = PBXFileReference; lastKnownFileType = sourcecode.swift; path = SettingsView.swift; sourceTree = "<group>"; };
		289AAEC02DD3C75300D5F04E /* SimplePrivacyConsent.swift */ = {isa = PBXFileReference; lastKnownFileType = sourcecode.swift; path = SimplePrivacyConsent.swift; sourceTree = "<group>"; };
		289AAEC12DD3C75300D5F04E /* SplashScreen.swift */ = {isa = PBXFileReference; lastKnownFileType = sourcecode.swift; path = SplashScreen.swift; sourceTree = "<group>"; };
		289AAEC22DD3C75300D5F04E /* SupportURLView.swift */ = {isa = PBXFileReference; lastKnownFileType = sourcecode.swift; path = SupportURLView.swift; sourceTree = "<group>"; };
		289AAEC32DD3C75300D5F04E /* SupportView.swift */ = {isa = PBXFileReference; lastKnownFileType = sourcecode.swift; path = SupportView.swift; sourceTree = "<group>"; };
		289AAEC42DD3C75300D5F04E /* VaccineRecordView.swift */ = {isa = PBXFileReference; lastKnownFileType = sourcecode.swift; path = VaccineRecordView.swift; sourceTree = "<group>"; };
		289AAEC52DD3C75300D5F04E /* WeightRecordView.swift */ = {isa = PBXFileReference; lastKnownFileType = sourcecode.swift; path = WeightRecordView.swift; sourceTree = "<group>"; };
		289AAEC72DD3C75300D5F04E /* AnimalGestione.xcdatamodel */ = {isa = PBXFileReference; lastKnownFileType = wrapper.xcdatamodel; path = AnimalGestione.xcdatamodel; sourceTree = "<group>"; };
		2DE34C90300A551CE820A7BD /* Pods-AnimalGestioneProject-AnimalGestioneProjectUITests.release.xcconfig */ = {isa = PBXFileReference; includeInIndex = 1; lastKnownFileType = text.xcconfig; name = "Pods-AnimalGestioneProject-AnimalGestioneProjectUITests.release.xcconfig"; path = "Target Support Files/Pods-AnimalGestioneProject-AnimalGestioneProjectUITests/Pods-AnimalGestioneProject-AnimalGestioneProjectUITests.release.xcconfig"; sourceTree = "<group>"; };
		67BE3A616E48A669D9BC8FB0 /* Pods-AnimalGestioneProjectTests.debug.xcconfig */ = {isa = PBXFileReference; includeInIndex = 1; lastKnownFileType = text.xcconfig; name = "Pods-AnimalGestioneProjectTests.debug.xcconfig"; path = "Target Support Files/Pods-AnimalGestioneProjectTests/Pods-AnimalGestioneProjectTests.debug.xcconfig"; sourceTree = "<group>"; };
		770E7537FA11EE6CDB7FB7A2 /* Pods_AnimalGestioneProject_AnimalGestioneProjectUITests.framework */ = {isa = PBXFileReference; explicitFileType = wrapper.framework; includeInIndex = 0; path = Pods_AnimalGestioneProject_AnimalGestioneProjectUITests.framework; sourceTree = BUILT_PRODUCTS_DIR; };
		7DAF31EEA700901297C67B47 /* Pods-AnimalGestioneProject-AnimalGestioneProjectUITests.debug.xcconfig */ = {isa = PBXFileReference; includeInIndex = 1; lastKnownFileType = text.xcconfig; name = "Pods-AnimalGestioneProject-AnimalGestioneProjectUITests.debug.xcconfig"; path = "Target Support Files/Pods-AnimalGestioneProject-AnimalGestioneProjectUITests/Pods-AnimalGestioneProject-AnimalGestioneProjectUITests.debug.xcconfig"; sourceTree = "<group>"; };
		86A339245298984A3ED5E817 /* Pods_AnimalGestioneProjectTests.framework */ = {isa = PBXFileReference; explicitFileType = wrapper.framework; includeInIndex = 0; path = Pods_AnimalGestioneProjectTests.framework; sourceTree = BUILT_PRODUCTS_DIR; };
		8AA0CA6C9D4141C11A59550B /* Pods-AnimalGestioneProject.debug.xcconfig */ = {isa = PBXFileReference; includeInIndex = 1; lastKnownFileType = text.xcconfig; name = "Pods-AnimalGestioneProject.debug.xcconfig"; path = "Target Support Files/Pods-AnimalGestioneProject/Pods-AnimalGestioneProject.debug.xcconfig"; sourceTree = "<group>"; };
		C460B614CA6BB135A14C028C /* Pods-AnimalGestioneProject.release.xcconfig */ = {isa = PBXFileReference; includeInIndex = 1; lastKnownFileType = text.xcconfig; name = "Pods-AnimalGestioneProject.release.xcconfig"; path = "Target Support Files/Pods-AnimalGestioneProject/Pods-AnimalGestioneProject.release.xcconfig"; sourceTree = "<group>"; };
		D7BD5662B3B360EA6743C6A8 /* Pods-AnimalGestioneProjectTests.release.xcconfig */ = {isa = PBXFileReference; includeInIndex = 1; lastKnownFileType = text.xcconfig; name = "Pods-AnimalGestioneProjectTests.release.xcconfig"; path = "Target Support Files/Pods-AnimalGestioneProjectTests/Pods-AnimalGestioneProjectTests.release.xcconfig"; sourceTree = "<group>"; };
		FF413571F0460F9FA2800BC0 /* Pods_AnimalGestioneProject.framework */ = {isa = PBXFileReference; explicitFileType = wrapper.framework; includeInIndex = 0; path = Pods_AnimalGestioneProject.framework; sourceTree = BUILT_PRODUCTS_DIR; };
/* End PBXFileReference section */

/* Begin PBXFrameworksBuildPhase section */
		28FD31CE2BB733BD005D407E /* Frameworks */ = {
			isa = PBXFrameworksBuildPhase;
			buildActionMask = 2147483647;
			files = (
				C3CD51E73871342D3429AF85 /* Pods_AnimalGestioneProject.framework in Frameworks */,
			);
			runOnlyForDeploymentPostprocessing = 0;
		};
		28FD31DE2BB733BE005D407E /* Frameworks */ = {
			isa = PBXFrameworksBuildPhase;
			buildActionMask = 2147483647;
			files = (
				8712323F743F7D608F65A1D4 /* Pods_AnimalGestioneProjectTests.framework in Frameworks */,
			);
			runOnlyForDeploymentPostprocessing = 0;
		};
		28FD31E82BB733BE005D407E /* Frameworks */ = {
			isa = PBXFrameworksBuildPhase;
			buildActionMask = 2147483647;
			files = (
				1071C4671A4E39876A1F52B8 /* Pods_AnimalGestioneProject_AnimalGestioneProjectUITests.framework in Frameworks */,
			);
			runOnlyForDeploymentPostprocessing = 0;
		};
/* End PBXFrameworksBuildPhase section */

/* Begin PBXGroup section */
		289AAE672DD3C75300D5F04E /* Components */ = {
			isa = PBXGroup;
			children = (
			);
			path = Components;
			sourceTree = "<group>";
		};
		289AAE682DD3C75300D5F04E /* UI */ = {
			isa = PBXGroup;
			children = (
			);
			path = UI;
			sourceTree = "<group>";
		};
		289AAE692DD3C75300D5F04E /* Common */ = {
			isa = PBXGroup;
			children = (
				289AAE672DD3C75300D5F04E /* Components */,
				289AAE682DD3C75300D5F04E /* UI */,
			);
			path = Common;
			sourceTree = "<group>";
		};
		289AAE6D2DD3C75300D5F04E /* Config */ = {
			isa = PBXGroup;
			children = (
				289AAE6A2DD3C75300D5F04E /* AdConfig.swift */,
				289AAE6B2DD3C75300D5F04E /* AppSetupManager.swift */,
				289AAE6C2DD3C75300D5F04E /* URLProvider.swift */,
			);
			path = Config;
			sourceTree = "<group>";
		};
		289AAE6E2DD3C75300D5F04E /* Core */ = {
			isa = PBXGroup;
			children = (
			);
			path = Core;
			sourceTree = "<group>";
		};
		289AAE732DD3C75300D5F04E /* CoreData */ = {
			isa = PBXGroup;
			children = (
				289AAE6F2DD3C75300D5F04E /* AnimalGestione.xcdatamodeld */,
				289AAE702DD3C75300D5F04E /* CoreDataStore.swift */,
				289AAE712DD3C75300D5F04E /* CoreDataStore+Records.swift */,
				289AAE722DD3C75300D5F04E /* PersistenceController.swift */,
			);
			path = CoreData;
			sourceTree = "<group>";
		};
		289AAE792DD3C75300D5F04E /* DataManagement */ = {
			isa = PBXGroup;
			children = (
				289AAE742DD3C75300D5F04E /* CSVDataExportManager.swift */,
				289AAE752DD3C75300D5F04E /* CSVExportView.swift */,
				289AAE762DD3C75300D5F04E /* DataExportImportManager.swift */,
				289AAE772DD3C75300D5F04E /* DataManagementView.swift */,
				289AAE782DD3C75300D5F04E /* DebugDataExport.swift */,
			);
			path = DataManagement;
			sourceTree = "<group>";
		};
		289AAE7B2DD3C75300D5F04E /* DataStore */ = {
			isa = PBXGroup;
			children = (
				289AAE7A2DD3C75300D5F04E /* AnimalDataStore.swift */,
			);
			path = DataStore;
			sourceTree = "<group>";
		};
		289AAE7D2DD3C75300D5F04E /* Extensions */ = {
			isa = PBXGroup;
			children = (
				289AAE7C2DD3C75300D5F04E /* Color+Extensions.swift */,
			);
			path = Extensions;
			sourceTree = "<group>";
		};
		289AAE7E2DD3C75300D5F04E /* Calendar */ = {
			isa = PBXGroup;
			children = (
			);
			path = Calendar;
			sourceTree = "<group>";
		};
		289AAE7F2DD3C75300D5F04E /* Common */ = {
			isa = PBXGroup;
			children = (
			);
			path = Common;
			sourceTree = "<group>";
		};
		289AAE802DD3C75300D5F04E /* Health */ = {
			isa = PBXGroup;
			children = (
			);
			path = Health;
			sourceTree = "<group>";
		};
		289AAE812DD3C75300D5F04E /* Pets */ = {
			isa = PBXGroup;
			children = (
			);
			path = Pets;
			sourceTree = "<group>";
		};
		289AAE822DD3C75300D5F04E /* Settings */ = {
			isa = PBXGroup;
			children = (
			);
			path = Settings;
			sourceTree = "<group>";
		};
		289AAE832DD3C75300D5F04E /* Subscription */ = {
			isa = PBXGroup;
			children = (
			);
			path = Subscription;
			sourceTree = "<group>";
		};
		289AAE842DD3C75300D5F04E /* Features */ = {
			isa = PBXGroup;
			children = (
				289AAE7E2DD3C75300D5F04E /* Calendar */,
				289AAE7F2DD3C75300D5F04E /* Common */,
				289AAE802DD3C75300D5F04E /* Health */,
				289AAE812DD3C75300D5F04E /* Pets */,
				289AAE822DD3C75300D5F04E /* Settings */,
				289AAE832DD3C75300D5F04E /* Subscription */,
			);
			path = Features;
			sourceTree = "<group>";
		};
		289AAE8E2DD3C75300D5F04E /* Models */ = {
			isa = PBXGroup;
			children = (
				289AAE862DD3C75300D5F04E /* AnimalModel.swift */,
				289AAE872DD3C75300D5F04E /* AnimalModel+CoreData.swift */,
				289AAE882DD3C75300D5F04E /* CheckupRecord.swift */,
				289AAE892DD3C75300D5F04E /* GroomingRecord.swift */,
				289AAE8A2DD3C75300D5F04E /* MedicationRecord.swift */,
				289AAE8B2DD3C75300D5F04E /* OtherRecord.swift */,
				289AAE8C2DD3C75300D5F04E /* VaccineRecord.swift */,
				289AAE8D2DD3C75300D5F04E /* WeightRecord.swift */,
			);
			path = Models;
			sourceTree = "<group>";
		};
		289AAE912DD3C75300D5F04E /* Notifications */ = {
			isa = PBXGroup;
			children = (
				289AAE8F2DD3C75300D5F04E /* NotificationManager.swift */,
				289AAE902DD3C75300D5F04E /* NotificationsListView.swift */,
			);
			path = Notifications;
			sourceTree = "<group>";
		};
		289AAE932DD3C75300D5F04E /* Preview Content */ = {
			isa = PBXGroup;
			children = (
				289AAE922DD3C75300D5F04E /* Preview Assets.xcassets */,
			);
			path = "Preview Content";
			sourceTree = "<group>";
		};
		289AAE972DD3C75300D5F04E /* StoreKit */ = {
			isa = PBXGroup;
			children = (
				289AAE942DD3C75300D5F04E /* InAppPurchaseManager.swift */,
				289AAE952DD3C75300D5F04E /* SubscriptionManager.swift */,
				289AAE962DD3C75300D5F04E /* SubscriptionProduct.swift */,
			);
			path = StoreKit;
			sourceTree = "<group>";
		};
		289AAEA02DD3C75300D5F04E /* Ads */ = {
			isa = PBXGroup;
			children = (
				289AAE992DD3C75300D5F04E /* AdContainerView.swift */,
				289AAE9A2DD3C75300D5F04E /* AdManager.swift */,
				289AAE9B2DD3C75300D5F04E /* BannerAdView.swift */,
				289AAE9C2DD3C75300D5F04E /* InterstitialAdManager.swift */,
				289AAE9D2DD3C75300D5F04E /* PremiumPurchaseView.swift */,
				289AAE9E2DD3C75300D5F04E /* RewardedAdManager.swift */,
				289AAE9F2DD3C75300D5F04E /* RewardedFeatureView.swift */,
			);
			path = Ads;
			sourceTree = "<group>";
		};
		289AAEA22DD3C75300D5F04E /* Components */ = {
			isa = PBXGroup;
			children = (
				289AAEA12DD3C75300D5F04E /* SearchBar.swift */,
			);
			path = Components;
			sourceTree = "<group>";
		};
		289AAEA32DD3C75300D5F04E /* Supporting */ = {
			isa = PBXGroup;
			children = (
			);
			path = Supporting;
			sourceTree = "<group>";
		};
		289AAEA72DD3C75300D5F04E /* SupportViews */ = {
			isa = PBXGroup;
			children = (
				289AAEA42DD3C75300D5F04E /* ContactViews.swift */,
				289AAEA52DD3C75300D5F04E /* FAQViews.swift */,
				289AAEA62DD3C75300D5F04E /* GuideDetailView.swift */,
			);
			path = SupportViews;
			sourceTree = "<group>";
		};
		289AAEC62DD3C75300D5F04E /* Views */ = {
			isa = PBXGroup;
			children = (
				289AAEA02DD3C75300D5F04E /* Ads */,
				289AAEA22DD3C75300D5F04E /* Components */,
				289AAEA32DD3C75300D5F04E /* Supporting */,
				289AAEA72DD3C75300D5F04E /* SupportViews */,
				289AAEA82DD3C75300D5F04E /* AddAnimalView.swift */,
				289AAEA92DD3C75300D5F04E /* AnimalDetailView.swift */,
				289AAEAA2DD3C75300D5F04E /* AnimalDetailView+ColorPicker.swift */,
				289AAEAB2DD3C75300D5F04E /* ColorPickerView.swift */,
				289AAEAC2DD3C75300D5F04E /* EditAnimalView.swift */,
				289AAEAD2DD3C75300D5F04E /* EmbeddedPrivacyPolicyView.swift */,
				289AAEAE2DD3C75300D5F04E /* EnhancedAnimalListView.swift */,
				289AAEAF2DD3C75300D5F04E /* EnhancedCalendarView.swift */,
				289AAEB02DD3C75300D5F04E /* EnhancedContentView.swift */,
				289AAEB12DD3C75300D5F04E /* EnhancedHomeView.swift */,
				289AAEB22DD3C75300D5F04E /* GroomingRecordView.swift */,
				289AAEB32DD3C75300D5F04E /* HealthChartView.swift */,
				289AAEB42DD3C75300D5F04E /* HealthRecordView.swift */,
				289AAEB52DD3C75300D5F04E /* ImagePicker.swift */,
				289AAEB62DD3C75300D5F04E /* InlinePrivacyViews.swift */,
				289AAEB72DD3C75300D5F04E /* IntegratedSupportView.swift */,
				289AAEB82DD3C75300D5F04E /* PhysiologicalCycleView.swift */,
				289AAEBA2DD3C75300D5F04E /* PremiumSubscriptionView.swift */,
				289AAEBB2DD3C75300D5F04E /* PrivacyPolicyConsentView.swift */,
				289AAEBC2DD3C75300D5F04E /* PrivacyPolicyURLView.swift */,
				289AAEBD2DD3C75300D5F04E /* PrivacyPolicyView.swift */,
				289AAEBE2DD3C75300D5F04E /* ScheduleEditView.swift */,
				289AAEBF2DD3C75300D5F04E /* SettingsView.swift */,
				289AAEC02DD3C75300D5F04E /* SimplePrivacyConsent.swift */,
				289AAEC12DD3C75300D5F04E /* SplashScreen.swift */,
				289AAEC22DD3C75300D5F04E /* SupportURLView.swift */,
				289AAEC32DD3C75300D5F04E /* SupportView.swift */,
				289AAEC42DD3C75300D5F04E /* VaccineRecordView.swift */,
				289AAEC52DD3C75300D5F04E /* WeightRecordView.swift */,
			);
			path = Views;
			sourceTree = "<group>";
		};
		28A3D3222DCF26CB001F6D36 /* AnimalGestioneProject */ = {
			isa = PBXGroup;
			children = (
				289AAE642DD3C75300D5F04E /* AnimalGestioneProjectApp.swift */,
				289AAE652DD3C75300D5F04E /* AppDelegate.swift */,
				289AAE662DD3C75300D5F04E /* Assets.xcassets */,
				289AAE692DD3C75300D5F04E /* Common */,
				289AAE6D2DD3C75300D5F04E /* Config */,
				289AAE6E2DD3C75300D5F04E /* Core */,
				289AAE732DD3C75300D5F04E /* CoreData */,
				289AAE792DD3C75300D5F04E /* DataManagement */,
				289AAE7B2DD3C75300D5F04E /* DataStore */,
				289AAE7D2DD3C75300D5F04E /* Extensions */,
				289AAE842DD3C75300D5F04E /* Features */,
				289AAE852DD3C75300D5F04E /* Info.plist */,
				289AAE8E2DD3C75300D5F04E /* Models */,
				289AAE912DD3C75300D5F04E /* Notifications */,
				289AAE932DD3C75300D5F04E /* Preview Content */,
				289AAE972DD3C75300D5F04E /* StoreKit */,
				289AAE982DD3C75300D5F04E /* StoreKitTestConfiguration.storekit */,
				289AAEC62DD3C75300D5F04E /* Views */,
			);
			path = AnimalGestioneProject;
			sourceTree = "<group>";
		};
		28FD31C82BB733BD005D407E = {
			isa = PBXGroup;
			children = (
				28A3D3222DCF26CB001F6D36 /* AnimalGestioneProject */,
				73401AB7479553C17264D712 /* Pods */,
				7C66C83E031696BBE0937121 /* Frameworks */,
				2824B7852DCF368900625889 /* AnimalGestioneProject.app */,
				2824B7862DCF368900625889 /* AnimalGestioneProjectTests.xctest */,
				2824B7872DCF368900625889 /* AnimalGestioneProjectUITests.xctest */,
			);
			sourceTree = "<group>";
		};
		73401AB7479553C17264D712 /* Pods */ = {
			isa = PBXGroup;
			children = (
				8AA0CA6C9D4141C11A59550B /* Pods-AnimalGestioneProject.debug.xcconfig */,
				C460B614CA6BB135A14C028C /* Pods-AnimalGestioneProject.release.xcconfig */,
				7DAF31EEA700901297C67B47 /* Pods-AnimalGestioneProject-AnimalGestioneProjectUITests.debug.xcconfig */,
				2DE34C90300A551CE820A7BD /* Pods-AnimalGestioneProject-AnimalGestioneProjectUITests.release.xcconfig */,
				67BE3A616E48A669D9BC8FB0 /* Pods-AnimalGestioneProjectTests.debug.xcconfig */,
				D7BD5662B3B360EA6743C6A8 /* Pods-AnimalGestioneProjectTests.release.xcconfig */,
			);
			path = Pods;
			sourceTree = "<group>";
		};
		7C66C83E031696BBE0937121 /* Frameworks */ = {
			isa = PBXGroup;
			children = (
				FF413571F0460F9FA2800BC0 /* Pods_AnimalGestioneProject.framework */,
				770E7537FA11EE6CDB7FB7A2 /* Pods_AnimalGestioneProject_AnimalGestioneProjectUITests.framework */,
				86A339245298984A3ED5E817 /* Pods_AnimalGestioneProjectTests.framework */,
			);
			name = Frameworks;
			sourceTree = "<group>";
		};
/* End PBXGroup section */

/* Begin PBXNativeTarget section */
		28FD31D02BB733BD005D407E /* AnimalGestioneProject */ = {
			isa = PBXNativeTarget;
			buildConfigurationList = 28FD31F52BB733BE005D407E /* Build configuration list for PBXNativeTarget "AnimalGestioneProject" */;
			buildPhases = (
				8A373DBB83FF99821093A5DA /* [CP] Check Pods Manifest.lock */,
				28FD31CD2BB733BD005D407E /* Sources */,
				28FD31CE2BB733BD005D407E /* Frameworks */,
				28FD31CF2BB733BD005D407E /* Resources */,
				B8CF6765E4A9456DDA26385D /* [CP] Copy Pods Resources */,
			);
			buildRules = (
			);
			dependencies = (
			);
			name = AnimalGestioneProject;
			productName = AnimalGestioneProject;
			productReference = 2824B7852DCF368900625889 /* AnimalGestioneProject.app */;
			productType = "com.apple.product-type.application";
		};
		28FD31E02BB733BE005D407E /* AnimalGestioneProjectTests */ = {
			isa = PBXNativeTarget;
			buildConfigurationList = 28FD31F82BB733BE005D407E /* Build configuration list for PBXNativeTarget "AnimalGestioneProjectTests" */;
			buildPhases = (
				CCB3B285D811E0563F4044E1 /* [CP] Check Pods Manifest.lock */,
				28FD31DD2BB733BE005D407E /* Sources */,
				28FD31DE2BB733BE005D407E /* Frameworks */,
				28FD31DF2BB733BE005D407E /* Resources */,
			);
			buildRules = (
			);
			dependencies = (
				28FD31E32BB733BE005D407E /* PBXTargetDependency */,
			);
			name = AnimalGestioneProjectTests;
			productName = AnimalGestioneProjectTests;
			productReference = 2824B7862DCF368900625889 /* AnimalGestioneProjectTests.xctest */;
			productType = "com.apple.product-type.bundle.unit-test";
		};
		28FD31EA2BB733BE005D407E /* AnimalGestioneProjectUITests */ = {
			isa = PBXNativeTarget;
			buildConfigurationList = 28FD31FB2BB733BE005D407E /* Build configuration list for PBXNativeTarget "AnimalGestioneProjectUITests" */;
			buildPhases = (
				6449C62A9B5A6E7EDBE9A0EA /* [CP] Check Pods Manifest.lock */,
				28FD31E72BB733BE005D407E /* Sources */,
				28FD31E82BB733BE005D407E /* Frameworks */,
				28FD31E92BB733BE005D407E /* Resources */,
				B9899329AA25A07223310202 /* [CP] Copy Pods Resources */,
			);
			buildRules = (
			);
			dependencies = (
				28FD31ED2BB733BE005D407E /* PBXTargetDependency */,
			);
			name = AnimalGestioneProjectUITests;
			productName = AnimalGestioneProjectUITests;
			productReference = 2824B7872DCF368900625889 /* AnimalGestioneProjectUITests.xctest */;
			productType = "com.apple.product-type.bundle.ui-testing";
		};
/* End PBXNativeTarget section */

/* Begin PBXProject section */
		28FD31C92BB733BD005D407E /* Project object */ = {
			isa = PBXProject;
			attributes = {
				BuildIndependentTargetsInParallel = 1;
				LastSwiftUpdateCheck = 1520;
				LastUpgradeCheck = 1520;
				TargetAttributes = {
					28FD31D02BB733BD005D407E = {
						CreatedOnToolsVersion = 15.2;
					};
					28FD31E02BB733BE005D407E = {
						CreatedOnToolsVersion = 15.2;
						TestTargetID = 28FD31D02BB733BD005D407E;
					};
					28FD31EA2BB733BE005D407E = {
						CreatedOnToolsVersion = 15.2;
						TestTargetID = 28FD31D02BB733BD005D407E;
					};
				};
			};
			buildConfigurationList = 28FD31CC2BB733BD005D407E /* Build configuration list for PBXProject "AnimalGestioneProject" */;
			compatibilityVersion = "Xcode 14.0";
			developmentRegion = en;
			hasScannedForEncodings = 0;
			knownRegions = (
				en,
				Base,
			);
			mainGroup = 28FD31C82BB733BD005D407E;
			productRefGroup = 28FD31C82BB733BD005D407E;
			projectDirPath = "";
			projectRoot = "";
			targets = (
				28FD31D02BB733BD005D407E /* AnimalGestioneProject */,
				28FD31E02BB733BE005D407E /* AnimalGestioneProjectTests */,
				28FD31EA2BB733BE005D407E /* AnimalGestioneProjectUITests */,
			);
		};
/* End PBXProject section */

/* Begin PBXResourcesBuildPhase section */
		28FD31CF2BB733BD005D407E /* Resources */ = {
			isa = PBXResourcesBuildPhase;
			buildActionMask = 2147483647;
			files = (
				289AAF0E2DD3C75300D5F04E /* Preview Assets.xcassets in Resources */,
				289AAF0F2DD3C75300D5F04E /* Assets.xcassets in Resources */,
				289AAF102DD3C75300D5F04E /* StoreKitTestConfiguration.storekit in Resources */,
			);
			runOnlyForDeploymentPostprocessing = 0;
		};
		28FD31DF2BB733BE005D407E /* Resources */ = {
			isa = PBXResourcesBuildPhase;
			buildActionMask = 2147483647;
			files = (
			);
			runOnlyForDeploymentPostprocessing = 0;
		};
		28FD31E92BB733BE005D407E /* Resources */ = {
			isa = PBXResourcesBuildPhase;
			buildActionMask = 2147483647;
			files = (
			);
			runOnlyForDeploymentPostprocessing = 0;
		};
/* End PBXResourcesBuildPhase section */

/* Begin PBXShellScriptBuildPhase section */
		6449C62A9B5A6E7EDBE9A0EA /* [CP] Check Pods Manifest.lock */ = {
			isa = PBXShellScriptBuildPhase;
			buildActionMask = 2147483647;
			files = (
			);
			inputFileListPaths = (
			);
			inputPaths = (
				"${PODS_PODFILE_DIR_PATH}/Podfile.lock",
				"${PODS_ROOT}/Manifest.lock",
			);
			name = "[CP] Check Pods Manifest.lock";
			outputFileListPaths = (
			);
			outputPaths = (
				"$(DERIVED_FILE_DIR)/Pods-AnimalGestioneProject-AnimalGestioneProjectUITests-checkManifestLockResult.txt",
			);
			runOnlyForDeploymentPostprocessing = 0;
			shellPath = /bin/sh;
			shellScript = "diff \"${PODS_PODFILE_DIR_PATH}/Podfile.lock\" \"${PODS_ROOT}/Manifest.lock\" > /dev/null\nif [ $? != 0 ] ; then\n    # print error to STDERR\n    echo \"error: The sandbox is not in sync with the Podfile.lock. Run 'pod install' or update your CocoaPods installation.\" >&2\n    exit 1\nfi\n# This output is used by Xcode 'outputs' to avoid re-running this script phase.\necho \"SUCCESS\" > \"${SCRIPT_OUTPUT_FILE_0}\"\n";
			showEnvVarsInLog = 0;
		};
		8A373DBB83FF99821093A5DA /* [CP] Check Pods Manifest.lock */ = {
			isa = PBXShellScriptBuildPhase;
			buildActionMask = 2147483647;
			files = (
			);
			inputFileListPaths = (
			);
			inputPaths = (
				"${PODS_PODFILE_DIR_PATH}/Podfile.lock",
				"${PODS_ROOT}/Manifest.lock",
			);
			name = "[CP] Check Pods Manifest.lock";
			outputFileListPaths = (
			);
			outputPaths = (
				"$(DERIVED_FILE_DIR)/Pods-AnimalGestioneProject-checkManifestLockResult.txt",
			);
			runOnlyForDeploymentPostprocessing = 0;
			shellPath = /bin/sh;
			shellScript = "diff \"${PODS_PODFILE_DIR_PATH}/Podfile.lock\" \"${PODS_ROOT}/Manifest.lock\" > /dev/null\nif [ $? != 0 ] ; then\n    # print error to STDERR\n    echo \"error: The sandbox is not in sync with the Podfile.lock. Run 'pod install' or update your CocoaPods installation.\" >&2\n    exit 1\nfi\n# This output is used by Xcode 'outputs' to avoid re-running this script phase.\necho \"SUCCESS\" > \"${SCRIPT_OUTPUT_FILE_0}\"\n";
			showEnvVarsInLog = 0;
		};
		B8CF6765E4A9456DDA26385D /* [CP] Copy Pods Resources */ = {
			isa = PBXShellScriptBuildPhase;
			buildActionMask = 2147483647;
			files = (
			);
			inputFileListPaths = (
				"${PODS_ROOT}/Target Support Files/Pods-AnimalGestioneProject/Pods-AnimalGestioneProject-resources-${CONFIGURATION}-input-files.xcfilelist",
			);
			inputPaths = (
			);
			name = "[CP] Copy Pods Resources";
			outputFileListPaths = (
				"${PODS_ROOT}/Target Support Files/Pods-AnimalGestioneProject/Pods-AnimalGestioneProject-resources-${CONFIGURATION}-output-files.xcfilelist",
			);
			outputPaths = (
			);
			runOnlyForDeploymentPostprocessing = 0;
			shellPath = /bin/sh;
			shellScript = "\"${PODS_ROOT}/Target Support Files/Pods-AnimalGestioneProject/Pods-AnimalGestioneProject-resources.sh\"\n";
			showEnvVarsInLog = 0;
		};
		B9899329AA25A07223310202 /* [CP] Copy Pods Resources */ = {
			isa = PBXShellScriptBuildPhase;
			buildActionMask = 2147483647;
			files = (
			);
			inputFileListPaths = (
				"${PODS_ROOT}/Target Support Files/Pods-AnimalGestioneProject-AnimalGestioneProjectUITests/Pods-AnimalGestioneProject-AnimalGestioneProjectUITests-resources-${CONFIGURATION}-input-files.xcfilelist",
			);
			inputPaths = (
			);
			name = "[CP] Copy Pods Resources";
			outputFileListPaths = (
				"${PODS_ROOT}/Target Support Files/Pods-AnimalGestioneProject-AnimalGestioneProjectUITests/Pods-AnimalGestioneProject-AnimalGestioneProjectUITests-resources-${CONFIGURATION}-output-files.xcfilelist",
			);
			outputPaths = (
			);
			runOnlyForDeploymentPostprocessing = 0;
			shellPath = /bin/sh;
			shellScript = "\"${PODS_ROOT}/Target Support Files/Pods-AnimalGestioneProject-AnimalGestioneProjectUITests/Pods-AnimalGestioneProject-AnimalGestioneProjectUITests-resources.sh\"\n";
			showEnvVarsInLog = 0;
		};
		CCB3B285D811E0563F4044E1 /* [CP] Check Pods Manifest.lock */ = {
			isa = PBXShellScriptBuildPhase;
			buildActionMask = 2147483647;
			files = (
			);
			inputFileListPaths = (
			);
			inputPaths = (
				"${PODS_PODFILE_DIR_PATH}/Podfile.lock",
				"${PODS_ROOT}/Manifest.lock",
			);
			name = "[CP] Check Pods Manifest.lock";
			outputFileListPaths = (
			);
			outputPaths = (
				"$(DERIVED_FILE_DIR)/Pods-AnimalGestioneProjectTests-checkManifestLockResult.txt",
			);
			runOnlyForDeploymentPostprocessing = 0;
			shellPath = /bin/sh;
			shellScript = "diff \"${PODS_PODFILE_DIR_PATH}/Podfile.lock\" \"${PODS_ROOT}/Manifest.lock\" > /dev/null\nif [ $? != 0 ] ; then\n    # print error to STDERR\n    echo \"error: The sandbox is not in sync with the Podfile.lock. Run 'pod install' or update your CocoaPods installation.\" >&2\n    exit 1\nfi\n# This output is used by Xcode 'outputs' to avoid re-running this script phase.\necho \"SUCCESS\" > \"${SCRIPT_OUTPUT_FILE_0}\"\n";
			showEnvVarsInLog = 0;
		};
/* End PBXShellScriptBuildPhase section */

/* Begin PBXSourcesBuildPhase section */
		28FD31CD2BB733BD005D407E /* Sources */ = {
			isa = PBXSourcesBuildPhase;
			buildActionMask = 2147483647;
			files = (
				289AAEC82DD3C75300D5F04E /* HealthChartView.swift in Sources */,
				289AAEC92DD3C75300D5F04E /* EditAnimalView.swift in Sources */,
				289AAECA2DD3C75300D5F04E /* DataManagementView.swift in Sources */,
				289AAECB2DD3C75300D5F04E /* AnimalDataStore.swift in Sources */,
				289AAECC2DD3C75300D5F04E /* GroomingRecordView.swift in Sources */,
				289AAECD2DD3C75300D5F04E /* OtherRecord.swift in Sources */,
				289AAECE2DD3C75300D5F04E /* CSVDataExportManager.swift in Sources */,
				289AAECF2DD3C75300D5F04E /* IntegratedSupportView.swift in Sources */,
				289AAED02DD3C75300D5F04E /* NotificationsListView.swift in Sources */,
				289AAED12DD3C75300D5F04E /* EnhancedCalendarView.swift in Sources */,
				289AAED22DD3C75300D5F04E /* GroomingRecord.swift in Sources */,
				289AAED32DD3C75300D5F04E /* SplashScreen.swift in Sources */,
				289AAED42DD3C75300D5F04E /* DebugDataExport.swift in Sources */,
				289AAED52DD3C75300D5F04E /* SubscriptionProduct.swift in Sources */,
				289AAED62DD3C75300D5F04E /* HealthRecordView.swift in Sources */,
				289AAED72DD3C75300D5F04E /* VaccineRecordView.swift in Sources */,
				289AAED82DD3C75300D5F04E /* ContactViews.swift in Sources */,
				289AAED92DD3C75300D5F04E /* SupportView.swift in Sources */,
				289AAEDA2DD3C75300D5F04E /* FAQViews.swift in Sources */,
				289AAEDB2DD3C75300D5F04E /* SupportURLView.swift in Sources */,
				289AAEDC2DD3C75300D5F04E /* NotificationManager.swift in Sources */,
				289AAEDD2DD3C75300D5F04E /* EnhancedAnimalListView.swift in Sources */,
				289AAEDE2DD3C75300D5F04E /* Color+Extensions.swift in Sources */,
				289AAEDF2DD3C75300D5F04E /* EmbeddedPrivacyPolicyView.swift in Sources */,
				289AAEE02DD3C75300D5F04E /* CoreDataStore.swift in Sources */,
				289AAEE12DD3C75300D5F04E /* AdConfig.swift in Sources */,
				289AAEE22DD3C75300D5F04E /* RewardedFeatureView.swift in Sources */,
				289AAEE32DD3C75300D5F04E /* InAppPurchaseManager.swift in Sources */,
				289AAEE42DD3C75300D5F04E /* PremiumPurchaseView.swift in Sources */,
				289AAEE52DD3C75300D5F04E /* SearchBar.swift in Sources */,
				289AAEE62DD3C75300D5F04E /* PrivacyPolicyURLView.swift in Sources */,
				289AAEE72DD3C75300D5F04E /* AnimalGestione.xcdatamodeld in Sources */,
				289AAEE82DD3C75300D5F04E /* PhysiologicalCycleView.swift in Sources */,
				289AAEE92DD3C75300D5F04E /* EnhancedContentView.swift in Sources */,
				289AAEEA2DD3C75300D5F04E /* AnimalModel.swift in Sources */,
				289AAEEB2DD3C75300D5F04E /* PrivacyPolicyConsentView.swift in Sources */,
				289AAEEC2DD3C75300D5F04E /* BannerAdView.swift in Sources */,
				289AAEED2DD3C75300D5F04E /* RewardedAdManager.swift in Sources */,
				289AAEEE2DD3C75300D5F04E /* WeightRecord.swift in Sources */,
				289AAEEF2DD3C75300D5F04E /* MedicationRecord.swift in Sources */,
				289AAEF02DD3C75300D5F04E /* ImagePicker.swift in Sources */,
				289AAEF12DD3C75300D5F04E /* PremiumSubscriptionView.swift in Sources */,
				289AAEF22DD3C75300D5F04E /* ScheduleEditView.swift in Sources */,
				289AAEF32DD3C75300D5F04E /* GuideDetailView.swift in Sources */,
				289AAEF42DD3C75300D5F04E /* SimplePrivacyConsent.swift in Sources */,
				289AAEF52DD3C75300D5F04E /* DataExportImportManager.swift in Sources */,
				289AAEF62DD3C75300D5F04E /* SubscriptionManager.swift in Sources */,
				289AAEF72DD3C75300D5F04E /* AnimalGestioneProjectApp.swift in Sources */,
				289AAEF82DD3C75300D5F04E /* WeightRecordView.swift in Sources */,
				289AAEF92DD3C75300D5F04E /* CoreDataStore+Records.swift in Sources */,
				289AAEFA2DD3C75300D5F04E /* InterstitialAdManager.swift in Sources */,
				289AAEFB2DD3C75300D5F04E /* PrivacyPolicyView.swift in Sources */,
				289AAEFC2DD3C75300D5F04E /* AppSetupManager.swift in Sources */,
				289AAEFD2DD3C75300D5F04E /* PersistenceController.swift in Sources */,
				289AAEFE2DD3C75300D5F04E /* EnhancedHomeView.swift in Sources */,
				289AAEFF2DD3C75300D5F04E /* CheckupRecord.swift in Sources */,
				289AAF002DD3C75300D5F04E /* AddAnimalView.swift in Sources */,
				289AAF012DD3C75300D5F04E /* InlinePrivacyViews.swift in Sources */,
				289AAF022DD3C75300D5F04E /* URLProvider.swift in Sources */,
				289AAF032DD3C75300D5F04E /* AppDelegate.swift in Sources */,
				289AAF042DD3C75300D5F04E /* VaccineRecord.swift in Sources */,
				289AAF052DD3C75300D5F04E /* AdContainerView.swift in Sources */,
				289AAF062DD3C75300D5F04E /* SettingsView.swift in Sources */,
				289AAF072DD3C75300D5F04E /* AnimalModel+CoreData.swift in Sources */,
				289AAF082DD3C75300D5F04E /* CSVExportView.swift in Sources */,
				289AAF092DD3C75300D5F04E /* AnimalDetailView.swift in Sources */,
				289AAF0A2DD3C75300D5F04E /* AdManager.swift in Sources */,
				289AAF0C2DD3C75300D5F04E /* AnimalDetailView+ColorPicker.swift in Sources */,
				289AAF0D2DD3C75300D5F04E /* ColorPickerView.swift in Sources */,
			);
			runOnlyForDeploymentPostprocessing = 0;
		};
		28FD31DD2BB733BE005D407E /* Sources */ = {
			isa = PBXSourcesBuildPhase;
			buildActionMask = 2147483647;
			files = (
			);
			runOnlyForDeploymentPostprocessing = 0;
		};
		28FD31E72BB733BE005D407E /* Sources */ = {
			isa = PBXSourcesBuildPhase;
			buildActionMask = 2147483647;
			files = (
			);
			runOnlyForDeploymentPostprocessing = 0;
		};
/* End PBXSourcesBuildPhase section */

/* Begin PBXTargetDependency section */
		28FD31E32BB733BE005D407E /* PBXTargetDependency */ = {
			isa = PBXTargetDependency;
			target = 28FD31D02BB733BD005D407E /* AnimalGestioneProject */;
			targetProxy = 28FD31E22BB733BE005D407E /* PBXContainerItemProxy */;
		};
		28FD31ED2BB733BE005D407E /* PBXTargetDependency */ = {
			isa = PBXTargetDependency;
			target = 28FD31D02BB733BD005D407E /* AnimalGestioneProject */;
			targetProxy = 28FD31EC2BB733BE005D407E /* PBXContainerItemProxy */;
		};
/* End PBXTargetDependency section */

/* Begin XCBuildConfiguration section */
		28FD31F32BB733BE005D407E /* Debug */ = {
			isa = XCBuildConfiguration;
			buildSettings = {
				ALWAYS_SEARCH_USER_PATHS = NO;
				ASSETCATALOG_COMPILER_GENERATE_SWIFT_ASSET_SYMBOL_EXTENSIONS = YES;
				CLANG_ANALYZER_NONNULL = YES;
				CLANG_ANALYZER_NUMBER_OBJECT_CONVERSION = YES_AGGRESSIVE;
				CLANG_CXX_LANGUAGE_STANDARD = "gnu++20";
				CLANG_ENABLE_MODULES = YES;
				CLANG_ENABLE_OBJC_ARC = YES;
				CLANG_ENABLE_OBJC_WEAK = YES;
				CLANG_WARN_BLOCK_CAPTURE_AUTORELEASING = YES;
				CLANG_WARN_BOOL_CONVERSION = YES;
				CLANG_WARN_COMMA = YES;
				CLANG_WARN_CONSTANT_CONVERSION = YES;
				CLANG_WARN_DEPRECATED_OBJC_IMPLEMENTATIONS = YES;
				CLANG_WARN_DIRECT_OBJC_ISA_USAGE = YES_ERROR;
				CLANG_WARN_DOCUMENTATION_COMMENTS = YES;
				CLANG_WARN_EMPTY_BODY = YES;
				CLANG_WARN_ENUM_CONVERSION = YES;
				CLANG_WARN_INFINITE_RECURSION = YES;
				CLANG_WARN_INT_CONVERSION = YES;
				CLANG_WARN_NON_LITERAL_NULL_CONVERSION = YES;
				CLANG_WARN_OBJC_IMPLICIT_RETAIN_SELF = YES;
				CLANG_WARN_OBJC_LITERAL_CONVERSION = YES;
				CLANG_WARN_OBJC_ROOT_CLASS = YES_ERROR;
				CLANG_WARN_QUOTED_INCLUDE_IN_FRAMEWORK_HEADER = YES;
				CLANG_WARN_RANGE_LOOP_ANALYSIS = YES;
				CLANG_WARN_STRICT_PROTOTYPES = YES;
				CLANG_WARN_SUSPICIOUS_MOVE = YES;
				CLANG_WARN_UNGUARDED_AVAILABILITY = YES_AGGRESSIVE;
				CLANG_WARN_UNREACHABLE_CODE = YES;
				CLANG_WARN__DUPLICATE_METHOD_MATCH = YES;
				COPY_PHASE_STRIP = NO;
				DEBUG_INFORMATION_FORMAT = dwarf;
				ENABLE_STRICT_OBJC_MSGSEND = YES;
				ENABLE_TESTABILITY = YES;
				ENABLE_USER_SCRIPT_SANDBOXING = YES;
				GCC_C_LANGUAGE_STANDARD = gnu17;
				GCC_DYNAMIC_NO_PIC = NO;
				GCC_NO_COMMON_BLOCKS = YES;
				GCC_OPTIMIZATION_LEVEL = 0;
				GCC_PREPROCESSOR_DEFINITIONS = (
					"DEBUG=1",
					"$(inherited)",
				);
				GCC_WARN_64_TO_32_BIT_CONVERSION = YES;
				GCC_WARN_ABOUT_RETURN_TYPE = YES_ERROR;
				GCC_WARN_UNDECLARED_SELECTOR = YES;
				GCC_WARN_UNINITIALIZED_AUTOS = YES_AGGRESSIVE;
				GCC_WARN_UNUSED_FUNCTION = YES;
				GCC_WARN_UNUSED_VARIABLE = YES;
				IPHONEOS_DEPLOYMENT_TARGET = 17.2;
				LOCALIZATION_PREFERS_STRING_CATALOGS = YES;
				MTL_ENABLE_DEBUG_INFO = INCLUDE_SOURCE;
				MTL_FAST_MATH = YES;
				ONLY_ACTIVE_ARCH = YES;
				SDKROOT = iphoneos;
				SWIFT_ACTIVE_COMPILATION_CONDITIONS = "DEBUG $(inherited)";
				SWIFT_OPTIMIZATION_LEVEL = "-Onone";
			};
			name = Debug;
		};
		28FD31F42BB733BE005D407E /* Release */ = {
			isa = XCBuildConfiguration;
			buildSettings = {
				ALWAYS_SEARCH_USER_PATHS = NO;
				ASSETCATALOG_COMPILER_GENERATE_SWIFT_ASSET_SYMBOL_EXTENSIONS = YES;
				CLANG_ANALYZER_NONNULL = YES;
				CLANG_ANALYZER_NUMBER_OBJECT_CONVERSION = YES_AGGRESSIVE;
				CLANG_CXX_LANGUAGE_STANDARD = "gnu++20";
				CLANG_ENABLE_MODULES = YES;
				CLANG_ENABLE_OBJC_ARC = YES;
				CLANG_ENABLE_OBJC_WEAK = YES;
				CLANG_WARN_BLOCK_CAPTURE_AUTORELEASING = YES;
				CLANG_WARN_BOOL_CONVERSION = YES;
				CLANG_WARN_COMMA = YES;
				CLANG_WARN_CONSTANT_CONVERSION = YES;
				CLANG_WARN_DEPRECATED_OBJC_IMPLEMENTATIONS = YES;
				CLANG_WARN_DIRECT_OBJC_ISA_USAGE = YES_ERROR;
				CLANG_WARN_DOCUMENTATION_COMMENTS = YES;
				CLANG_WARN_EMPTY_BODY = YES;
				CLANG_WARN_ENUM_CONVERSION = YES;
				CLANG_WARN_INFINITE_RECURSION = YES;
				CLANG_WARN_INT_CONVERSION = YES;
				CLANG_WARN_NON_LITERAL_NULL_CONVERSION = YES;
				CLANG_WARN_OBJC_IMPLICIT_RETAIN_SELF = YES;
				CLANG_WARN_OBJC_LITERAL_CONVERSION = YES;
				CLANG_WARN_OBJC_ROOT_CLASS = YES_ERROR;
				CLANG_WARN_QUOTED_INCLUDE_IN_FRAMEWORK_HEADER = YES;
				CLANG_WARN_RANGE_LOOP_ANALYSIS = YES;
				CLANG_WARN_STRICT_PROTOTYPES = YES;
				CLANG_WARN_SUSPICIOUS_MOVE = YES;
				CLANG_WARN_UNGUARDED_AVAILABILITY = YES_AGGRESSIVE;
				CLANG_WARN_UNREACHABLE_CODE = YES;
				CLANG_WARN__DUPLICATE_METHOD_MATCH = YES;
				COPY_PHASE_STRIP = NO;
				DEBUG_INFORMATION_FORMAT = "dwarf-with-dsym";
				ENABLE_NS_ASSERTIONS = NO;
				ENABLE_STRICT_OBJC_MSGSEND = YES;
				ENABLE_USER_SCRIPT_SANDBOXING = YES;
				GCC_C_LANGUAGE_STANDARD = gnu17;
				GCC_NO_COMMON_BLOCKS = YES;
				GCC_WARN_64_TO_32_BIT_CONVERSION = YES;
				GCC_WARN_ABOUT_RETURN_TYPE = YES_ERROR;
				GCC_WARN_UNDECLARED_SELECTOR = YES;
				GCC_WARN_UNINITIALIZED_AUTOS = YES_AGGRESSIVE;
				GCC_WARN_UNUSED_FUNCTION = YES;
				GCC_WARN_UNUSED_VARIABLE = YES;
				IPHONEOS_DEPLOYMENT_TARGET = 17.2;
				LOCALIZATION_PREFERS_STRING_CATALOGS = YES;
				MTL_ENABLE_DEBUG_INFO = NO;
				MTL_FAST_MATH = YES;
				SDKROOT = iphoneos;
				SWIFT_COMPILATION_MODE = wholemodule;
				VALIDATE_PRODUCT = YES;
			};
			name = Release;
		};
		28FD31F62BB733BE005D407E /* Debug */ = {
			isa = XCBuildConfiguration;
			baseConfigurationReference = 8AA0CA6C9D4141C11A59550B /* Pods-AnimalGestioneProject.debug.xcconfig */;
			buildSettings = {
				ASSETCATALOG_COMPILER_APPICON_NAME = AppIcon;
				ASSETCATALOG_COMPILER_GLOBAL_ACCENT_COLOR_NAME = AccentColor;
				CODE_SIGN_STYLE = Automatic;
				CURRENT_PROJECT_VERSION = 1;
				DEVELOPMENT_ASSET_PATHS = "\"AnimalGestioneProject/Preview Content\"";
				DEVELOPMENT_TEAM = V47R62H7V3;
				ENABLE_PREVIEWS = YES;
				GENERATE_INFOPLIST_FILE = NO;
				INFOPLIST_FILE = "$(SRCROOT)/AnimalGestioneProject/Info.plist";
				INFOPLIST_KEY_UIApplicationSceneManifest_Generation = YES;
				INFOPLIST_KEY_UIApplicationSupportsIndirectInputEvents = YES;
				INFOPLIST_KEY_UILaunchScreen_Generation = YES;
				INFOPLIST_KEY_UISupportedInterfaceOrientations_iPad = "UIInterfaceOrientationPortrait UIInterfaceOrientationPortraitUpsideDown UIInterfaceOrientationLandscapeLeft UIInterfaceOrientationLandscapeRight";
				INFOPLIST_KEY_UISupportedInterfaceOrientations_iPhone = "UIInterfaceOrientationPortrait UIInterfaceOrientationLandscapeLeft UIInterfaceOrientationLandscapeRight";
				LD_RUNPATH_SEARCH_PATHS = (
					"$(inherited)",
					"@executable_path/Frameworks",
				);
				MARKETING_VERSION = 1.0;
				PRODUCT_BUNDLE_IDENTIFIER = Ks.AnimalGestioneProject;
				PRODUCT_NAME = "$(TARGET_NAME)";
				SWIFT_EMIT_LOC_STRINGS = YES;
				SWIFT_VERSION = 5.0;
				TARGETED_DEVICE_FAMILY = "1,2";
			};
			name = Debug;
		};
		28FD31F72BB733BE005D407E /* Release */ = {
			isa = XCBuildConfiguration;
			baseConfigurationReference = C460B614CA6BB135A14C028C /* Pods-AnimalGestioneProject.release.xcconfig */;
			buildSettings = {
				ASSETCATALOG_COMPILER_APPICON_NAME = AppIcon;
				ASSETCATALOG_COMPILER_GLOBAL_ACCENT_COLOR_NAME = AccentColor;
				CODE_SIGN_STYLE = Automatic;
				CURRENT_PROJECT_VERSION = 1;
				DEVELOPMENT_ASSET_PATHS = "\"AnimalGestioneProject/Preview Content\"";
				DEVELOPMENT_TEAM = V47R62H7V3;
				ENABLE_PREVIEWS = YES;
				GENERATE_INFOPLIST_FILE = NO;
				INFOPLIST_FILE = "$(SRCROOT)/AnimalGestioneProject/Info.plist";
				INFOPLIST_KEY_UIApplicationSceneManifest_Generation = YES;
				INFOPLIST_KEY_UIApplicationSupportsIndirectInputEvents = YES;
				INFOPLIST_KEY_UILaunchScreen_Generation = YES;
				INFOPLIST_KEY_UISupportedInterfaceOrientations_iPad = "UIInterfaceOrientationPortrait UIInterfaceOrientationPortraitUpsideDown UIInterfaceOrientationLandscapeLeft UIInterfaceOrientationLandscapeRight";
				INFOPLIST_KEY_UISupportedInterfaceOrientations_iPhone = "UIInterfaceOrientationPortrait UIInterfaceOrientationLandscapeLeft UIInterfaceOrientationLandscapeRight";
				LD_RUNPATH_SEARCH_PATHS = (
					"$(inherited)",
					"@executable_path/Frameworks",
				);
				MARKETING_VERSION = 1.0;
				PRODUCT_BUNDLE_IDENTIFIER = Ks.AnimalGestioneProject;
				PRODUCT_NAME = "$(TARGET_NAME)";
				SWIFT_EMIT_LOC_STRINGS = YES;
				SWIFT_VERSION = 5.0;
				TARGETED_DEVICE_FAMILY = "1,2";
			};
			name = Release;
		};
		28FD31F92BB733BE005D407E /* Debug */ = {
			isa = XCBuildConfiguration;
			baseConfigurationReference = 67BE3A616E48A669D9BC8FB0 /* Pods-AnimalGestioneProjectTests.debug.xcconfig */;
			buildSettings = {
				BUNDLE_LOADER = "$(TEST_HOST)";
				CODE_SIGN_STYLE = Automatic;
				CURRENT_PROJECT_VERSION = 1;
				DEVELOPMENT_TEAM = V47R62H7V3;
				GENERATE_INFOPLIST_FILE = YES;
				IPHONEOS_DEPLOYMENT_TARGET = 17.2;
				MARKETING_VERSION = 1.0;
				PRODUCT_BUNDLE_IDENTIFIER = Ks.AnimalGestioneProjectTests;
				PRODUCT_NAME = "$(TARGET_NAME)";
				SWIFT_EMIT_LOC_STRINGS = NO;
				SWIFT_VERSION = 5.0;
				TARGETED_DEVICE_FAMILY = "1,2";
				TEST_HOST = "$(BUILT_PRODUCTS_DIR)/AnimalGestioneProject.app/$(BUNDLE_EXECUTABLE_FOLDER_PATH)/AnimalGestioneProject";
			};
			name = Debug;
		};
		28FD31FA2BB733BE005D407E /* Release */ = {
			isa = XCBuildConfiguration;
			baseConfigurationReference = D7BD5662B3B360EA6743C6A8 /* Pods-AnimalGestioneProjectTests.release.xcconfig */;
			buildSettings = {
				BUNDLE_LOADER = "$(TEST_HOST)";
				CODE_SIGN_STYLE = Automatic;
				CURRENT_PROJECT_VERSION = 1;
				DEVELOPMENT_TEAM = V47R62H7V3;
				GENERATE_INFOPLIST_FILE = YES;
				IPHONEOS_DEPLOYMENT_TARGET = 17.2;
				MARKETING_VERSION = 1.0;
				PRODUCT_BUNDLE_IDENTIFIER = Ks.AnimalGestioneProjectTests;
				PRODUCT_NAME = "$(TARGET_NAME)";
				SWIFT_EMIT_LOC_STRINGS = NO;
				SWIFT_VERSION = 5.0;
				TARGETED_DEVICE_FAMILY = "1,2";
				TEST_HOST = "$(BUILT_PRODUCTS_DIR)/AnimalGestioneProject.app/$(BUNDLE_EXECUTABLE_FOLDER_PATH)/AnimalGestioneProject";
			};
			name = Release;
		};
		28FD31FC2BB733BE005D407E /* Debug */ = {
			isa = XCBuildConfiguration;
			baseConfigurationReference = 7DAF31EEA700901297C67B47 /* Pods-AnimalGestioneProject-AnimalGestioneProjectUITests.debug.xcconfig */;
			buildSettings = {
				CODE_SIGN_STYLE = Automatic;
				CURRENT_PROJECT_VERSION = 1;
				DEVELOPMENT_TEAM = V47R62H7V3;
				GENERATE_INFOPLIST_FILE = YES;
				MARKETING_VERSION = 1.0;
				PRODUCT_BUNDLE_IDENTIFIER = Ks.AnimalGestioneProjectUITests;
				PRODUCT_NAME = "$(TARGET_NAME)";
				SWIFT_EMIT_LOC_STRINGS = NO;
				SWIFT_VERSION = 5.0;
				TARGETED_DEVICE_FAMILY = "1,2";
				TEST_TARGET_NAME = AnimalGestioneProject;
			};
			name = Debug;
		};
		28FD31FD2BB733BE005D407E /* Release */ = {
			isa = XCBuildConfiguration;
			baseConfigurationReference = 2DE34C90300A551CE820A7BD /* Pods-AnimalGestioneProject-AnimalGestioneProjectUITests.release.xcconfig */;
			buildSettings = {
				CODE_SIGN_STYLE = Automatic;
				CURRENT_PROJECT_VERSION = 1;
				DEVELOPMENT_TEAM = V47R62H7V3;
				GENERATE_INFOPLIST_FILE = YES;
				MARKETING_VERSION = 1.0;
				PRODUCT_BUNDLE_IDENTIFIER = Ks.AnimalGestioneProjectUITests;
				PRODUCT_NAME = "$(TARGET_NAME)";
				SWIFT_EMIT_LOC_STRINGS = NO;
				SWIFT_VERSION = 5.0;
				TARGETED_DEVICE_FAMILY = "1,2";
				TEST_TARGET_NAME = AnimalGestioneProject;
			};
			name = Release;
		};
/* End XCBuildConfiguration section */

/* Begin XCConfigurationList section */
		28FD31CC2BB733BD005D407E /* Build configuration list for PBXProject "AnimalGestioneProject" */ = {
			isa = XCConfigurationList;
			buildConfigurations = (
				28FD31F32BB733BE005D407E /* Debug */,
				28FD31F42BB733BE005D407E /* Release */,
			);
			defaultConfigurationIsVisible = 0;
			defaultConfigurationName = Release;
		};
		28FD31F52BB733BE005D407E /* Build configuration list for PBXNativeTarget "AnimalGestioneProject" */ = {
			isa = XCConfigurationList;
			buildConfigurations = (
				28FD31F62BB733BE005D407E /* Debug */,
				28FD31F72BB733BE005D407E /* Release */,
			);
			defaultConfigurationIsVisible = 0;
			defaultConfigurationName = Release;
		};
		28FD31F82BB733BE005D407E /* Build configuration list for PBXNativeTarget "AnimalGestioneProjectTests" */ = {
			isa = XCConfigurationList;
			buildConfigurations = (
				28FD31F92BB733BE005D407E /* Debug */,
				28FD31FA2BB733BE005D407E /* Release */,
			);
			defaultConfigurationIsVisible = 0;
			defaultConfigurationName = Release;
		};
		28FD31FB2BB733BE005D407E /* Build configuration list for PBXNativeTarget "AnimalGestioneProjectUITests" */ = {
			isa = XCConfigurationList;
			buildConfigurations = (
				28FD31FC2BB733BE005D407E /* Debug */,
				28FD31FD2BB733BE005D407E /* Release */,
			);
			defaultConfigurationIsVisible = 0;
			defaultConfigurationName = Release;
		};
/* End XCConfigurationList section */

/* Begin XCVersionGroup section */
		289AAE6F2DD3C75300D5F04E /* AnimalGestione.xcdatamodeld */ = {
			isa = XCVersionGroup;
			children = (
				289AAEC72DD3C75300D5F04E /* AnimalGestione.xcdatamodel */,
			);
			currentVersion = 289AAEC72DD3C75300D5F04E /* AnimalGestione.xcdatamodel */;
			path = AnimalGestione.xcdatamodeld;
			sourceTree = "<group>";
			versionGroupType = wrapper.xcdatamodel;
		};
/* End XCVersionGroup section */
	};
	rootObject = 28FD31C92BB733BD005D407E /* Project object */;
}
